{
	"name": "@mcwv/line-ripple",
	"version": "0.16.0",
	"lockfileVersion": 1,
	"requires": true,
	"dependencies": {
		"@material/animation": {
			"version": "6.0.0",
			"resolved": "https://registry.npmjs.org/@material/animation/-/animation-6.0.0.tgz",
			"integrity": "sha512-BxlzXzQ5W2WtaEVV4/PqkTpKB5PfOUvPmr1EK8+xQ0ouMV4qiWuwBfnu7DgXF+cglpFP3T71uHVYmh6lMdi4vg==",
			"requires": {
				"tslib": "^1.9.3"
			}
		},
		"@material/base": {
			"version": "6.0.0",
			"resolved": "https://registry.npmjs.org/@material/base/-/base-6.0.0.tgz",
			"integrity": "sha512-S3rT7B9xa9IfHXIvYXYqbo6YVu9FWbFqTt1tMUCniizTRlpmHu9b5pmQ20f6mm3K3wAFD+crqsrtie2Y8h8r5g==",
			"requires": {
				"tslib": "^1.9.3"
			}
		},
		"@material/feature-targeting": {
			"version": "6.0.0",
			"resolved": "https://registry.npmjs.org/@material/feature-targeting/-/feature-targeting-6.0.0.tgz",
			"integrity": "sha512-REj9VJnqkGwpngffc/iHGPt8WTF27QFPWDD8VBNXaP+MmnpIu7V5q5JMoozKzG5uk+hVryzam1i2PJHztizDXg=="
		},
		"@material/line-ripple": {
			"version": "6.0.0",
			"resolved": "https://registry.npmjs.org/@material/line-ripple/-/line-ripple-6.0.0.tgz",
			"integrity": "sha512-LppQy+bnkAD+tyGOA6/GzE4/xBGRzvJNGJZe0OvClerBxM9yOtxd8Xa8VJ+ul1hTNR/OCB2HSTWNQq5fyqTQHg==",
			"requires": {
				"@material/animation": "^6.0.0",
				"@material/base": "^6.0.0",
				"@material/feature-targeting": "^6.0.0",
				"@material/theme": "^6.0.0",
				"tslib": "^1.9.3"
			}
		},
		"@material/theme": {
			"version": "6.0.0",
			"resolved": "https://registry.npmjs.org/@material/theme/-/theme-6.0.0.tgz",
			"integrity": "sha512-dViBx1lsidoQhVi/MYksTmDs8aUPj3mPVQIaBPtDRtqpIuWSwG7bCHoY8rG8FHRduPLpq3b1A4OwKHBd0RWVJw==",
			"requires": {
				"@material/feature-targeting": "^6.0.0"
			}
		},
		"tslib": {
			"version": "1.13.0",
			"resolved": "https://registry.npmjs.org/tslib/-/tslib-1.13.0.tgz",
			"integrity": "sha512-i/6DQjL8Xf3be4K/E6Wgpekn5Qasl1usyw++dAA35Ue5orEn65VIxOA+YvNNl9HV3qv70T7CNwjODHZrLwvd1Q=="
		}
	}
}
