{
	"name": "@mcwv/switch",
	"version": "0.14.0",
	"lockfileVersion": 1,
	"requires": true,
	"dependencies": {
		"@material/animation": {
			"version": "5.0.0",
			"resolved": "https://registry.npmjs.org/@material/animation/-/animation-5.0.0.tgz",
			"integrity": "sha512-z/l0i8eElEj9FJ/2UVqgSmwhvfbu+im64lDi3M5Giu3mhGAkN1A0galOTmckP9VudAvY75PUDFDCGealy3U7DQ==",
			"requires": {
				"tslib": "^1.9.3"
			}
		},
		"@material/base": {
			"version": "5.0.0",
			"resolved": "https://registry.npmjs.org/@material/base/-/base-5.0.0.tgz",
			"integrity": "sha512-1GO2xEBwpAZtXh5BhCIKsYSmpCbh2RZ7YEF3mD/2cPkoveqvlpwiqzLT9iiTtHawj2dbVp0IlAxkLQxgdwSMFQ==",
			"requires": {
				"tslib": "^1.9.3"
			}
		},
		"@material/density": {
			"version": "5.0.0",
			"resolved": "https://registry.npmjs.org/@material/density/-/density-5.0.0.tgz",
			"integrity": "sha512-K2TnVrSjS7muxcy3gxKsYsCFlZI3qGbG39jPziqHUcnJKCpilspBHRiUvRDyLeUPO/0KbWHJmVjdVsQbgY61hg=="
		},
		"@material/dom": {
			"version": "5.0.0",
			"resolved": "https://registry.npmjs.org/@material/dom/-/dom-5.0.0.tgz",
			"integrity": "sha512-Mhpt3Ib5l5pYEUjmKQ/sXIcdVdJPhM+uhcqbXha4UgXmD+qc/GrmnDE9GDTQq/WJ3nBjs9O4nIFuqwQTmUQjmQ==",
			"requires": {
				"tslib": "^1.9.3"
			}
		},
		"@material/elevation": {
			"version": "5.0.0",
			"resolved": "https://registry.npmjs.org/@material/elevation/-/elevation-5.0.0.tgz",
			"integrity": "sha512-56TEn4L4mku8LN408PJfYpSW22RfyrtZbGwJDVXX+HXKg5Ubm7Y01E9xn+XXQHgSgJqww6IumGOncMwtsJ+MuA==",
			"requires": {
				"@material/animation": "^5.0.0",
				"@material/base": "^5.0.0",
				"@material/feature-targeting": "^5.0.0",
				"@material/theme": "^5.0.0"
			}
		},
		"@material/feature-targeting": {
			"version": "5.0.0",
			"resolved": "https://registry.npmjs.org/@material/feature-targeting/-/feature-targeting-5.0.0.tgz",
			"integrity": "sha512-6XSuTdrjA7XNqEChpDI4+9aSNzoxvuaTFIAMykH7B9wpykvlINI972m9keVF5GW2+pIGmSIAtwv9z5L+sjnS1g=="
		},
		"@material/ripple": {
			"version": "5.0.0",
			"resolved": "https://registry.npmjs.org/@material/ripple/-/ripple-5.0.0.tgz",
			"integrity": "sha512-92kMA2FeXm/bX0vY/SH3DLtE88ARelxtjqZq01whzsqo3ngEiZDUqr0+tJ1WvsXSiJ50VI5mtz3wxjnd0hzhwA==",
			"requires": {
				"@material/animation": "^5.0.0",
				"@material/base": "^5.0.0",
				"@material/dom": "^5.0.0",
				"@material/feature-targeting": "^5.0.0",
				"@material/theme": "^5.0.0",
				"tslib": "^1.9.3"
			}
		},
		"@material/rtl": {
			"version": "5.0.0",
			"resolved": "https://registry.npmjs.org/@material/rtl/-/rtl-5.0.0.tgz",
			"integrity": "sha512-TyZWiQc7wNWWCSl56rGSbkzxXGYq76gjtDA95P6SgEGxge6Pqe1d1o5Dl2dRaszESGGGSC/XTuMZaAYu7fk4Eg=="
		},
		"@material/switch": {
			"version": "5.0.0",
			"resolved": "https://registry.npmjs.org/@material/switch/-/switch-5.0.0.tgz",
			"integrity": "sha512-OFLOzdCp6a4NlL6tKbqf8/9Iniy+EjO3NT4i63y0xDPgIrBPxOgWUvxlpF2ysZNghx1QcMzwgsDp4oBRrVwMRg==",
			"requires": {
				"@material/animation": "^5.0.0",
				"@material/base": "^5.0.0",
				"@material/density": "^5.0.0",
				"@material/dom": "^5.0.0",
				"@material/elevation": "^5.0.0",
				"@material/feature-targeting": "^5.0.0",
				"@material/ripple": "^5.0.0",
				"@material/rtl": "^5.0.0",
				"@material/theme": "^5.0.0",
				"tslib": "^1.9.3"
			}
		},
		"@material/theme": {
			"version": "5.0.0",
			"resolved": "https://registry.npmjs.org/@material/theme/-/theme-5.0.0.tgz",
			"integrity": "sha512-YBHxiAvT2ACIQ2VM6zeZ4mhq+lgYFAxB0CUX54o7/mqO4E/uZzyzPsyU85KtCeNuEJCP+a0cxN/aqIgLF9/BRA==",
			"requires": {
				"@material/feature-targeting": "^5.0.0"
			}
		},
		"@mcwv/base": {
			"version": "0.14.0",
			"resolved": "https://registry.npmjs.org/@mcwv/base/-/base-0.14.0.tgz",
			"integrity": "sha512-arUFpPlbRrmO/TDAA4FZK8CiyuSatGUWJj9ObnFFGBdtCNUQOZmQ/UYhTnaddjD+mT4MRWHAI0ldPLTXEnAdbw=="
		},
		"@mcwv/ripple": {
			"version": "0.14.0",
			"resolved": "https://registry.npmjs.org/@mcwv/ripple/-/ripple-0.14.0.tgz",
			"integrity": "sha512-OfsR1u90wyCYfeAZYQULBL/fRt02nw/+KNiIXGo1u2603ApZqaZHhvYh/6sdbi4eTu8Epo9uB5PpapOuh37/tQ==",
			"requires": {
				"@material/dom": "^4.0.0",
				"@material/ripple": "^4.0.0",
				"@mcwv/base": "^0.14.0"
			},
			"dependencies": {
				"@material/animation": {
					"version": "4.0.0",
					"resolved": "https://registry.npmjs.org/@material/animation/-/animation-4.0.0.tgz",
					"integrity": "sha512-IfzXzstWdtKQcsNWu+s2Hpz5dBwkTHtgtzoesr+FC7TqENH+SJdsF1ntnZI1XVi2C9ZlBf7f4BSmXpWHD0MIlw==",
					"requires": {
						"tslib": "^1.9.3"
					}
				},
				"@material/base": {
					"version": "4.0.0",
					"resolved": "https://registry.npmjs.org/@material/base/-/base-4.0.0.tgz",
					"integrity": "sha512-vHm7fkqXzjdfxifXvlmaZColoIfKuWmO+1rvdzDORTWP+A8Dq70cgKd2I1SBqxzDGjOasMzHbQI6f9MISQf2vQ==",
					"requires": {
						"tslib": "^1.9.3"
					}
				},
				"@material/dom": {
					"version": "4.0.0",
					"resolved": "https://registry.npmjs.org/@material/dom/-/dom-4.0.0.tgz",
					"integrity": "sha512-GRCJT9+PGWqygZwGf1XLTrbmzP35YWG7+T0hpfhoIJO8VDiMTeyfvhJXFuA2wh9pD0noEjte0lmbdBlykrbWZw==",
					"requires": {
						"tslib": "^1.9.3"
					}
				},
				"@material/feature-targeting": {
					"version": "4.0.0",
					"resolved": "https://registry.npmjs.org/@material/feature-targeting/-/feature-targeting-4.0.0.tgz",
					"integrity": "sha512-0gk+f151vqmEdWkrQ9ocPlQRU9aUtSGsVBhletqIbsthLUsZIz9qk25FHjV1wHd/bGHknd9NH+T8ENprv3KLFg=="
				},
				"@material/ripple": {
					"version": "4.0.0",
					"resolved": "https://registry.npmjs.org/@material/ripple/-/ripple-4.0.0.tgz",
					"integrity": "sha512-9BLIOvyCP5sM+fQpLlcJZWyrHguusJq8E5A1pxg0wQwputOyaPBM7recHhYkJmVjzRpTcPgf1PkvkpN6DKGcNg==",
					"requires": {
						"@material/animation": "^4.0.0",
						"@material/base": "^4.0.0",
						"@material/dom": "^4.0.0",
						"@material/feature-targeting": "^4.0.0",
						"@material/theme": "^4.0.0",
						"tslib": "^1.9.3"
					}
				},
				"@material/theme": {
					"version": "4.0.0",
					"resolved": "https://registry.npmjs.org/@material/theme/-/theme-4.0.0.tgz",
					"integrity": "sha512-vS4G4rusJTatTH50kSYO1U3UGN8EY9kGRvPaFsEFKikJBOqcR6KWK9H9/wCLqqd6nDNifEj9H2sdWw1AV4NA6Q==",
					"requires": {
						"@material/feature-targeting": "^4.0.0"
					}
				}
			}
		},
		"tslib": {
			"version": "1.10.0",
			"resolved": "https://registry.npmjs.org/tslib/-/tslib-1.10.0.tgz",
			"integrity": "sha512-qOebF53frne81cf0S9B41ByenJ3/IuH8yJKngAX35CmiZySA0khhkovshKK+jGCaMnVomla7gVlIcc3EvKPbTQ=="
		}
	}
}
