{
	"name": "@mcwv/linear-progress",
	"version": "0.9.0",
	"lockfileVersion": 1,
	"requires": true,
	"dependencies": {
		"@material/animation": {
			"version": "3.0.0",
			"resolved": "https://registry.npmjs.org/@material/animation/-/animation-3.0.0.tgz",
			"integrity": "sha512-DMydZC9A3S0ACSciYqNAl4koNG6N366zU1n0dZQQH6UT0BM2UHrTY5SWSFTIgwULgN7ZQqmuigeGS8DB2efAtA==",
			"requires": {
				"tslib": "^1.9.3"
			}
		},
		"@material/base": {
			"version": "3.0.0",
			"resolved": "https://registry.npmjs.org/@material/base/-/base-3.0.0.tgz",
			"integrity": "sha512-ZCHKBFOoxLCmxutqcY0PKrilku16hj4e/hu1XPVOpwv+Ij2ill2Wvf2/khaZm1Y4We4wVygbnT/ILYpxx1GflQ==",
			"requires": {
				"tslib": "^1.9.3"
			}
		},
		"@material/feature-targeting": {
			"version": "3.0.0",
			"resolved": "https://registry.npmjs.org/@material/feature-targeting/-/feature-targeting-3.0.0.tgz",
			"integrity": "sha512-h7Xf+5nPKk8q50pL4zk1oEzJ3aPbKohlww1yKENUAKDW/O2hOj8HW3i4mePWd56j1Kr1/YPoVBGCdLkw4X8ZhA=="
		},
		"@material/linear-progress": {
			"version": "3.0.0",
			"resolved": "https://registry.npmjs.org/@material/linear-progress/-/linear-progress-3.0.0.tgz",
			"integrity": "sha512-zbqwBinkOyvfQtLm6U331d61dIu+STnwEa0fUH/vYTbf6iKvBK1AaAYVpy2Yv34RvWINDzcvPaOHRXk/vNm7PA==",
			"requires": {
				"@material/animation": "^3.0.0",
				"@material/base": "^3.0.0",
				"@material/theme": "^3.0.0",
				"tslib": "^1.9.3"
			}
		},
		"@material/theme": {
			"version": "3.0.0",
			"resolved": "https://registry.npmjs.org/@material/theme/-/theme-3.0.0.tgz",
			"integrity": "sha512-X8pto0fvKNVJ1ve1Kl18vOlFe7H3V/8ngDdM5iRvgZchWc3GKxKQU/QqIQJNPxkGLSfBdyPJ6c6pubOpAgEFSA==",
			"requires": {
				"@material/feature-targeting": "^3.0.0"
			}
		},
		"@mcwv/base": {
			"version": "0.9.0",
			"resolved": "https://registry.npmjs.org/@mcwv/base/-/base-0.9.0.tgz",
			"integrity": "sha512-rhNt+ho4Dwm5Io43kyDCSrVVb0McJx8IfiEKTgrCShamDpcf2nPqDSDczrcGnK/AhgbssutJN/93E9hz+EFGjA=="
		},
		"tslib": {
			"version": "1.10.0",
			"resolved": "https://registry.npmjs.org/tslib/-/tslib-1.10.0.tgz",
			"integrity": "sha512-qOebF53frne81cf0S9B41ByenJ3/IuH8yJKngAX35CmiZySA0khhkovshKK+jGCaMnVomla7gVlIcc3EvKPbTQ=="
		}
	}
}
