{
	"name": "@mcwv/linear-progress",
	"version": "0.15.0",
	"lockfileVersion": 1,
	"requires": true,
	"dependencies": {
		"@material/animation": {
			"version": "5.0.0",
			"resolved": "https://registry.npmjs.org/@material/animation/-/animation-5.0.0.tgz",
			"integrity": "sha512-z/l0i8eElEj9FJ/2UVqgSmwhvfbu+im64lDi3M5Giu3mhGAkN1A0galOTmckP9VudAvY75PUDFDCGealy3U7DQ==",
			"requires": {
				"tslib": "^1.9.3"
			}
		},
		"@material/base": {
			"version": "5.0.0",
			"resolved": "https://registry.npmjs.org/@material/base/-/base-5.0.0.tgz",
			"integrity": "sha512-1GO2xEBwpAZtXh5BhCIKsYSmpCbh2RZ7YEF3mD/2cPkoveqvlpwiqzLT9iiTtHawj2dbVp0IlAxkLQxgdwSMFQ==",
			"requires": {
				"tslib": "^1.9.3"
			}
		},
		"@material/feature-targeting": {
			"version": "5.0.0",
			"resolved": "https://registry.npmjs.org/@material/feature-targeting/-/feature-targeting-5.0.0.tgz",
			"integrity": "sha512-6XSuTdrjA7XNqEChpDI4+9aSNzoxvuaTFIAMykH7B9wpykvlINI972m9keVF5GW2+pIGmSIAtwv9z5L+sjnS1g=="
		},
		"@material/linear-progress": {
			"version": "5.0.0",
			"resolved": "https://registry.npmjs.org/@material/linear-progress/-/linear-progress-5.0.0.tgz",
			"integrity": "sha512-sOAcV1ClI95yhPeSbYjXUwHfitCZIIeQAa+B2K5gsPjdR4KLnzJ8naaNrEkxokvudK+Vq5ahznn5iCUGmDfDrA==",
			"requires": {
				"@material/animation": "^5.0.0",
				"@material/base": "^5.0.0",
				"@material/feature-targeting": "^5.0.0",
				"@material/progress-indicator": "^5.0.0",
				"@material/theme": "^5.0.0",
				"tslib": "^1.9.3"
			}
		},
		"@material/progress-indicator": {
			"version": "5.0.0",
			"resolved": "https://registry.npmjs.org/@material/progress-indicator/-/progress-indicator-5.0.0.tgz",
			"integrity": "sha512-qZzOD6I8GB3WPYCor3UqC4l4tULQ8/wuGdbD4RdA8kUV/t3uqYky/dQ2roFISgdrf4ckZtM+Ym8cZ3KcngtuiA==",
			"requires": {
				"tslib": "^1.9.3"
			}
		},
		"@material/theme": {
			"version": "5.0.0",
			"resolved": "https://registry.npmjs.org/@material/theme/-/theme-5.0.0.tgz",
			"integrity": "sha512-YBHxiAvT2ACIQ2VM6zeZ4mhq+lgYFAxB0CUX54o7/mqO4E/uZzyzPsyU85KtCeNuEJCP+a0cxN/aqIgLF9/BRA==",
			"requires": {
				"@material/feature-targeting": "^5.0.0"
			}
		},
		"tslib": {
			"version": "1.11.0",
			"resolved": "https://registry.npmjs.org/tslib/-/tslib-1.11.0.tgz",
			"integrity": "sha512-BmndXUtiTn/VDDrJzQE7Mm22Ix3PxgLltW9bSNLoeCY31gnG2OPx0QqJnuc9oMIKioYrz487i6K9o4Pdn0j+Kg=="
		}
	}
}
