{
  "name": "vue-material-adapter",
  "version": "0.9.0",
  "lockfileVersion": 1,
  "requires": true,
  "dependencies": {
    "@material/animation": {
      "version": "1.0.0",
      "resolved": "https://registry.npmjs.org/@material/animation/-/animation-1.0.0.tgz",
      "integrity": "sha512-Ed5/vggn6ZhSJ87yn3ZS1d826VJNFz73jHF2bSsgRtHDoB8KCuOwQMfdgAgDa4lKDF6CDIPCKBZPKrs2ubehdw==",
      "requires": {
        "tslib": "^1.9.3"
      }
    },
    "@material/base": {
      "version": "1.0.0",
      "resolved": "https://registry.npmjs.org/@material/base/-/base-1.0.0.tgz",
      "integrity": "sha512-5dxFp46x5FA+Epg6YHLzN+5zRt9S2wR84UdvVAEJ1egea94m9UHUg7y9tAnNSN16aexRSywmzyLwPr+i8PGEYA==",
      "requires": {
        "tslib": "^1.9.3"
      }
    },
    "@material/button": {
      "version": "2.3.0",
      "resolved": "https://registry.npmjs.org/@material/button/-/button-2.3.0.tgz",
      "integrity": "sha512-xFyZjm0pmisfSU6OHO3Wk2zZX51N9D0DohmaPoXnZt2unfD8bCwRmlmD7TTUQCLnuBoIaqrYShpcRTGp4K5dMw==",
      "requires": {
        "@material/elevation": "^1.1.0",
        "@material/feature-targeting": "^0.44.1",
        "@material/ripple": "^2.3.0",
        "@material/rtl": "^0.42.0",
        "@material/shape": "^1.1.1",
        "@material/theme": "^1.1.0",
        "@material/typography": "^2.3.0"
      }
    },
    "@material/card": {
      "version": "2.3.0",
      "resolved": "https://registry.npmjs.org/@material/card/-/card-2.3.0.tgz",
      "integrity": "sha512-udVIanyz3KhZ8IfZjX2Yg+YJxU+oYdP9RbCM3hl7l1aqvNr8WSAy/YZ60Ue54fuN+0CpXiNpz1J8GyDktUZKKg==",
      "requires": {
        "@material/elevation": "^1.1.0",
        "@material/feature-targeting": "^0.44.1",
        "@material/ripple": "^2.3.0",
        "@material/rtl": "^0.42.0",
        "@material/shape": "^1.1.1",
        "@material/theme": "^1.1.0"
      }
    },
    "@material/checkbox": {
      "version": "2.3.0",
      "resolved": "https://registry.npmjs.org/@material/checkbox/-/checkbox-2.3.0.tgz",
      "integrity": "sha512-ejDn0CyXITF8mKcBZHCLa0fc0a/agej9o4viMLOXXkUIfOY3NJuY11MyZ07MxAgin11NK9HpUX7cIxu3upV+6w==",
      "requires": {
        "@material/animation": "^1.0.0",
        "@material/base": "^1.0.0",
        "@material/dom": "^1.1.0",
        "@material/feature-targeting": "^0.44.1",
        "@material/ripple": "^2.3.0",
        "@material/rtl": "^0.42.0",
        "@material/theme": "^1.1.0",
        "tslib": "^1.9.3"
      }
    },
    "@material/chips": {
      "version": "2.3.0",
      "resolved": "https://registry.npmjs.org/@material/chips/-/chips-2.3.0.tgz",
      "integrity": "sha512-jIyThwx3Ax8mFQSmNtfMsI66zJINPis1zZ5LBFTEDN2+iEf7KUgnke8UmQzQac4fPkdZQpsXuiUrMNe4PGf8iA==",
      "requires": {
        "@material/animation": "^1.0.0",
        "@material/base": "^1.0.0",
        "@material/checkbox": "^2.3.0",
        "@material/elevation": "^1.1.0",
        "@material/feature-targeting": "^0.44.1",
        "@material/ripple": "^2.3.0",
        "@material/shape": "^1.1.1",
        "@material/theme": "^1.1.0",
        "@material/typography": "^2.3.0",
        "tslib": "^1.9.3"
      }
    },
    "@material/dialog": {
      "version": "2.3.0",
      "resolved": "https://registry.npmjs.org/@material/dialog/-/dialog-2.3.0.tgz",
      "integrity": "sha512-T0xEKUW4uY5ZK7S92bdCVjFo9naasTRFNTXccIk+lBkbUlTsCOJMtix+dSJcj8ba8NOZjjq7phfAQqnNKUOhvg==",
      "requires": {
        "@material/animation": "^1.0.0",
        "@material/base": "^1.0.0",
        "@material/dom": "^1.1.0",
        "@material/elevation": "^1.1.0",
        "@material/feature-targeting": "^0.44.1",
        "@material/ripple": "^2.3.0",
        "@material/rtl": "^0.42.0",
        "@material/shape": "^1.1.1",
        "@material/theme": "^1.1.0",
        "@material/typography": "^2.3.0",
        "focus-trap": "^5.0.0",
        "tslib": "^1.9.3"
      }
    },
    "@material/dom": {
      "version": "1.1.0",
      "resolved": "https://registry.npmjs.org/@material/dom/-/dom-1.1.0.tgz",
      "integrity": "sha512-+HWW38ZaM2UBPu4+7QCusLDSf4tFT31rsEXHkTkxYSg/QpDivfPx6YDz4OmYtafmhPR1d1YjqB3MYysUHdodyw==",
      "requires": {
        "tslib": "^1.9.3"
      }
    },
    "@material/drawer": {
      "version": "2.3.0",
      "resolved": "https://registry.npmjs.org/@material/drawer/-/drawer-2.3.0.tgz",
      "integrity": "sha512-BIrRLkqUO2SLkSRPWtXNwF4ZFmP1NOYynNelPZOdHZOIa6HcgmXzCL5p7hInJ5MDar/xMTA84CSO6Vf1byQwHA==",
      "requires": {
        "@material/animation": "^1.0.0",
        "@material/base": "^1.0.0",
        "@material/elevation": "^1.1.0",
        "@material/list": "^2.3.0",
        "@material/ripple": "^2.3.0",
        "@material/rtl": "^0.42.0",
        "@material/shape": "^1.1.1",
        "@material/theme": "^1.1.0",
        "@material/typography": "^2.3.0",
        "focus-trap": "^5.0.0",
        "tslib": "^1.9.3"
      }
    },
    "@material/elevation": {
      "version": "1.1.0",
      "resolved": "https://registry.npmjs.org/@material/elevation/-/elevation-1.1.0.tgz",
      "integrity": "sha512-m4eATJvDhWK1BT+yA1iHz5mhAk8cV9olC4mjVzm4PTAqhDH2yya4WzjN1HPVHE/a65ObyZ7V4qopxu9MRocm3A==",
      "requires": {
        "@material/animation": "^1.0.0",
        "@material/feature-targeting": "^0.44.1",
        "@material/theme": "^1.1.0"
      }
    },
    "@material/fab": {
      "version": "2.3.0",
      "resolved": "https://registry.npmjs.org/@material/fab/-/fab-2.3.0.tgz",
      "integrity": "sha512-XsRTbUMsH4pE/E8CkpAahwNywzwiz73nyBC0YxhzAxfHVO4oGwjcUsVlnFMSITj7K8aEyD/uMyAYwgISuAH83g==",
      "requires": {
        "@material/animation": "^1.0.0",
        "@material/elevation": "^1.1.0",
        "@material/feature-targeting": "^0.44.1",
        "@material/ripple": "^2.3.0",
        "@material/rtl": "^0.42.0",
        "@material/shape": "^1.1.1",
        "@material/theme": "^1.1.0",
        "@material/typography": "^2.3.0"
      }
    },
    "@material/feature-targeting": {
      "version": "0.44.1",
      "resolved": "https://registry.npmjs.org/@material/feature-targeting/-/feature-targeting-0.44.1.tgz",
      "integrity": "sha512-90cc7njn4aHbH9UxY8qgZth1W5JgOgcEdWdubH1t7sFkwqFxS5g3zgxSBt46TygFBVIXNZNq35Xmg80wgqO7Pg=="
    },
    "@material/floating-label": {
      "version": "2.3.0",
      "resolved": "https://registry.npmjs.org/@material/floating-label/-/floating-label-2.3.0.tgz",
      "integrity": "sha512-OYcNmf+mVzW+rphDgVkyWES+SbivA6Y2+0amVDD9E9X6hLjO+L1dtIP3rC7lp0Y2Ey9rkuRORsUoriFvN7xQQw==",
      "requires": {
        "@material/animation": "^1.0.0",
        "@material/base": "^1.0.0",
        "@material/rtl": "^0.42.0",
        "@material/theme": "^1.1.0",
        "@material/typography": "^2.3.0",
        "tslib": "^1.9.3"
      }
    },
    "@material/grid-list": {
      "version": "2.3.0",
      "resolved": "https://registry.npmjs.org/@material/grid-list/-/grid-list-2.3.0.tgz",
      "integrity": "sha512-7SrUnhXW2iA0voUUGrwYM0PVx+BK9fsgW8GPakIJFIsRO9ES0VafaOl9DQLsjB8q39jL1nYmwIf/CMfeAlN/dQ==",
      "requires": {
        "@material/base": "^1.0.0",
        "@material/feature-targeting": "^0.44.1",
        "@material/rtl": "^0.42.0",
        "@material/theme": "^1.1.0",
        "@material/typography": "^2.3.0",
        "tslib": "^1.9.3"
      }
    },
    "@material/icon-button": {
      "version": "2.3.0",
      "resolved": "https://registry.npmjs.org/@material/icon-button/-/icon-button-2.3.0.tgz",
      "integrity": "sha512-EZhdCn9a9livj9rGTUtDQ3UmF2zkAkaysWzgyDaGUih9rAbZThtGE68DhBWjBoe/+FDAOZ/vXnR23FdCsITmmw==",
      "requires": {
        "@material/base": "^1.0.0",
        "@material/feature-targeting": "^0.44.1",
        "@material/ripple": "^2.3.0",
        "@material/theme": "^1.1.0",
        "tslib": "^1.9.3"
      }
    },
    "@material/layout-grid": {
      "version": "0.41.0",
      "resolved": "https://registry.npmjs.org/@material/layout-grid/-/layout-grid-0.41.0.tgz",
      "integrity": "sha512-Sa5RNoTGgfIojqJ9E94p7/k11V6q/tGk7HwKi4AQNAPjxield0zcl3G/SbsSb8YSHoK+D+7OXDN+n11x6EqF7g=="
    },
    "@material/line-ripple": {
      "version": "2.3.0",
      "resolved": "https://registry.npmjs.org/@material/line-ripple/-/line-ripple-2.3.0.tgz",
      "integrity": "sha512-gDjUlrM6P182ldY4CYiBMcdcUtch1DWd1osgp5STJXxth6ukRCNIdDigrKCHtyJKB8eXeNORwWs39xWZOGihbA==",
      "requires": {
        "@material/animation": "^1.0.0",
        "@material/base": "^1.0.0",
        "@material/theme": "^1.1.0",
        "tslib": "^1.9.3"
      }
    },
    "@material/linear-progress": {
      "version": "2.3.0",
      "resolved": "https://registry.npmjs.org/@material/linear-progress/-/linear-progress-2.3.0.tgz",
      "integrity": "sha512-GouSTtxMRpU2lpjhKXcKFTJOePkZoPZTnXN/o4PxUJFeGp9TJcDQwyz0+WcaLPJ/MmCsXZWXJzd+oBWVOkca+A==",
      "requires": {
        "@material/animation": "^1.0.0",
        "@material/base": "^1.0.0",
        "@material/theme": "^1.1.0",
        "tslib": "^1.9.3"
      }
    },
    "@material/list": {
      "version": "2.3.0",
      "resolved": "https://registry.npmjs.org/@material/list/-/list-2.3.0.tgz",
      "integrity": "sha512-uuHWXpaXvPuOaQtQXwrgNc+WTTwBSwU/es65KJJcGrpc/o8Q3mYwMepotMN7E7/L75Wxz2w6uejnoM3zGZfvqg==",
      "requires": {
        "@material/base": "^1.0.0",
        "@material/dom": "^1.1.0",
        "@material/feature-targeting": "^0.44.1",
        "@material/ripple": "^2.3.0",
        "@material/rtl": "^0.42.0",
        "@material/shape": "^1.1.1",
        "@material/theme": "^1.1.0",
        "@material/typography": "^2.3.0",
        "tslib": "^1.9.3"
      }
    },
    "@material/menu": {
      "version": "2.3.0",
      "resolved": "https://registry.npmjs.org/@material/menu/-/menu-2.3.0.tgz",
      "integrity": "sha512-XPI6w4x5c9ACwKBdujcTskBlisWlEgrb09Sa+s0vjhqBJVZVAUJT1j0OpG8tArNUqQiFssXBa/JuJIe6sMAK1A==",
      "requires": {
        "@material/base": "^1.0.0",
        "@material/feature-targeting": "^0.44.1",
        "@material/list": "^2.3.0",
        "@material/menu-surface": "^2.3.0",
        "@material/ripple": "^2.3.0",
        "@material/rtl": "^0.42.0",
        "tslib": "^1.9.3"
      }
    },
    "@material/menu-surface": {
      "version": "2.3.0",
      "resolved": "https://registry.npmjs.org/@material/menu-surface/-/menu-surface-2.3.0.tgz",
      "integrity": "sha512-jJ1MyeJnEJUO0Z7kNxvqN0xruWbTT2XKHCiApQcJHHkeibWfbWJdhXcx5aO4FMf/TVcy3ADSxDTdvc6AYrBX0g==",
      "requires": {
        "@material/animation": "^1.0.0",
        "@material/base": "^1.0.0",
        "@material/elevation": "^1.1.0",
        "@material/feature-targeting": "^0.44.1",
        "@material/rtl": "^0.42.0",
        "@material/shape": "^1.1.1",
        "@material/theme": "^1.1.0",
        "tslib": "^1.9.3"
      }
    },
    "@material/notched-outline": {
      "version": "2.3.0",
      "resolved": "https://registry.npmjs.org/@material/notched-outline/-/notched-outline-2.3.0.tgz",
      "integrity": "sha512-EDhpCGcMi1gW12qzXsdKHr6aYxa80s94tn9/G1r7eJu/BOVTYt20qjqoYQJE6i8XxcD1t5xcNdQ7StgGpk2MGA==",
      "requires": {
        "@material/animation": "^1.0.0",
        "@material/base": "^1.0.0",
        "@material/floating-label": "^2.3.0",
        "@material/rtl": "^0.42.0",
        "@material/shape": "^1.1.1",
        "@material/theme": "^1.1.0",
        "tslib": "^1.9.3"
      }
    },
    "@material/radio": {
      "version": "2.3.0",
      "resolved": "https://registry.npmjs.org/@material/radio/-/radio-2.3.0.tgz",
      "integrity": "sha512-l22cFvA/cZj/tsyDJVk1xayXGUTFFXp8yFe4SuGRW00/hNgGNF44rOSjN5H41iPU3oD1AreQL8r43fWW4eMH8w==",
      "requires": {
        "@material/animation": "^1.0.0",
        "@material/base": "^1.0.0",
        "@material/feature-targeting": "^0.44.1",
        "@material/ripple": "^2.3.0",
        "@material/theme": "^1.1.0",
        "tslib": "^1.9.3"
      }
    },
    "@material/ripple": {
      "version": "2.3.0",
      "resolved": "https://registry.npmjs.org/@material/ripple/-/ripple-2.3.0.tgz",
      "integrity": "sha512-ejXR0nstERofFhssRyFlwOLgebwm2uGbarHtWZ2/+7QY2Th/Z1wOqNb2h/WRoShsJXK11RUsochb6BJrg30u7w==",
      "requires": {
        "@material/animation": "^1.0.0",
        "@material/base": "^1.0.0",
        "@material/dom": "^1.1.0",
        "@material/feature-targeting": "^0.44.1",
        "@material/theme": "^1.1.0",
        "tslib": "^1.9.3"
      }
    },
    "@material/rtl": {
      "version": "0.42.0",
      "resolved": "https://registry.npmjs.org/@material/rtl/-/rtl-0.42.0.tgz",
      "integrity": "sha512-VrnrKJzhmspsN8WXHuxxBZ69yM5IwhCUqWr1t1eNfw3ZEvEj7i1g3P31HGowKThIN1dc1Wh4LE14rCISWCtv5w=="
    },
    "@material/select": {
      "version": "2.3.1",
      "resolved": "https://registry.npmjs.org/@material/select/-/select-2.3.1.tgz",
      "integrity": "sha512-0NLXp0G0eEFcXpO8VaqfBPBu8yUcXcgiWQwsusT2/ek9bA8eT/rzkwvcK++K9i9V3wTPcWPLz5tnZbPASHfGOw==",
      "requires": {
        "@material/animation": "^1.0.0",
        "@material/base": "^1.0.0",
        "@material/floating-label": "^2.3.0",
        "@material/line-ripple": "^2.3.0",
        "@material/menu": "^2.3.0",
        "@material/menu-surface": "^2.3.0",
        "@material/notched-outline": "^2.3.0",
        "@material/ripple": "^2.3.0",
        "@material/rtl": "^0.42.0",
        "@material/shape": "^1.1.1",
        "@material/theme": "^1.1.0",
        "@material/typography": "^2.3.0",
        "tslib": "^1.9.3"
      }
    },
    "@material/shape": {
      "version": "1.1.1",
      "resolved": "https://registry.npmjs.org/@material/shape/-/shape-1.1.1.tgz",
      "integrity": "sha512-Jge/h1XBLjdLlam4QMSzVgM99e/N8+elQROPkltqVP7eyLc17BwM3aP5cLVfZDgrJgvsjUxbgAP1H1j8sqmUyg==",
      "requires": {
        "@material/feature-targeting": "^0.44.1"
      }
    },
    "@material/slider": {
      "version": "2.3.0",
      "resolved": "https://registry.npmjs.org/@material/slider/-/slider-2.3.0.tgz",
      "integrity": "sha512-TlSwQ0d8ciD2qsZjrNrj0Qmw6AWlqkNJ3CrXVyqeaaL4JzS/oKKk7Ib83fJbwsSSeK6ipH3zGM7138R8OSj94g==",
      "requires": {
        "@material/animation": "^1.0.0",
        "@material/base": "^1.0.0",
        "@material/rtl": "^0.42.0",
        "@material/theme": "^1.1.0",
        "@material/typography": "^2.3.0",
        "tslib": "^1.9.3"
      }
    },
    "@material/snackbar": {
      "version": "2.3.0",
      "resolved": "https://registry.npmjs.org/@material/snackbar/-/snackbar-2.3.0.tgz",
      "integrity": "sha512-/ac/i6MXhIVvQAwJ20SCBFos2TZ66YUJRUfLH8C7UpH+ukbrZNohLwFzoVFOZtbGMOfS5jLzlVTI8LBNezng6Q==",
      "requires": {
        "@material/animation": "^1.0.0",
        "@material/base": "^1.0.0",
        "@material/button": "^2.3.0",
        "@material/dom": "^1.1.0",
        "@material/icon-button": "^2.3.0",
        "@material/ripple": "^2.3.0",
        "@material/rtl": "^0.42.0",
        "@material/shape": "^1.1.1",
        "@material/theme": "^1.1.0",
        "@material/typography": "^2.3.0",
        "tslib": "^1.9.3"
      }
    },
    "@material/switch": {
      "version": "2.3.0",
      "resolved": "https://registry.npmjs.org/@material/switch/-/switch-2.3.0.tgz",
      "integrity": "sha512-c21j5VJFUAoey1fPGZaQaRcFeXZcP6dPYewUgFdGURtHnbVHqVVf5GEAcnFsk2NuBN2mDqKLQ3AKbozIAi65hw==",
      "requires": {
        "@material/animation": "^1.0.0",
        "@material/base": "^1.0.0",
        "@material/dom": "^1.1.0",
        "@material/elevation": "^1.1.0",
        "@material/feature-targeting": "^0.44.1",
        "@material/ripple": "^2.3.0",
        "@material/rtl": "^0.42.0",
        "@material/theme": "^1.1.0",
        "tslib": "^1.9.3"
      }
    },
    "@material/tab": {
      "version": "2.3.0",
      "resolved": "https://registry.npmjs.org/@material/tab/-/tab-2.3.0.tgz",
      "integrity": "sha512-6AdTvTWndPnFC4R/cXo9yZa1M6AGUoeKKaDBaTi2/8cDT0Hmwf5dJTq/T2E0XPtXEW/cELmw7x7yYy3B7IpeQA==",
      "requires": {
        "@material/base": "^1.0.0",
        "@material/ripple": "^2.3.0",
        "@material/rtl": "^0.42.0",
        "@material/tab-indicator": "^2.3.0",
        "@material/theme": "^1.1.0",
        "@material/typography": "^2.3.0",
        "tslib": "^1.9.3"
      }
    },
    "@material/tab-bar": {
      "version": "2.3.0",
      "resolved": "https://registry.npmjs.org/@material/tab-bar/-/tab-bar-2.3.0.tgz",
      "integrity": "sha512-p+uDZrhwolnwsaY42kehEc8mbe5ekzjlZEsoCAJCN9AL8VnbsRSS/qePFllhz7roUGrH6AYmYYoHNw1Qx2XT+Q==",
      "requires": {
        "@material/base": "^1.0.0",
        "@material/elevation": "^1.1.0",
        "@material/tab": "^2.3.0",
        "@material/tab-scroller": "^2.3.0",
        "tslib": "^1.9.3"
      }
    },
    "@material/tab-indicator": {
      "version": "2.3.0",
      "resolved": "https://registry.npmjs.org/@material/tab-indicator/-/tab-indicator-2.3.0.tgz",
      "integrity": "sha512-E9jlESIfjTOoo2pZn7KoTeXEW2jI/2RVtu6IEbhfESLuxPGYmxgO+QxIodEW0VoJhogaa6hR/mFnYBVLbh3JZQ==",
      "requires": {
        "@material/animation": "^1.0.0",
        "@material/base": "^1.0.0",
        "@material/theme": "^1.1.0",
        "tslib": "^1.9.3"
      }
    },
    "@material/tab-scroller": {
      "version": "2.3.0",
      "resolved": "https://registry.npmjs.org/@material/tab-scroller/-/tab-scroller-2.3.0.tgz",
      "integrity": "sha512-WLAH6po+3SrMJSsnq056aBcLxNMg4TVGyST+TO/wdWOg6QYFSgrjaYpZQEJIkPO+W8Jt54xieI7GPoU5KYB7AA==",
      "requires": {
        "@material/animation": "^1.0.0",
        "@material/base": "^1.0.0",
        "@material/dom": "^1.1.0",
        "@material/tab": "^2.3.0",
        "tslib": "^1.9.3"
      }
    },
    "@material/textfield": {
      "version": "2.3.1",
      "resolved": "https://registry.npmjs.org/@material/textfield/-/textfield-2.3.1.tgz",
      "integrity": "sha512-4w/HyJjNUTnYwuLpOaYEDN45bdFkBcZLC3QfCn3I0B3qrbM1zcpmDUxG0DYyGj1oXCM/sDJXMk07u6CcXpJU5w==",
      "requires": {
        "@material/animation": "^1.0.0",
        "@material/base": "^1.0.0",
        "@material/dom": "^1.1.0",
        "@material/floating-label": "^2.3.0",
        "@material/line-ripple": "^2.3.0",
        "@material/notched-outline": "^2.3.0",
        "@material/ripple": "^2.3.0",
        "@material/rtl": "^0.42.0",
        "@material/shape": "^1.1.1",
        "@material/theme": "^1.1.0",
        "@material/typography": "^2.3.0",
        "tslib": "^1.9.3"
      }
    },
    "@material/theme": {
      "version": "1.1.0",
      "resolved": "https://registry.npmjs.org/@material/theme/-/theme-1.1.0.tgz",
      "integrity": "sha512-YYUV9Rhbx4r/EMb/zoOYJUWjhXChNaLlH1rqt3vpNVyxRcxGqoVMGp5u1XALBCFiD9dACPKLIkKyRYa928nmPQ==",
      "requires": {
        "@material/feature-targeting": "^0.44.1"
      }
    },
    "@material/top-app-bar": {
      "version": "2.3.0",
      "resolved": "https://registry.npmjs.org/@material/top-app-bar/-/top-app-bar-2.3.0.tgz",
      "integrity": "sha512-Y62htWToLGABuxHbFYZxHrR99uVAQa7kdlix7tB7h4J5C/SIIKe9plRMh5e0mqhGf006okrAS0h8J+6KM4hh0Q==",
      "requires": {
        "@material/animation": "^1.0.0",
        "@material/base": "^1.0.0",
        "@material/elevation": "^1.1.0",
        "@material/ripple": "^2.3.0",
        "@material/rtl": "^0.42.0",
        "@material/shape": "^1.1.1",
        "@material/theme": "^1.1.0",
        "@material/typography": "^2.3.0",
        "tslib": "^1.9.3"
      }
    },
    "@material/typography": {
      "version": "2.3.0",
      "resolved": "https://registry.npmjs.org/@material/typography/-/typography-2.3.0.tgz",
      "integrity": "sha512-NtWVVvwG9Te6/kuIl4fEwDcXGCS7mfPgo5CKPyxcK6y0hJHv6yRHpipJT9D4ZlXw0sQx9B33doOK7iYJtwBBZw==",
      "requires": {
        "@material/feature-targeting": "^0.44.1"
      }
    },
    "@mcwv/base": {
      "version": "0.9.0",
      "resolved": "https://registry.npmjs.org/@mcwv/base/-/base-0.9.0.tgz",
      "integrity": "sha512-rhNt+ho4Dwm5Io43kyDCSrVVb0McJx8IfiEKTgrCShamDpcf2nPqDSDczrcGnK/AhgbssutJN/93E9hz+EFGjA=="
    },
    "@mcwv/button": {
      "version": "0.9.0",
      "resolved": "https://registry.npmjs.org/@mcwv/button/-/button-0.9.0.tgz",
      "integrity": "sha512-wfPzuqFu4PZJJdA/OhRAH+LS4UE0b19sNcPW9c2AqLkTLK8wtIwpBMBxjGRhhiA7FRlML5auXSjSZT6B9To09A==",
      "requires": {
        "@material/button": "^2.3.0",
        "@mcwv/base": "^0.9.0",
        "@mcwv/ripple": "^0.9.0"
      }
    },
    "@mcwv/card": {
      "version": "0.9.0",
      "resolved": "https://registry.npmjs.org/@mcwv/card/-/card-0.9.0.tgz",
      "integrity": "sha512-1zI6he0W8yhxrTdCtO/KscEwTvlFKa7T7mB1fG1+vvqsE6leywLOxZFgY3j+g9zb2SaxYjFE6wvIWKFDkC0rbw==",
      "requires": {
        "@material/card": "^2.3.0",
        "@mcwv/base": "^0.9.0",
        "@mcwv/button": "^0.9.0",
        "@mcwv/ripple": "^0.9.0"
      }
    },
    "@mcwv/checkbox": {
      "version": "0.9.0",
      "resolved": "https://registry.npmjs.org/@mcwv/checkbox/-/checkbox-0.9.0.tgz",
      "integrity": "sha512-9/E5wDkGZfhQJ6v1flut/sdehJ0w/WJweX7vAITEVwwO2AnB8ukYetbr4/3evfqugLxZDWpLL1XvpmlukjshlQ==",
      "requires": {
        "@material/checkbox": "^2.3.0",
        "@mcwv/base": "^0.9.0",
        "@mcwv/ripple": "^0.9.0"
      }
    },
    "@mcwv/chips": {
      "version": "0.9.0",
      "resolved": "https://registry.npmjs.org/@mcwv/chips/-/chips-0.9.0.tgz",
      "integrity": "sha512-lRCqt0lS4Rr6nEprm/S3/dHRADwoYsReWhQVnMv3pfL0EXSAHITyUo2YDQ4yrpObQwdIuo+TrQS7o8ErdCaBLw==",
      "requires": {
        "@material/chips": "^2.3.0",
        "@mcwv/base": "^0.9.0",
        "@mcwv/ripple": "^0.9.0"
      }
    },
    "@mcwv/dialog": {
      "version": "0.9.0",
      "resolved": "https://registry.npmjs.org/@mcwv/dialog/-/dialog-0.9.0.tgz",
      "integrity": "sha512-3WpllYImhNrzkk48VcCj+rZm2FIYqdPGqDWScgxXOTmYrM3X9xvc2DBznyZmOGgqo/E/L3dpCT54GKLQIhzTgA==",
      "requires": {
        "@material/dialog": "^2.3.0",
        "@mcwv/base": "^0.9.0",
        "@mcwv/button": "^0.9.0"
      }
    },
    "@mcwv/drawer": {
      "version": "0.9.0",
      "resolved": "https://registry.npmjs.org/@mcwv/drawer/-/drawer-0.9.0.tgz",
      "integrity": "sha512-TzvqfpIVVpiunB5XenEHpM7njwDhnZhwMmXtSgddp0jAwy/zk21dcVVDTVe4au/Io2CH/EaTYFppqJiUT77Hpw==",
      "requires": {
        "@material/drawer": "^2.3.0",
        "@mcwv/base": "^0.9.0",
        "@mcwv/ripple": "^0.9.0"
      }
    },
    "@mcwv/fab": {
      "version": "0.9.0",
      "resolved": "https://registry.npmjs.org/@mcwv/fab/-/fab-0.9.0.tgz",
      "integrity": "sha512-GhJ2ZM7O613Rdge4t06aGdwBq3QnN1J0nLRVrFN+nIm+7zRkQSQDb5xt9iF1zLoh50z4q+SlIqFsdMWjFQKubQ==",
      "requires": {
        "@material/fab": "^2.3.0",
        "@mcwv/base": "^0.9.0",
        "@mcwv/ripple": "^0.9.0"
      }
    },
    "@mcwv/floating-label": {
      "version": "0.9.0",
      "resolved": "https://registry.npmjs.org/@mcwv/floating-label/-/floating-label-0.9.0.tgz",
      "integrity": "sha512-lnDgkpkWSHZMKQQHMLtR6GAhWP6SNQcV26g4ExL7nKHPv91bie96B+UYbqjqK4IyUD8z8xL+LYfU5mAmPb166w==",
      "requires": {
        "@material/floating-label": "^2.3.0",
        "@mcwv/base": "^0.9.0"
      }
    },
    "@mcwv/grid-list": {
      "version": "0.9.0",
      "resolved": "https://registry.npmjs.org/@mcwv/grid-list/-/grid-list-0.9.0.tgz",
      "integrity": "sha512-Mw0q7mQHAUTByw1VITdH7mDhKGezmBAWewjODrFQISLSHBa9RjMbGpVFFFWie2rqoDPNWm5Y57v8CROJ9AEw7g==",
      "requires": {
        "@material/grid-list": "^2.3.0",
        "@mcwv/base": "^0.9.0",
        "@mcwv/ripple": "^0.9.0"
      }
    },
    "@mcwv/icon-button": {
      "version": "0.9.0",
      "resolved": "https://registry.npmjs.org/@mcwv/icon-button/-/icon-button-0.9.0.tgz",
      "integrity": "sha512-pgircjnrbmyWY3+Pmz2LImJsR0ZMiBmDLwVrU0XRuWCbEYFf1FK+mnimIC5uOGKBwCFlCWe6VO9Yp2kPcWh2oQ==",
      "requires": {
        "@material/icon-button": "^2.3.0",
        "@mcwv/base": "^0.9.0",
        "@mcwv/ripple": "^0.9.0"
      }
    },
    "@mcwv/layout-grid": {
      "version": "0.9.0",
      "resolved": "https://registry.npmjs.org/@mcwv/layout-grid/-/layout-grid-0.9.0.tgz",
      "integrity": "sha512-0hZjNJLMsIs1vktxQ/vy1zU+NgnGZk5ULndh2pBibBAymgq3jTxB/q5S2TCkw4gNQCJVT/P3NVFSaiQLRRbPIA==",
      "requires": {
        "@material/layout-grid": "^0.41.0",
        "@mcwv/base": "^0.9.0"
      }
    },
    "@mcwv/line-ripple": {
      "version": "0.9.0",
      "resolved": "https://registry.npmjs.org/@mcwv/line-ripple/-/line-ripple-0.9.0.tgz",
      "integrity": "sha512-I/iNBITpMq9+7m+uLNPIU4/kblCGMOB05STuwUFmOHBvYSGLNWVl9K/aZvJD2+AZjDVyoewBs5PgiGj5XV4gaA==",
      "requires": {
        "@material/line-ripple": "^2.3.0",
        "@mcwv/base": "^0.9.0"
      }
    },
    "@mcwv/linear-progress": {
      "version": "0.9.0",
      "resolved": "https://registry.npmjs.org/@mcwv/linear-progress/-/linear-progress-0.9.0.tgz",
      "integrity": "sha512-l9pkhTSJF2NBybTeb0NO07Iurc+l9um40vyXKE96CjVZaccNINOxu632SICdEucot5OUBaXLYHtsvRkkmZJx3g==",
      "requires": {
        "@material/linear-progress": "^2.3.0",
        "@mcwv/base": "^0.9.0"
      }
    },
    "@mcwv/list": {
      "version": "0.9.0",
      "resolved": "https://registry.npmjs.org/@mcwv/list/-/list-0.9.0.tgz",
      "integrity": "sha512-N7scg5atMLWLLSqMIvdEYPsmZGylChkxJv4owSK3WYPZfCGbHItGZ3n4BQsVriBIf0cY/HfXFiC3/A9/tJ/N/g==",
      "requires": {
        "@material/list": "^2.3.0",
        "@mcwv/base": "^0.9.0",
        "@mcwv/ripple": "^0.9.0"
      }
    },
    "@mcwv/material-icon": {
      "version": "0.9.0",
      "resolved": "https://registry.npmjs.org/@mcwv/material-icon/-/material-icon-0.9.0.tgz",
      "integrity": "sha512-jbAovkES+YRjteB5SKlBWSiTweE6OTHuLs6uf6w/+gJcKSdkeUDd/IhUsptAjrrr8Re0f8xS2q0VA59uLJLFUg==",
      "requires": {
        "@mcwv/base": "^0.9.0",
        "@mcwv/ripple": "^0.9.0"
      }
    },
    "@mcwv/menu": {
      "version": "0.9.0",
      "resolved": "https://registry.npmjs.org/@mcwv/menu/-/menu-0.9.0.tgz",
      "integrity": "sha512-UpO2E4GWYB5fLD2ZB0qTj2VkzzTK+p3RyKcOV7QtYU+N2Rw1Q56tSbOo4q8AN6mbUz/qHMmY/z7sw5zjn5I0Og==",
      "requires": {
        "@material/menu": "^2.3.0",
        "@mcwv/base": "^0.9.0",
        "@mcwv/list": "^0.9.0",
        "@mcwv/ripple": "^0.9.0"
      }
    },
    "@mcwv/notched-outline": {
      "version": "0.9.0",
      "resolved": "https://registry.npmjs.org/@mcwv/notched-outline/-/notched-outline-0.9.0.tgz",
      "integrity": "sha512-yPKTYL71r99SXpexWbJC3oSyBitR1xgmE0lx2yX9froyZ5TTYqPIT3xbLMLqV0iBUGmM1JP30MsGxZTcIV7ckg==",
      "requires": {
        "@material/notched-outline": "^2.3.0",
        "@mcwv/base": "^0.9.0",
        "@mcwv/floating-label": "^0.9.0"
      }
    },
    "@mcwv/radio": {
      "version": "0.9.0",
      "resolved": "https://registry.npmjs.org/@mcwv/radio/-/radio-0.9.0.tgz",
      "integrity": "sha512-S6TnfMcdtVnDZu06DfmnLuqpHYSLjlNkQJVIH+zDCNK4k9joM/Mgr6Eu01RhE/Qvh1+vhAtnAOO2ku3+J/rIzQ==",
      "requires": {
        "@material/radio": "^2.3.0",
        "@mcwv/base": "^0.9.0",
        "@mcwv/ripple": "^0.9.0"
      }
    },
    "@mcwv/ripple": {
      "version": "0.9.0",
      "resolved": "https://registry.npmjs.org/@mcwv/ripple/-/ripple-0.9.0.tgz",
      "integrity": "sha512-gW9hMJ7DzrvRLSEytL+zq65soa9FYAmLyOD6FL0U6I1uzTTWBtVuAC9U0tSmO+7aCwILTU5jp4IdWtUF6rm8CQ==",
      "requires": {
        "@material/ripple": "^2.3.0",
        "@mcwv/base": "^0.9.0"
      }
    },
    "@mcwv/select": {
      "version": "0.9.0",
      "resolved": "https://registry.npmjs.org/@mcwv/select/-/select-0.9.0.tgz",
      "integrity": "sha512-j/vTg/vCBKZXoMniBUcRYztqDJ/SuT/iPPvFbtOyh8QtTgrSLmmjyqclBW2gSTpj37yGvonTF4G8vWN2bA8DGA==",
      "requires": {
        "@material/select": "^2.3.0",
        "@mcwv/base": "^0.9.0",
        "@mcwv/floating-label": "^0.9.0",
        "@mcwv/line-ripple": "^0.9.0",
        "@mcwv/notched-outline": "^0.9.0",
        "@mcwv/ripple": "^0.9.0"
      }
    },
    "@mcwv/slider": {
      "version": "0.9.0",
      "resolved": "https://registry.npmjs.org/@mcwv/slider/-/slider-0.9.0.tgz",
      "integrity": "sha512-Q2ORa60Kkm9U9xdBb+2f4ZuPIw1u/HfXl1YcZmrc/weYbCVCnEmF+6S/d0bXbrG5gT6tz4ak8Ei3sZEf9FyBeQ==",
      "requires": {
        "@material/slider": "^2.3.0",
        "@mcwv/base": "^0.9.0"
      }
    },
    "@mcwv/snackbar": {
      "version": "0.9.0",
      "resolved": "https://registry.npmjs.org/@mcwv/snackbar/-/snackbar-0.9.0.tgz",
      "integrity": "sha512-OR5MyDiTpbACZvt79GnLRWKQe70wsFb7FXgFgxHlK7bnsBaZGakizVXyIJSKhsr+/RhcGfxJgC3PUcGcAc+bWA==",
      "requires": {
        "@material/snackbar": "^2.3.0",
        "@mcwv/base": "^0.9.0"
      }
    },
    "@mcwv/switch": {
      "version": "0.9.0",
      "resolved": "https://registry.npmjs.org/@mcwv/switch/-/switch-0.9.0.tgz",
      "integrity": "sha512-pFTFQj2pM2S2BoU/LMb0AGBqEjRvxaCPeXRH5WkEWaSpqpesFPhh2c3sxkpx/yAKQDOP/jYFDTfji6qBv2O1tQ==",
      "requires": {
        "@material/switch": "^2.3.0",
        "@mcwv/base": "^0.9.0",
        "@mcwv/ripple": "^0.9.0"
      }
    },
    "@mcwv/tabs": {
      "version": "0.9.0",
      "resolved": "https://registry.npmjs.org/@mcwv/tabs/-/tabs-0.9.0.tgz",
      "integrity": "sha512-icXDl+dgoCZ6NdBBXfoQHA9p4zJ7gw8vPkDWWVd8bvSkXl2AiVKuvzHx7xdbOlibxDJWobwxPDH5/yZaWahrxw==",
      "requires": {
        "@material/tab": "^2.3.0",
        "@material/tab-bar": "^2.3.0",
        "@material/tab-indicator": "^2.3.0",
        "@material/tab-scroller": "^2.3.0",
        "@mcwv/base": "^0.9.0",
        "@mcwv/ripple": "^0.9.0"
      }
    },
    "@mcwv/textfield": {
      "version": "0.9.0",
      "resolved": "https://registry.npmjs.org/@mcwv/textfield/-/textfield-0.9.0.tgz",
      "integrity": "sha512-Y0Zw+2Y5F1Mgy+CjJzuGtQqy7ewKOZXQGvuCTwbNyX7YbpuIWsRPKiNqd67clLoN/nrXwS+dv4ZpFyplK5nsBA==",
      "requires": {
        "@material/textfield": "^2.3.0",
        "@mcwv/base": "^0.9.0",
        "@mcwv/floating-label": "^0.9.0",
        "@mcwv/line-ripple": "^0.9.0",
        "@mcwv/notched-outline": "^0.9.0",
        "@mcwv/ripple": "^0.9.0"
      }
    },
    "@mcwv/top-app-bar": {
      "version": "0.9.0",
      "resolved": "https://registry.npmjs.org/@mcwv/top-app-bar/-/top-app-bar-0.9.0.tgz",
      "integrity": "sha512-Zm/v4EHCcPuG2oNymZVDoI9bjxHnZw6vMDqhVq67kUoBy8pV1wPy6bCvS+cGOeOM9bXVyJYc3l8RvQl1eSc+3Q==",
      "requires": {
        "@material/top-app-bar": "^2.3.0",
        "@mcwv/base": "^0.9.0",
        "@mcwv/ripple": "^0.9.0"
      }
    },
    "@mcwv/typography": {
      "version": "0.9.0",
      "resolved": "https://registry.npmjs.org/@mcwv/typography/-/typography-0.9.0.tgz",
      "integrity": "sha512-1vXlhqdX730FnIwrXKM02qK4DncDnbMTuiwW6Pi0NH8w6REjaGNiwRuN/GchEI/Q7qfF3aEhWLIXOH1FMxjRJg==",
      "requires": {
        "@material/typography": "^2.3.0",
        "@mcwv/base": "^0.9.0"
      }
    },
    "focus-trap": {
      "version": "5.0.1",
      "resolved": "https://registry.npmjs.org/focus-trap/-/focus-trap-5.0.1.tgz",
      "integrity": "sha512-vU7zEdL3y+kfkuwBbT9456JH8QfyemdcdZ2gKMfmgLyAs9NQAkSVQBSZmb9nlb1cVMo+iCsddqeGJog00pd2EQ==",
      "requires": {
        "tabbable": "^4.0.0",
        "xtend": "^4.0.1"
      }
    },
    "tabbable": {
      "version": "4.0.0",
      "resolved": "https://registry.npmjs.org/tabbable/-/tabbable-4.0.0.tgz",
      "integrity": "sha512-H1XoH1URcBOa/rZZWxLxHCtOdVUEev+9vo5YdYhC9tCY4wnybX+VQrCYuy9ubkg69fCBxCONJOSLGfw0DWMffQ=="
    },
    "tslib": {
      "version": "1.10.0",
      "resolved": "https://registry.npmjs.org/tslib/-/tslib-1.10.0.tgz",
      "integrity": "sha512-qOebF53frne81cf0S9B41ByenJ3/IuH8yJKngAX35CmiZySA0khhkovshKK+jGCaMnVomla7gVlIcc3EvKPbTQ=="
    },
    "xtend": {
      "version": "4.0.1",
      "resolved": "https://registry.npmjs.org/xtend/-/xtend-4.0.1.tgz",
      "integrity": "sha1-pcbVMr5lbiPbgg77lDofBJmNY68="
    }
  }
}
