{
  "name": "vue-material-adapter",
  "version": "0.15.0",
  "lockfileVersion": 1,
  "requires": true,
  "dependencies": {
    "@mcwv/base": {
      "version": "0.12.0",
      "resolved": "https://registry.npmjs.org/@mcwv/base/-/base-0.12.0.tgz",
      "integrity": "sha512-lFTbsTauFBW42Fu+xd8QBLZ0Fda3hnzq2haNS2AH2k2AoeJtMnP53TNBcMGYxuFsvoxPMcYjw2XIoyF1qaoDSA=="
    }
  }
}
