{
  "name": "vue-material-adapter",
  "version": "0.5.0",
  "lockfileVersion": 1,
  "requires": true,
  "dependencies": {
    "@mcwv/base": {
      "version": "0.5.0"
    },
    "@mcwv/button": {
      "version": "0.5.0",
      "requires": {
        "@material/button": "^2.0.0",
        "@mcwv/base": "^0.5.0",
        "@mcwv/ripple": "^0.5.0"
      }
    },
    "@mcwv/card": {
      "version": "0.5.0",
      "requires": {
        "@material/card": "^2.0.0",
        "@mcwv/base": "^0.5.0",
        "@mcwv/button": "^0.5.0",
        "@mcwv/ripple": "^0.5.0"
      }
    },
    "@mcwv/checkbox": {
      "version": "0.5.0",
      "requires": {
        "@material/checkbox": "^2.0.0",
        "@mcwv/base": "^0.5.0",
        "@mcwv/ripple": "^0.5.0"
      }
    },
    "@mcwv/chips": {
      "version": "0.5.0",
      "requires": {
        "@material/chips": "^2.0.0",
        "@mcwv/base": "^0.5.0",
        "@mcwv/ripple": "^0.5.0"
      }
    },
    "@mcwv/dialog": {
      "version": "0.5.0",
      "requires": {
        "@material/dialog": "^2.0.0",
        "@mcwv/base": "^0.5.0",
        "@mcwv/button": "^0.5.0"
      }
    },
    "@mcwv/drawer": {
      "version": "0.5.0",
      "requires": {
        "@material/drawer": "^2.0.0",
        "@mcwv/base": "^0.5.0",
        "@mcwv/ripple": "^0.5.0"
      }
    },
    "@mcwv/fab": {
      "version": "0.5.0",
      "requires": {
        "@material/fab": "^2.0.0",
        "@mcwv/base": "^0.5.0",
        "@mcwv/ripple": "^0.5.0"
      }
    },
    "@mcwv/floating-label": {
      "version": "0.5.0",
      "requires": {
        "@material/floating-label": "^1.1.0",
        "@mcwv/base": "^0.5.0"
      }
    },
    "@mcwv/grid-list": {
      "version": "0.5.0",
      "requires": {
        "@material/grid-list": "^1.1.0",
        "@mcwv/base": "^0.5.0",
        "@mcwv/ripple": "^0.5.0"
      }
    },
    "@mcwv/icon-button": {
      "version": "0.5.0",
      "requires": {
        "@material/icon-button": "^2.0.0",
        "@mcwv/base": "^0.5.0",
        "@mcwv/ripple": "^0.5.0"
      }
    },
    "@mcwv/layout-grid": {
      "version": "0.5.0",
      "requires": {
        "@material/layout-grid": "^0.41.0",
        "@mcwv/base": "^0.5.0"
      }
    },
    "@mcwv/line-ripple": {
      "version": "0.5.0",
      "requires": {
        "@material/line-ripple": "^1.1.0",
        "@mcwv/base": "^0.5.0"
      }
    },
    "@mcwv/linear-progress": {
      "version": "0.5.0",
      "requires": {
        "@material/linear-progress": "^1.1.0",
        "@mcwv/base": "^0.5.0"
      }
    },
    "@mcwv/list": {
      "version": "0.5.0",
      "requires": {
        "@material/list": "^2.0.0",
        "@mcwv/base": "^0.5.0",
        "@mcwv/ripple": "^0.5.0"
      }
    },
    "@mcwv/material-icon": {
      "version": "0.5.0",
      "requires": {
        "@mcwv/base": "^0.5.0",
        "@mcwv/ripple": "^0.5.0"
      }
    },
    "@mcwv/menu": {
      "version": "0.5.0",
      "requires": {
        "@material/menu": "^2.0.0",
        "@mcwv/base": "^0.5.0",
        "@mcwv/list": "^0.5.0",
        "@mcwv/ripple": "^0.5.0"
      }
    },
    "@mcwv/notched-outline": {
      "version": "0.5.0",
      "requires": {
        "@material/notched-outline": "^1.1.1",
        "@mcwv/base": "^0.5.0",
        "@mcwv/floating-label": "^0.5.0"
      }
    },
    "@mcwv/radio": {
      "version": "0.5.0",
      "requires": {
        "@material/radio": "^2.0.0",
        "@mcwv/base": "^0.5.0",
        "@mcwv/ripple": "^0.5.0"
      }
    },
    "@mcwv/ripple": {
      "version": "0.5.0",
      "requires": {
        "@material/ripple": "^2.0.0",
        "@mcwv/base": "^0.5.0"
      }
    },
    "@mcwv/select": {
      "version": "0.5.0",
      "requires": {
        "@material/select": "^2.0.0",
        "@mcwv/base": "^0.5.0",
        "@mcwv/ripple": "^0.5.0"
      }
    },
    "@mcwv/slider": {
      "version": "0.5.0",
      "requires": {
        "@material/slider": "^1.1.0",
        "@mcwv/base": "^0.5.0"
      }
    },
    "@mcwv/snackbar": {
      "version": "0.5.0",
      "requires": {
        "@material/snackbar": "^2.0.0",
        "@mcwv/base": "^0.5.0"
      }
    },
    "@mcwv/switch": {
      "version": "0.5.0",
      "requires": {
        "@material/switch": "^2.0.0",
        "@mcwv/base": "^0.5.0",
        "@mcwv/ripple": "^0.5.0"
      }
    },
    "@mcwv/tabs": {
      "version": "0.5.0",
      "requires": {
        "@material/tab": "^2.0.0",
        "@material/tab-bar": "^2.0.0",
        "@material/tab-indicator": "^1.1.0",
        "@material/tab-scroller": "^2.0.0",
        "@mcwv/base": "^0.5.0",
        "@mcwv/ripple": "^0.5.0"
      }
    },
    "@mcwv/textfield": {
      "version": "0.5.0",
      "requires": {
        "@material/textfield": "^2.0.0",
        "@mcwv/base": "^0.5.0",
        "@mcwv/floating-label": "^0.5.0",
        "@mcwv/line-ripple": "^0.5.0",
        "@mcwv/notched-outline": "^0.5.0",
        "@mcwv/ripple": "^0.5.0"
      }
    },
    "@mcwv/top-app-bar": {
      "version": "0.5.0",
      "requires": {
        "@material/top-app-bar": "^2.0.0",
        "@mcwv/base": "^0.5.0",
        "@mcwv/ripple": "^0.5.0"
      }
    },
    "@mcwv/typography": {
      "version": "0.5.0",
      "requires": {
        "@material/typography": "^1.0.0",
        "@mcwv/base": "^0.5.0"
      }
    }
  }
}
