{
	"name": "@mcwv/radio",
	"version": "0.9.0",
	"lockfileVersion": 1,
	"requires": true,
	"dependencies": {
		"@material/animation": {
			"version": "3.0.0",
			"resolved": "https://registry.npmjs.org/@material/animation/-/animation-3.0.0.tgz",
			"integrity": "sha512-DMydZC9A3S0ACSciYqNAl4koNG6N366zU1n0dZQQH6UT0BM2UHrTY5SWSFTIgwULgN7ZQqmuigeGS8DB2efAtA==",
			"requires": {
				"tslib": "^1.9.3"
			}
		},
		"@material/base": {
			"version": "3.0.0",
			"resolved": "https://registry.npmjs.org/@material/base/-/base-3.0.0.tgz",
			"integrity": "sha512-ZCHKBFOoxLCmxutqcY0PKrilku16hj4e/hu1XPVOpwv+Ij2ill2Wvf2/khaZm1Y4We4wVygbnT/ILYpxx1GflQ==",
			"requires": {
				"tslib": "^1.9.3"
			}
		},
		"@material/dom": {
			"version": "3.0.0",
			"resolved": "https://registry.npmjs.org/@material/dom/-/dom-3.0.0.tgz",
			"integrity": "sha512-yMTu+R7IHNf0dvdobY2CxFCRh+l3qV8844Okpq0+l1e2lpLo75jrv9sA16yba+3yEvBmcSsu7XtYmC8v0GLWgQ==",
			"requires": {
				"tslib": "^1.9.3"
			}
		},
		"@material/feature-targeting": {
			"version": "3.0.0",
			"resolved": "https://registry.npmjs.org/@material/feature-targeting/-/feature-targeting-3.0.0.tgz",
			"integrity": "sha512-h7Xf+5nPKk8q50pL4zk1oEzJ3aPbKohlww1yKENUAKDW/O2hOj8HW3i4mePWd56j1Kr1/YPoVBGCdLkw4X8ZhA=="
		},
		"@material/radio": {
			"version": "3.0.0",
			"resolved": "https://registry.npmjs.org/@material/radio/-/radio-3.0.0.tgz",
			"integrity": "sha512-Zo6TqQkfWM02Rstkxph3OnIOBHpXeCuI1U3KrBaqGiv61/RBEbIzDQ161aQOA3GoDRJDSYeypOjmRDzjBkR3Lw==",
			"requires": {
				"@material/animation": "^3.0.0",
				"@material/base": "^3.0.0",
				"@material/dom": "^3.0.0",
				"@material/feature-targeting": "^3.0.0",
				"@material/ripple": "^3.0.0",
				"@material/theme": "^3.0.0",
				"tslib": "^1.9.3"
			}
		},
		"@material/ripple": {
			"version": "3.0.0",
			"resolved": "https://registry.npmjs.org/@material/ripple/-/ripple-3.0.0.tgz",
			"integrity": "sha512-yoQYA6xjXT/0NiBv1TWSr2cTDZw28ce9pRRNpIzMvmTNNEqYyKgUSNPYpeMXf6cpa/pS1OhHtgVoRsATf4w52A==",
			"requires": {
				"@material/animation": "^3.0.0",
				"@material/base": "^3.0.0",
				"@material/dom": "^3.0.0",
				"@material/feature-targeting": "^3.0.0",
				"@material/theme": "^3.0.0",
				"tslib": "^1.9.3"
			}
		},
		"@material/theme": {
			"version": "3.0.0",
			"resolved": "https://registry.npmjs.org/@material/theme/-/theme-3.0.0.tgz",
			"integrity": "sha512-X8pto0fvKNVJ1ve1Kl18vOlFe7H3V/8ngDdM5iRvgZchWc3GKxKQU/QqIQJNPxkGLSfBdyPJ6c6pubOpAgEFSA==",
			"requires": {
				"@material/feature-targeting": "^3.0.0"
			}
		},
		"@mcwv/base": {
			"version": "0.9.0",
			"resolved": "https://registry.npmjs.org/@mcwv/base/-/base-0.9.0.tgz",
			"integrity": "sha512-rhNt+ho4Dwm5Io43kyDCSrVVb0McJx8IfiEKTgrCShamDpcf2nPqDSDczrcGnK/AhgbssutJN/93E9hz+EFGjA=="
		},
		"@mcwv/ripple": {
			"version": "0.9.0",
			"resolved": "https://registry.npmjs.org/@mcwv/ripple/-/ripple-0.9.0.tgz",
			"integrity": "sha512-gW9hMJ7DzrvRLSEytL+zq65soa9FYAmLyOD6FL0U6I1uzTTWBtVuAC9U0tSmO+7aCwILTU5jp4IdWtUF6rm8CQ==",
			"requires": {
				"@material/ripple": "^2.3.0",
				"@mcwv/base": "^0.9.0"
			},
			"dependencies": {
				"@material/animation": {
					"version": "1.0.0",
					"resolved": "https://registry.npmjs.org/@material/animation/-/animation-1.0.0.tgz",
					"integrity": "sha512-Ed5/vggn6ZhSJ87yn3ZS1d826VJNFz73jHF2bSsgRtHDoB8KCuOwQMfdgAgDa4lKDF6CDIPCKBZPKrs2ubehdw==",
					"requires": {
						"tslib": "^1.9.3"
					}
				},
				"@material/base": {
					"version": "1.0.0",
					"resolved": "https://registry.npmjs.org/@material/base/-/base-1.0.0.tgz",
					"integrity": "sha512-5dxFp46x5FA+Epg6YHLzN+5zRt9S2wR84UdvVAEJ1egea94m9UHUg7y9tAnNSN16aexRSywmzyLwPr+i8PGEYA==",
					"requires": {
						"tslib": "^1.9.3"
					}
				},
				"@material/dom": {
					"version": "1.1.0",
					"resolved": "https://registry.npmjs.org/@material/dom/-/dom-1.1.0.tgz",
					"integrity": "sha512-+HWW38ZaM2UBPu4+7QCusLDSf4tFT31rsEXHkTkxYSg/QpDivfPx6YDz4OmYtafmhPR1d1YjqB3MYysUHdodyw==",
					"requires": {
						"tslib": "^1.9.3"
					}
				},
				"@material/feature-targeting": {
					"version": "0.44.1",
					"resolved": "https://registry.npmjs.org/@material/feature-targeting/-/feature-targeting-0.44.1.tgz",
					"integrity": "sha512-90cc7njn4aHbH9UxY8qgZth1W5JgOgcEdWdubH1t7sFkwqFxS5g3zgxSBt46TygFBVIXNZNq35Xmg80wgqO7Pg=="
				},
				"@material/ripple": {
					"version": "2.3.0",
					"resolved": "https://registry.npmjs.org/@material/ripple/-/ripple-2.3.0.tgz",
					"integrity": "sha512-ejXR0nstERofFhssRyFlwOLgebwm2uGbarHtWZ2/+7QY2Th/Z1wOqNb2h/WRoShsJXK11RUsochb6BJrg30u7w==",
					"requires": {
						"@material/animation": "^1.0.0",
						"@material/base": "^1.0.0",
						"@material/dom": "^1.1.0",
						"@material/feature-targeting": "^0.44.1",
						"@material/theme": "^1.1.0",
						"tslib": "^1.9.3"
					}
				},
				"@material/theme": {
					"version": "1.1.0",
					"resolved": "https://registry.npmjs.org/@material/theme/-/theme-1.1.0.tgz",
					"integrity": "sha512-YYUV9Rhbx4r/EMb/zoOYJUWjhXChNaLlH1rqt3vpNVyxRcxGqoVMGp5u1XALBCFiD9dACPKLIkKyRYa928nmPQ==",
					"requires": {
						"@material/feature-targeting": "^0.44.1"
					}
				}
			}
		},
		"tslib": {
			"version": "1.10.0",
			"resolved": "https://registry.npmjs.org/tslib/-/tslib-1.10.0.tgz",
			"integrity": "sha512-qOebF53frne81cf0S9B41ByenJ3/IuH8yJKngAX35CmiZySA0khhkovshKK+jGCaMnVomla7gVlIcc3EvKPbTQ=="
		}
	}
}
