{
	"name": "@mcwv/typography",
	"version": "0.10.0",
	"lockfileVersion": 1,
	"requires": true,
	"dependencies": {
		"@material/feature-targeting": {
			"version": "3.0.0",
			"resolved": "https://registry.npmjs.org/@material/feature-targeting/-/feature-targeting-3.0.0.tgz",
			"integrity": "sha512-h7Xf+5nPKk8q50pL4zk1oEzJ3aPbKohlww1yKENUAKDW/O2hOj8HW3i4mePWd56j1Kr1/YPoVBGCdLkw4X8ZhA=="
		},
		"@material/typography": {
			"version": "3.0.0",
			"resolved": "https://registry.npmjs.org/@material/typography/-/typography-3.0.0.tgz",
			"integrity": "sha512-+9DpkPSqaEPOyZnvUiBlngFJ4WfQD3npKVr6A63/V7S8gjk/XNxuwprHCmzPSLVQHlK/Dgpq6Ul8Hypk7YfITw==",
			"requires": {
				"@material/feature-targeting": "^3.0.0"
			}
		}
	}
}
