{
	"name": "@mcwv/typography",
	"version": "0.15.0",
	"lockfileVersion": 1,
	"requires": true,
	"dependencies": {
		"@material/feature-targeting": {
			"version": "5.0.0",
			"resolved": "https://registry.npmjs.org/@material/feature-targeting/-/feature-targeting-5.0.0.tgz",
			"integrity": "sha512-6XSuTdrjA7XNqEChpDI4+9aSNzoxvuaTFIAMykH7B9wpykvlINI972m9keVF5GW2+pIGmSIAtwv9z5L+sjnS1g=="
		},
		"@material/typography": {
			"version": "5.0.0",
			"resolved": "https://registry.npmjs.org/@material/typography/-/typography-5.0.0.tgz",
			"integrity": "sha512-8lBDc8LNjhN5NwRIpOHUNpNhMtWXYThb8FS8z477Omv1i2EbMeGWxg+nXHLFIQM4daym2qeeRc2YlfMVkBdd1w==",
			"requires": {
				"@material/feature-targeting": "^5.0.0"
			}
		}
	}
}
