{
	"name": "@mcwv/tabs",
	"version": "0.8.0",
	"lockfileVersion": 1,
	"requires": true,
	"dependencies": {
		"@material/animation": {
			"version": "1.0.0",
			"resolved": "https://registry.npmjs.org/@material/animation/-/animation-1.0.0.tgz",
			"integrity": "sha512-Ed5/vggn6ZhSJ87yn3ZS1d826VJNFz73jHF2bSsgRtHDoB8KCuOwQMfdgAgDa4lKDF6CDIPCKBZPKrs2ubehdw==",
			"requires": {
				"tslib": "^1.9.3"
			}
		},
		"@material/base": {
			"version": "1.0.0",
			"resolved": "https://registry.npmjs.org/@material/base/-/base-1.0.0.tgz",
			"integrity": "sha512-5dxFp46x5FA+Epg6YHLzN+5zRt9S2wR84UdvVAEJ1egea94m9UHUg7y9tAnNSN16aexRSywmzyLwPr+i8PGEYA==",
			"requires": {
				"tslib": "^1.9.3"
			}
		},
		"@material/dom": {
			"version": "1.1.0",
			"resolved": "https://registry.npmjs.org/@material/dom/-/dom-1.1.0.tgz",
			"integrity": "sha512-+HWW38ZaM2UBPu4+7QCusLDSf4tFT31rsEXHkTkxYSg/QpDivfPx6YDz4OmYtafmhPR1d1YjqB3MYysUHdodyw==",
			"requires": {
				"tslib": "^1.9.3"
			}
		},
		"@material/elevation": {
			"version": "1.1.0",
			"resolved": "https://registry.npmjs.org/@material/elevation/-/elevation-1.1.0.tgz",
			"integrity": "sha512-m4eATJvDhWK1BT+yA1iHz5mhAk8cV9olC4mjVzm4PTAqhDH2yya4WzjN1HPVHE/a65ObyZ7V4qopxu9MRocm3A==",
			"requires": {
				"@material/animation": "^1.0.0",
				"@material/feature-targeting": "^0.44.1",
				"@material/theme": "^1.1.0"
			}
		},
		"@material/feature-targeting": {
			"version": "0.44.1",
			"resolved": "https://registry.npmjs.org/@material/feature-targeting/-/feature-targeting-0.44.1.tgz",
			"integrity": "sha512-90cc7njn4aHbH9UxY8qgZth1W5JgOgcEdWdubH1t7sFkwqFxS5g3zgxSBt46TygFBVIXNZNq35Xmg80wgqO7Pg=="
		},
		"@material/rtl": {
			"version": "0.42.0",
			"resolved": "https://registry.npmjs.org/@material/rtl/-/rtl-0.42.0.tgz",
			"integrity": "sha512-VrnrKJzhmspsN8WXHuxxBZ69yM5IwhCUqWr1t1eNfw3ZEvEj7i1g3P31HGowKThIN1dc1Wh4LE14rCISWCtv5w=="
		},
		"@material/tab": {
			"version": "2.3.0",
			"resolved": "https://registry.npmjs.org/@material/tab/-/tab-2.3.0.tgz",
			"integrity": "sha512-6AdTvTWndPnFC4R/cXo9yZa1M6AGUoeKKaDBaTi2/8cDT0Hmwf5dJTq/T2E0XPtXEW/cELmw7x7yYy3B7IpeQA==",
			"requires": {
				"@material/base": "^1.0.0",
				"@material/ripple": "^2.3.0",
				"@material/rtl": "^0.42.0",
				"@material/tab-indicator": "^2.3.0",
				"@material/theme": "^1.1.0",
				"@material/typography": "^2.3.0",
				"tslib": "^1.9.3"
			},
			"dependencies": {
				"@material/ripple": {
					"version": "2.3.0",
					"resolved": "https://registry.npmjs.org/@material/ripple/-/ripple-2.3.0.tgz",
					"integrity": "sha512-ejXR0nstERofFhssRyFlwOLgebwm2uGbarHtWZ2/+7QY2Th/Z1wOqNb2h/WRoShsJXK11RUsochb6BJrg30u7w==",
					"requires": {
						"@material/animation": "^1.0.0",
						"@material/base": "^1.0.0",
						"@material/dom": "^1.1.0",
						"@material/feature-targeting": "^0.44.1",
						"@material/theme": "^1.1.0",
						"tslib": "^1.9.3"
					}
				}
			}
		},
		"@material/tab-bar": {
			"version": "2.3.0",
			"resolved": "https://registry.npmjs.org/@material/tab-bar/-/tab-bar-2.3.0.tgz",
			"integrity": "sha512-p+uDZrhwolnwsaY42kehEc8mbe5ekzjlZEsoCAJCN9AL8VnbsRSS/qePFllhz7roUGrH6AYmYYoHNw1Qx2XT+Q==",
			"requires": {
				"@material/base": "^1.0.0",
				"@material/elevation": "^1.1.0",
				"@material/tab": "^2.3.0",
				"@material/tab-scroller": "^2.3.0",
				"tslib": "^1.9.3"
			}
		},
		"@material/tab-indicator": {
			"version": "2.3.0",
			"resolved": "https://registry.npmjs.org/@material/tab-indicator/-/tab-indicator-2.3.0.tgz",
			"integrity": "sha512-E9jlESIfjTOoo2pZn7KoTeXEW2jI/2RVtu6IEbhfESLuxPGYmxgO+QxIodEW0VoJhogaa6hR/mFnYBVLbh3JZQ==",
			"requires": {
				"@material/animation": "^1.0.0",
				"@material/base": "^1.0.0",
				"@material/theme": "^1.1.0",
				"tslib": "^1.9.3"
			}
		},
		"@material/tab-scroller": {
			"version": "2.3.0",
			"resolved": "https://registry.npmjs.org/@material/tab-scroller/-/tab-scroller-2.3.0.tgz",
			"integrity": "sha512-WLAH6po+3SrMJSsnq056aBcLxNMg4TVGyST+TO/wdWOg6QYFSgrjaYpZQEJIkPO+W8Jt54xieI7GPoU5KYB7AA==",
			"requires": {
				"@material/animation": "^1.0.0",
				"@material/base": "^1.0.0",
				"@material/dom": "^1.1.0",
				"@material/tab": "^2.3.0",
				"tslib": "^1.9.3"
			}
		},
		"@material/theme": {
			"version": "1.1.0",
			"resolved": "https://registry.npmjs.org/@material/theme/-/theme-1.1.0.tgz",
			"integrity": "sha512-YYUV9Rhbx4r/EMb/zoOYJUWjhXChNaLlH1rqt3vpNVyxRcxGqoVMGp5u1XALBCFiD9dACPKLIkKyRYa928nmPQ==",
			"requires": {
				"@material/feature-targeting": "^0.44.1"
			}
		},
		"@material/typography": {
			"version": "2.3.0",
			"resolved": "https://registry.npmjs.org/@material/typography/-/typography-2.3.0.tgz",
			"integrity": "sha512-NtWVVvwG9Te6/kuIl4fEwDcXGCS7mfPgo5CKPyxcK6y0hJHv6yRHpipJT9D4ZlXw0sQx9B33doOK7iYJtwBBZw==",
			"requires": {
				"@material/feature-targeting": "^0.44.1"
			}
		},
		"tslib": {
			"version": "1.9.3",
			"resolved": "https://registry.npmjs.org/tslib/-/tslib-1.9.3.tgz",
			"integrity": "sha512-4krF8scpejhaOgqzBEcGM7yDIEfi0/8+8zDRZhNZZ2kjmHJ4hv3zCbQWxoJGz1iw5U0Jl0nma13xzHXcncMavQ=="
		}
	}
}
