{
	"name": "@mcwv/tabs",
	"version": "0.14.0",
	"lockfileVersion": 1,
	"requires": true,
	"dependencies": {
		"@material/animation": {
			"version": "4.0.0",
			"resolved": "https://registry.npmjs.org/@material/animation/-/animation-4.0.0.tgz",
			"integrity": "sha512-IfzXzstWdtKQcsNWu+s2Hpz5dBwkTHtgtzoesr+FC7TqENH+SJdsF1ntnZI1XVi2C9ZlBf7f4BSmXpWHD0MIlw==",
			"requires": {
				"tslib": "^1.9.3"
			}
		},
		"@material/base": {
			"version": "4.0.0",
			"resolved": "https://registry.npmjs.org/@material/base/-/base-4.0.0.tgz",
			"integrity": "sha512-vHm7fkqXzjdfxifXvlmaZColoIfKuWmO+1rvdzDORTWP+A8Dq70cgKd2I1SBqxzDGjOasMzHbQI6f9MISQf2vQ==",
			"requires": {
				"tslib": "^1.9.3"
			}
		},
		"@material/density": {
			"version": "4.0.0",
			"resolved": "https://registry.npmjs.org/@material/density/-/density-4.0.0.tgz",
			"integrity": "sha512-PuOCPCXlWjimTq+OuCS8biAb1JE9aXCZwT1dRG9REAIAK7bN8KeeTzkeJp6jTj+ggZjWphwKF0lKeX6Gv+e/lw=="
		},
		"@material/dom": {
			"version": "4.0.0",
			"resolved": "https://registry.npmjs.org/@material/dom/-/dom-4.0.0.tgz",
			"integrity": "sha512-GRCJT9+PGWqygZwGf1XLTrbmzP35YWG7+T0hpfhoIJO8VDiMTeyfvhJXFuA2wh9pD0noEjte0lmbdBlykrbWZw==",
			"requires": {
				"tslib": "^1.9.3"
			}
		},
		"@material/elevation": {
			"version": "4.0.0",
			"resolved": "https://registry.npmjs.org/@material/elevation/-/elevation-4.0.0.tgz",
			"integrity": "sha512-wKffoZcqkwAMWYbfGJJ95RDeOFz/IMvF7ye4VamjUwLb1iPiKxUZKUcd40XpuEvsn794HSIEWfGDsRq7BxJAMQ==",
			"requires": {
				"@material/animation": "^4.0.0",
				"@material/feature-targeting": "^4.0.0",
				"@material/theme": "^4.0.0"
			}
		},
		"@material/feature-targeting": {
			"version": "4.0.0",
			"resolved": "https://registry.npmjs.org/@material/feature-targeting/-/feature-targeting-4.0.0.tgz",
			"integrity": "sha512-0gk+f151vqmEdWkrQ9ocPlQRU9aUtSGsVBhletqIbsthLUsZIz9qk25FHjV1wHd/bGHknd9NH+T8ENprv3KLFg=="
		},
		"@material/ripple": {
			"version": "4.0.0",
			"resolved": "https://registry.npmjs.org/@material/ripple/-/ripple-4.0.0.tgz",
			"integrity": "sha512-9BLIOvyCP5sM+fQpLlcJZWyrHguusJq8E5A1pxg0wQwputOyaPBM7recHhYkJmVjzRpTcPgf1PkvkpN6DKGcNg==",
			"requires": {
				"@material/animation": "^4.0.0",
				"@material/base": "^4.0.0",
				"@material/dom": "^4.0.0",
				"@material/feature-targeting": "^4.0.0",
				"@material/theme": "^4.0.0",
				"tslib": "^1.9.3"
			}
		},
		"@material/rtl": {
			"version": "4.0.0",
			"resolved": "https://registry.npmjs.org/@material/rtl/-/rtl-4.0.0.tgz",
			"integrity": "sha512-AP8zByVDEWAJVJoxByVccUbH+BX24IeG7ol+L6Qd8JjzPpz1fzPVJ4BeDNaF0a6sXtHsRmj2zN5dsx/BGC3IHg=="
		},
		"@material/tab": {
			"version": "4.0.0",
			"resolved": "https://registry.npmjs.org/@material/tab/-/tab-4.0.0.tgz",
			"integrity": "sha512-+IAI/BrlgTVSe39ad8e7Nfb7oE9FeJzb01RUPbJbYSi2h2bbQeaKF8fbQniBPVVmuIydx4Zc3CaY316hOcYW3g==",
			"requires": {
				"@material/base": "^4.0.0",
				"@material/feature-targeting": "^4.0.0",
				"@material/ripple": "^4.0.0",
				"@material/rtl": "^4.0.0",
				"@material/tab-indicator": "^4.0.0",
				"@material/theme": "^4.0.0",
				"@material/typography": "^4.0.0",
				"tslib": "^1.9.3"
			}
		},
		"@material/tab-bar": {
			"version": "4.0.0",
			"resolved": "https://registry.npmjs.org/@material/tab-bar/-/tab-bar-4.0.0.tgz",
			"integrity": "sha512-lZAMPJjshirP1eXsX+HKFyfqDfvreEY2864gBsVRWIhWcoA6aozhWXjVt5HE7MeyEShpEQgahWKbAeeRAwgyVw==",
			"requires": {
				"@material/animation": "^4.0.0",
				"@material/base": "^4.0.0",
				"@material/density": "^4.0.0",
				"@material/elevation": "^4.0.0",
				"@material/feature-targeting": "^4.0.0",
				"@material/tab": "^4.0.0",
				"@material/tab-scroller": "^4.0.0",
				"tslib": "^1.9.3"
			}
		},
		"@material/tab-indicator": {
			"version": "4.0.0",
			"resolved": "https://registry.npmjs.org/@material/tab-indicator/-/tab-indicator-4.0.0.tgz",
			"integrity": "sha512-povMuMcW931yCzZMTzquSsATlks7BzTeBWPk+GxOk+x/0bb/B1URmejELWbzBpl74wAPdO2UdRtPANp+A30cQg==",
			"requires": {
				"@material/animation": "^4.0.0",
				"@material/base": "^4.0.0",
				"@material/feature-targeting": "^4.0.0",
				"@material/theme": "^4.0.0",
				"tslib": "^1.9.3"
			}
		},
		"@material/tab-scroller": {
			"version": "4.0.0",
			"resolved": "https://registry.npmjs.org/@material/tab-scroller/-/tab-scroller-4.0.0.tgz",
			"integrity": "sha512-S2DnAW64U5TZ8GMlwmLi3XjCrnIxgz6kB02TAlzOfPlRlUfE/n1c5F1UbMjyED9kc39ZpxL6ppeKLDjdUuItpA==",
			"requires": {
				"@material/animation": "^4.0.0",
				"@material/base": "^4.0.0",
				"@material/dom": "^4.0.0",
				"@material/feature-targeting": "^4.0.0",
				"@material/tab": "^4.0.0",
				"tslib": "^1.9.3"
			}
		},
		"@material/theme": {
			"version": "4.0.0",
			"resolved": "https://registry.npmjs.org/@material/theme/-/theme-4.0.0.tgz",
			"integrity": "sha512-vS4G4rusJTatTH50kSYO1U3UGN8EY9kGRvPaFsEFKikJBOqcR6KWK9H9/wCLqqd6nDNifEj9H2sdWw1AV4NA6Q==",
			"requires": {
				"@material/feature-targeting": "^4.0.0"
			}
		},
		"@material/typography": {
			"version": "4.0.0",
			"resolved": "https://registry.npmjs.org/@material/typography/-/typography-4.0.0.tgz",
			"integrity": "sha512-lUG4yjG9fl1ryNX4OVnOmi+EjhiV4WsWcYt4yzffHrFg1RfKuCAV59j7TtmlMfZIkNDwqK5jvk3oOpTRDFpL8Q==",
			"requires": {
				"@material/feature-targeting": "^4.0.0"
			}
		},
		"@mcwv/base": {
			"version": "0.15.0",
			"resolved": "https://registry.npmjs.org/@mcwv/base/-/base-0.15.0.tgz",
			"integrity": "sha512-MzXT5TMxOYGCIgYGtVE7DANogYab8/aFtqR8uSaeG6ggxc/pJwqrOuqs43gcO5uoHUujOmYdGygK1Q0/yYPKZg=="
		},
		"@mcwv/ripple": {
			"version": "0.14.0",
			"resolved": "https://registry.npmjs.org/@mcwv/ripple/-/ripple-0.14.0.tgz",
			"integrity": "sha512-OfsR1u90wyCYfeAZYQULBL/fRt02nw/+KNiIXGo1u2603ApZqaZHhvYh/6sdbi4eTu8Epo9uB5PpapOuh37/tQ==",
			"requires": {
				"@material/dom": "^4.0.0",
				"@material/ripple": "^4.0.0",
				"@mcwv/base": "^0.14.0"
			},
			"dependencies": {
				"@mcwv/base": {
					"version": "0.14.0",
					"resolved": "https://registry.npmjs.org/@mcwv/base/-/base-0.14.0.tgz",
					"integrity": "sha512-arUFpPlbRrmO/TDAA4FZK8CiyuSatGUWJj9ObnFFGBdtCNUQOZmQ/UYhTnaddjD+mT4MRWHAI0ldPLTXEnAdbw=="
				}
			}
		},
		"tslib": {
			"version": "1.10.0",
			"resolved": "https://registry.npmjs.org/tslib/-/tslib-1.10.0.tgz",
			"integrity": "sha512-qOebF53frne81cf0S9B41ByenJ3/IuH8yJKngAX35CmiZySA0khhkovshKK+jGCaMnVomla7gVlIcc3EvKPbTQ=="
		}
	}
}
