{
  "name": "@mcwv/material-icon",
  "version": "0.5.0",
  "lockfileVersion": 1,
  "requires": true,
  "dependencies": {
    "@mcwv/base": {
      "version": "0.5.0"
    },
    "@mcwv/ripple": {
      "version": "0.5.0",
      "requires": {
        "@material/ripple": "^2.0.0",
        "@mcwv/base": "^0.5.0"
      }
    }
  }
}
