{
	"name": "@mcwv/icon-button",
	"version": "0.12.0",
	"lockfileVersion": 1,
	"requires": true,
	"dependencies": {
		"@material/animation": {
			"version": "4.0.0",
			"resolved": "https://registry.npmjs.org/@material/animation/-/animation-4.0.0.tgz",
			"integrity": "sha512-IfzXzstWdtKQcsNWu+s2Hpz5dBwkTHtgtzoesr+FC7TqENH+SJdsF1ntnZI1XVi2C9ZlBf7f4BSmXpWHD0MIlw==",
			"requires": {
				"tslib": "^1.9.3"
			}
		},
		"@material/base": {
			"version": "4.0.0",
			"resolved": "https://registry.npmjs.org/@material/base/-/base-4.0.0.tgz",
			"integrity": "sha512-vHm7fkqXzjdfxifXvlmaZColoIfKuWmO+1rvdzDORTWP+A8Dq70cgKd2I1SBqxzDGjOasMzHbQI6f9MISQf2vQ==",
			"requires": {
				"tslib": "^1.9.3"
			}
		},
		"@material/dom": {
			"version": "4.0.0",
			"resolved": "https://registry.npmjs.org/@material/dom/-/dom-4.0.0.tgz",
			"integrity": "sha512-GRCJT9+PGWqygZwGf1XLTrbmzP35YWG7+T0hpfhoIJO8VDiMTeyfvhJXFuA2wh9pD0noEjte0lmbdBlykrbWZw==",
			"requires": {
				"tslib": "^1.9.3"
			}
		},
		"@material/feature-targeting": {
			"version": "4.0.0",
			"resolved": "https://registry.npmjs.org/@material/feature-targeting/-/feature-targeting-4.0.0.tgz",
			"integrity": "sha512-0gk+f151vqmEdWkrQ9ocPlQRU9aUtSGsVBhletqIbsthLUsZIz9qk25FHjV1wHd/bGHknd9NH+T8ENprv3KLFg=="
		},
		"@material/icon-button": {
			"version": "4.0.0",
			"resolved": "https://registry.npmjs.org/@material/icon-button/-/icon-button-4.0.0.tgz",
			"integrity": "sha512-b1SyWtr2cwlKgIVo+irxRgW0lpIzauADLAxQEJ8/RTO9qVFviohJUnS+5QQCkC5zex5Q52OmQ+aNl0KRjkUdvQ==",
			"requires": {
				"@material/base": "^4.0.0",
				"@material/feature-targeting": "^4.0.0",
				"@material/ripple": "^4.0.0",
				"@material/theme": "^4.0.0",
				"tslib": "^1.9.3"
			}
		},
		"@material/ripple": {
			"version": "4.0.0",
			"resolved": "https://registry.npmjs.org/@material/ripple/-/ripple-4.0.0.tgz",
			"integrity": "sha512-9BLIOvyCP5sM+fQpLlcJZWyrHguusJq8E5A1pxg0wQwputOyaPBM7recHhYkJmVjzRpTcPgf1PkvkpN6DKGcNg==",
			"requires": {
				"@material/animation": "^4.0.0",
				"@material/base": "^4.0.0",
				"@material/dom": "^4.0.0",
				"@material/feature-targeting": "^4.0.0",
				"@material/theme": "^4.0.0",
				"tslib": "^1.9.3"
			}
		},
		"@material/theme": {
			"version": "4.0.0",
			"resolved": "https://registry.npmjs.org/@material/theme/-/theme-4.0.0.tgz",
			"integrity": "sha512-vS4G4rusJTatTH50kSYO1U3UGN8EY9kGRvPaFsEFKikJBOqcR6KWK9H9/wCLqqd6nDNifEj9H2sdWw1AV4NA6Q==",
			"requires": {
				"@material/feature-targeting": "^4.0.0"
			}
		},
		"@mcwv/base": {
			"version": "0.12.0",
			"resolved": "https://registry.npmjs.org/@mcwv/base/-/base-0.12.0.tgz",
			"integrity": "sha512-lFTbsTauFBW42Fu+xd8QBLZ0Fda3hnzq2haNS2AH2k2AoeJtMnP53TNBcMGYxuFsvoxPMcYjw2XIoyF1qaoDSA=="
		},
		"@mcwv/ripple": {
			"version": "0.12.0",
			"resolved": "https://registry.npmjs.org/@mcwv/ripple/-/ripple-0.12.0.tgz",
			"integrity": "sha512-ASoFJqKzgSE//1Kfe1ha7AaLteEbsShwoUaJw2tx3sPJxpGs5+8DdtvmWwCrEiKS+3cdRi/uVSSggMzPiTTBQg==",
			"requires": {
				"@material/dom": "^3.1.0",
				"@material/ripple": "^3.2.0",
				"@mcwv/base": "^0.12.0"
			},
			"dependencies": {
				"@material/animation": {
					"version": "3.1.0",
					"resolved": "https://registry.npmjs.org/@material/animation/-/animation-3.1.0.tgz",
					"integrity": "sha512-ZfP95awrPBLhpaCTPNx+xKYPp2D88fzf5p5YNVp6diUAGRpq3g12Aq7qJfIHDXAFo5CtrYhgOKRqIKxUVcFisQ==",
					"requires": {
						"tslib": "^1.9.3"
					}
				},
				"@material/base": {
					"version": "3.1.0",
					"resolved": "https://registry.npmjs.org/@material/base/-/base-3.1.0.tgz",
					"integrity": "sha512-pWEBHyPrMV3rdnjqWWH96h5t3MxQI6V1J9jOor+UBG7bXQtr6InTabTqhz5CLY7r+qZU8YvNh2OKIy8heP0cyQ==",
					"requires": {
						"tslib": "^1.9.3"
					}
				},
				"@material/dom": {
					"version": "3.1.0",
					"resolved": "https://registry.npmjs.org/@material/dom/-/dom-3.1.0.tgz",
					"integrity": "sha512-RtBLSkrBjMfHwknaGBifAIC8cBWF9pXjz2IYqfI2braB6SfQI4vhdJviwyiA5BmA/psn3cKpBUZbHI0ym0O0SQ==",
					"requires": {
						"tslib": "^1.9.3"
					}
				},
				"@material/feature-targeting": {
					"version": "3.1.0",
					"resolved": "https://registry.npmjs.org/@material/feature-targeting/-/feature-targeting-3.1.0.tgz",
					"integrity": "sha512-aXAa1Pv6w32URacE9LfMsl9zI6hFwx1K0Lp3Xpyf4rAkmaAB6z0gOkhicOrVFc0f64YheJgHjE7hJFieVenQdw=="
				},
				"@material/ripple": {
					"version": "3.2.0",
					"resolved": "https://registry.npmjs.org/@material/ripple/-/ripple-3.2.0.tgz",
					"integrity": "sha512-GtwkfNakALmfGLs6TpdFIVeAWjRqbyT7WfEw9aU7elUokABfHES+O0KoSKQSMQiSQ8Vjl90MONzNsN1Evi/1YQ==",
					"requires": {
						"@material/animation": "^3.1.0",
						"@material/base": "^3.1.0",
						"@material/dom": "^3.1.0",
						"@material/feature-targeting": "^3.1.0",
						"@material/theme": "^3.1.0",
						"tslib": "^1.9.3"
					}
				},
				"@material/theme": {
					"version": "3.1.0",
					"resolved": "https://registry.npmjs.org/@material/theme/-/theme-3.1.0.tgz",
					"integrity": "sha512-N4JX+akOwg1faAvFvIEhDcwW4cZfUpwEn8lct6Vs3WczjLF6/KdIoLVaYh+eVl1bzfsoIuWvx56j0B1PjXZw9g==",
					"requires": {
						"@material/feature-targeting": "^3.1.0"
					}
				}
			}
		},
		"tslib": {
			"version": "1.10.0",
			"resolved": "https://registry.npmjs.org/tslib/-/tslib-1.10.0.tgz",
			"integrity": "sha512-qOebF53frne81cf0S9B41ByenJ3/IuH8yJKngAX35CmiZySA0khhkovshKK+jGCaMnVomla7gVlIcc3EvKPbTQ=="
		}
	}
}
