{
	"name": "@mcwv/elevation",
	"version": "0.2.1",
	"lockfileVersion": 1,
	"requires": true,
	"dependencies": {
		"@material/animation": {
			"version": "1.0.0",
			"resolved": "https://registry.npmjs.org/@material/animation/-/animation-1.0.0.tgz",
			"integrity": "sha512-Ed5/vggn6ZhSJ87yn3ZS1d826VJNFz73jHF2bSsgRtHDoB8KCuOwQMfdgAgDa4lKDF6CDIPCKBZPKrs2ubehdw==",
			"requires": {
				"tslib": "^1.9.3"
			}
		},
		"@material/elevation": {
			"version": "1.1.0",
			"resolved": "https://registry.npmjs.org/@material/elevation/-/elevation-1.1.0.tgz",
			"integrity": "sha512-m4eATJvDhWK1BT+yA1iHz5mhAk8cV9olC4mjVzm4PTAqhDH2yya4WzjN1HPVHE/a65ObyZ7V4qopxu9MRocm3A==",
			"requires": {
				"@material/animation": "^1.0.0",
				"@material/feature-targeting": "^0.44.1",
				"@material/theme": "^1.1.0"
			}
		},
		"@material/feature-targeting": {
			"version": "0.44.1",
			"resolved": "https://registry.npmjs.org/@material/feature-targeting/-/feature-targeting-0.44.1.tgz",
			"integrity": "sha512-90cc7njn4aHbH9UxY8qgZth1W5JgOgcEdWdubH1t7sFkwqFxS5g3zgxSBt46TygFBVIXNZNq35Xmg80wgqO7Pg=="
		},
		"@material/theme": {
			"version": "1.1.0",
			"resolved": "https://registry.npmjs.org/@material/theme/-/theme-1.1.0.tgz",
			"integrity": "sha512-YYUV9Rhbx4r/EMb/zoOYJUWjhXChNaLlH1rqt3vpNVyxRcxGqoVMGp5u1XALBCFiD9dACPKLIkKyRYa928nmPQ==",
			"requires": {
				"@material/feature-targeting": "^0.44.1"
			}
		},
		"tslib": {
			"version": "1.9.3",
			"resolved": "https://registry.npmjs.org/tslib/-/tslib-1.9.3.tgz",
			"integrity": "sha512-4krF8scpejhaOgqzBEcGM7yDIEfi0/8+8zDRZhNZZ2kjmHJ4hv3zCbQWxoJGz1iw5U0Jl0nma13xzHXcncMavQ=="
		}
	}
}
