{
	"name": "@mcwv/list",
	"version": "0.1.10",
	"lockfileVersion": 1,
	"requires": true,
	"dependencies": {
		"@material/animation": {
			"version": "1.0.0",
			"resolved": "https://registry.npmjs.org/@material/animation/-/animation-1.0.0.tgz",
			"integrity": "sha512-Ed5/vggn6ZhSJ87yn3ZS1d826VJNFz73jHF2bSsgRtHDoB8KCuOwQMfdgAgDa4lKDF6CDIPCKBZPKrs2ubehdw==",
			"requires": {
				"tslib": "^1.9.3"
			}
		},
		"@material/base": {
			"version": "1.0.0",
			"resolved": "https://registry.npmjs.org/@material/base/-/base-1.0.0.tgz",
			"integrity": "sha512-5dxFp46x5FA+Epg6YHLzN+5zRt9S2wR84UdvVAEJ1egea94m9UHUg7y9tAnNSN16aexRSywmzyLwPr+i8PGEYA==",
			"requires": {
				"tslib": "^1.9.3"
			}
		},
		"@material/dom": {
			"version": "1.1.0",
			"resolved": "https://registry.npmjs.org/@material/dom/-/dom-1.1.0.tgz",
			"integrity": "sha512-+HWW38ZaM2UBPu4+7QCusLDSf4tFT31rsEXHkTkxYSg/QpDivfPx6YDz4OmYtafmhPR1d1YjqB3MYysUHdodyw==",
			"requires": {
				"tslib": "^1.9.3"
			}
		},
		"@material/feature-targeting": {
			"version": "0.44.1",
			"resolved": "https://registry.npmjs.org/@material/feature-targeting/-/feature-targeting-0.44.1.tgz",
			"integrity": "sha512-90cc7njn4aHbH9UxY8qgZth1W5JgOgcEdWdubH1t7sFkwqFxS5g3zgxSBt46TygFBVIXNZNq35Xmg80wgqO7Pg=="
		},
		"@material/list": {
			"version": "1.1.1",
			"resolved": "https://registry.npmjs.org/@material/list/-/list-1.1.1.tgz",
			"integrity": "sha512-YqX2A5qagoBolla6WHzP2BIUid/ufot5rVP2yrTz3DFvmswJMXU3HV2XU9NbiVOiefCjkra9ljtimiTlHUrAEg==",
			"requires": {
				"@material/base": "^1.0.0",
				"@material/dom": "^1.1.0",
				"@material/feature-targeting": "^0.44.1",
				"@material/ripple": "^1.1.0",
				"@material/rtl": "^0.42.0",
				"@material/shape": "^1.1.1",
				"@material/theme": "^1.1.0",
				"@material/typography": "^1.0.0",
				"tslib": "^1.9.3"
			}
		},
		"@material/ripple": {
			"version": "1.1.0",
			"resolved": "https://registry.npmjs.org/@material/ripple/-/ripple-1.1.0.tgz",
			"integrity": "sha512-mkfDBZAmxjpRG7V9TrfOmLxt1g/wvGHCXtYPgvH7W8ozjf53edqxLOFENEdvHbie27y9nyixzXn0gzU0HnxSeA==",
			"requires": {
				"@material/animation": "^1.0.0",
				"@material/base": "^1.0.0",
				"@material/dom": "^1.1.0",
				"@material/feature-targeting": "^0.44.1",
				"@material/theme": "^1.1.0",
				"tslib": "^1.9.3"
			}
		},
		"@material/rtl": {
			"version": "0.42.0",
			"resolved": "https://registry.npmjs.org/@material/rtl/-/rtl-0.42.0.tgz",
			"integrity": "sha512-VrnrKJzhmspsN8WXHuxxBZ69yM5IwhCUqWr1t1eNfw3ZEvEj7i1g3P31HGowKThIN1dc1Wh4LE14rCISWCtv5w=="
		},
		"@material/shape": {
			"version": "1.1.1",
			"resolved": "https://registry.npmjs.org/@material/shape/-/shape-1.1.1.tgz",
			"integrity": "sha512-Jge/h1XBLjdLlam4QMSzVgM99e/N8+elQROPkltqVP7eyLc17BwM3aP5cLVfZDgrJgvsjUxbgAP1H1j8sqmUyg==",
			"requires": {
				"@material/feature-targeting": "^0.44.1"
			}
		},
		"@material/theme": {
			"version": "1.1.0",
			"resolved": "https://registry.npmjs.org/@material/theme/-/theme-1.1.0.tgz",
			"integrity": "sha512-YYUV9Rhbx4r/EMb/zoOYJUWjhXChNaLlH1rqt3vpNVyxRcxGqoVMGp5u1XALBCFiD9dACPKLIkKyRYa928nmPQ==",
			"requires": {
				"@material/feature-targeting": "^0.44.1"
			}
		},
		"@material/typography": {
			"version": "1.0.0",
			"resolved": "https://registry.npmjs.org/@material/typography/-/typography-1.0.0.tgz",
			"integrity": "sha512-Oeqbjci1cC7jTE8/n3dwnkqKe9ZeWiaE+rgMtRYtRFw1HvAw14SpGA5EEAS/Li2Hu2KZ50FYCe3HYqShfxtChA==",
			"requires": {
				"@material/feature-targeting": "^0.44.1"
			}
		},
		"tslib": {
			"version": "1.9.3",
			"resolved": "https://registry.npmjs.org/tslib/-/tslib-1.9.3.tgz",
			"integrity": "sha512-4krF8scpejhaOgqzBEcGM7yDIEfi0/8+8zDRZhNZZ2kjmHJ4hv3zCbQWxoJGz1iw5U0Jl0nma13xzHXcncMavQ=="
		}
	}
}
