{
	"name": "@mcwv/layout-grid",
	"version": "0.14.0",
	"lockfileVersion": 1,
	"requires": true,
	"dependencies": {
		"@material/layout-grid": {
			"version": "5.0.0",
			"resolved": "https://registry.npmjs.org/@material/layout-grid/-/layout-grid-5.0.0.tgz",
			"integrity": "sha512-C5xcFhl/sa3JYkiImP9/ZkFncsGe06TSMDZ/eG6U7KZKoSlwU1GjNPEeHTZQ8RC4PfsQ1K1oUA9nMebEC/htwQ=="
		},
		"@mcwv/base": {
			"version": "0.14.0",
			"resolved": "https://registry.npmjs.org/@mcwv/base/-/base-0.14.0.tgz",
			"integrity": "sha512-arUFpPlbRrmO/TDAA4FZK8CiyuSatGUWJj9ObnFFGBdtCNUQOZmQ/UYhTnaddjD+mT4MRWHAI0ldPLTXEnAdbw=="
		}
	}
}
