{
	"name": "@mcwv/card",
	"version": "0.15.0",
	"lockfileVersion": 1,
	"requires": true,
	"dependencies": {
		"@material/animation": {
			"version": "5.0.0",
			"resolved": "https://registry.npmjs.org/@material/animation/-/animation-5.0.0.tgz",
			"integrity": "sha512-z/l0i8eElEj9FJ/2UVqgSmwhvfbu+im64lDi3M5Giu3mhGAkN1A0galOTmckP9VudAvY75PUDFDCGealy3U7DQ==",
			"requires": {
				"tslib": "^1.9.3"
			}
		},
		"@material/base": {
			"version": "5.0.0",
			"resolved": "https://registry.npmjs.org/@material/base/-/base-5.0.0.tgz",
			"integrity": "sha512-1GO2xEBwpAZtXh5BhCIKsYSmpCbh2RZ7YEF3mD/2cPkoveqvlpwiqzLT9iiTtHawj2dbVp0IlAxkLQxgdwSMFQ==",
			"requires": {
				"tslib": "^1.9.3"
			}
		},
		"@material/card": {
			"version": "5.0.0",
			"resolved": "https://registry.npmjs.org/@material/card/-/card-5.0.0.tgz",
			"integrity": "sha512-+Ca0GBOjn4YR5rD0ojSlzkmE3DI6PM8uOT3/fX5S3nKatDpGc87Dg2uttuZCdA9KmXyrT7g0ZvsdqrZk5pkMQQ==",
			"requires": {
				"@material/elevation": "^5.0.0",
				"@material/feature-targeting": "^5.0.0",
				"@material/ripple": "^5.0.0",
				"@material/rtl": "^5.0.0",
				"@material/shape": "^5.0.0",
				"@material/theme": "^5.0.0"
			}
		},
		"@material/dom": {
			"version": "5.0.0",
			"resolved": "https://registry.npmjs.org/@material/dom/-/dom-5.0.0.tgz",
			"integrity": "sha512-Mhpt3Ib5l5pYEUjmKQ/sXIcdVdJPhM+uhcqbXha4UgXmD+qc/GrmnDE9GDTQq/WJ3nBjs9O4nIFuqwQTmUQjmQ==",
			"requires": {
				"tslib": "^1.9.3"
			}
		},
		"@material/elevation": {
			"version": "5.0.0",
			"resolved": "https://registry.npmjs.org/@material/elevation/-/elevation-5.0.0.tgz",
			"integrity": "sha512-56TEn4L4mku8LN408PJfYpSW22RfyrtZbGwJDVXX+HXKg5Ubm7Y01E9xn+XXQHgSgJqww6IumGOncMwtsJ+MuA==",
			"requires": {
				"@material/animation": "^5.0.0",
				"@material/base": "^5.0.0",
				"@material/feature-targeting": "^5.0.0",
				"@material/theme": "^5.0.0"
			}
		},
		"@material/feature-targeting": {
			"version": "5.0.0",
			"resolved": "https://registry.npmjs.org/@material/feature-targeting/-/feature-targeting-5.0.0.tgz",
			"integrity": "sha512-6XSuTdrjA7XNqEChpDI4+9aSNzoxvuaTFIAMykH7B9wpykvlINI972m9keVF5GW2+pIGmSIAtwv9z5L+sjnS1g=="
		},
		"@material/ripple": {
			"version": "5.0.0",
			"resolved": "https://registry.npmjs.org/@material/ripple/-/ripple-5.0.0.tgz",
			"integrity": "sha512-92kMA2FeXm/bX0vY/SH3DLtE88ARelxtjqZq01whzsqo3ngEiZDUqr0+tJ1WvsXSiJ50VI5mtz3wxjnd0hzhwA==",
			"requires": {
				"@material/animation": "^5.0.0",
				"@material/base": "^5.0.0",
				"@material/dom": "^5.0.0",
				"@material/feature-targeting": "^5.0.0",
				"@material/theme": "^5.0.0",
				"tslib": "^1.9.3"
			}
		},
		"@material/rtl": {
			"version": "5.0.0",
			"resolved": "https://registry.npmjs.org/@material/rtl/-/rtl-5.0.0.tgz",
			"integrity": "sha512-TyZWiQc7wNWWCSl56rGSbkzxXGYq76gjtDA95P6SgEGxge6Pqe1d1o5Dl2dRaszESGGGSC/XTuMZaAYu7fk4Eg=="
		},
		"@material/shape": {
			"version": "5.0.0",
			"resolved": "https://registry.npmjs.org/@material/shape/-/shape-5.0.0.tgz",
			"integrity": "sha512-Qo3nzYfPtEBiU3ijseRDypbhMQroxws4OxwKiyyTeu8K/z1iGPNH2323S/LSmyUuLtkhLFvwAQM2N4ZPAxofRw==",
			"requires": {
				"@material/feature-targeting": "^5.0.0",
				"@material/rtl": "^5.0.0"
			}
		},
		"@material/theme": {
			"version": "5.0.0",
			"resolved": "https://registry.npmjs.org/@material/theme/-/theme-5.0.0.tgz",
			"integrity": "sha512-YBHxiAvT2ACIQ2VM6zeZ4mhq+lgYFAxB0CUX54o7/mqO4E/uZzyzPsyU85KtCeNuEJCP+a0cxN/aqIgLF9/BRA==",
			"requires": {
				"@material/feature-targeting": "^5.0.0"
			}
		},
		"tslib": {
			"version": "1.11.0",
			"resolved": "https://registry.npmjs.org/tslib/-/tslib-1.11.0.tgz",
			"integrity": "sha512-BmndXUtiTn/VDDrJzQE7Mm22Ix3PxgLltW9bSNLoeCY31gnG2OPx0QqJnuc9oMIKioYrz487i6K9o4Pdn0j+Kg=="
		}
	}
}
