{
	"name": "@mcwv/drawer",
	"version": "0.16.0",
	"lockfileVersion": 1,
	"requires": true,
	"dependencies": {
		"@material/animation": {
			"version": "6.0.0",
			"resolved": "https://registry.npmjs.org/@material/animation/-/animation-6.0.0.tgz",
			"integrity": "sha512-BxlzXzQ5W2WtaEVV4/PqkTpKB5PfOUvPmr1EK8+xQ0ouMV4qiWuwBfnu7DgXF+cglpFP3T71uHVYmh6lMdi4vg==",
			"requires": {
				"tslib": "^1.9.3"
			}
		},
		"@material/base": {
			"version": "6.0.0",
			"resolved": "https://registry.npmjs.org/@material/base/-/base-6.0.0.tgz",
			"integrity": "sha512-S3rT7B9xa9IfHXIvYXYqbo6YVu9FWbFqTt1tMUCniizTRlpmHu9b5pmQ20f6mm3K3wAFD+crqsrtie2Y8h8r5g==",
			"requires": {
				"tslib": "^1.9.3"
			}
		},
		"@material/density": {
			"version": "6.0.0",
			"resolved": "https://registry.npmjs.org/@material/density/-/density-6.0.0.tgz",
			"integrity": "sha512-svKiq7XtUg89hf08XGFF46NdiQAZfey5CiatmNxD3WX7LUoCb5zc8K9BqPL63P1Sh6kty9R0AHj+6w4ASFetPA=="
		},
		"@material/dom": {
			"version": "6.0.0",
			"resolved": "https://registry.npmjs.org/@material/dom/-/dom-6.0.0.tgz",
			"integrity": "sha512-9hvoi3MxR25dmyv15xJGRS+Ezlr0oD+Y6k4UyAbLpExFP2OakTZc8Xj0Fd7Nwav3I5aIXyC5jJ2gvhZcy1cI9A==",
			"requires": {
				"@material/feature-targeting": "^6.0.0",
				"tslib": "^1.9.3"
			}
		},
		"@material/drawer": {
			"version": "6.0.0",
			"resolved": "https://registry.npmjs.org/@material/drawer/-/drawer-6.0.0.tgz",
			"integrity": "sha512-ukh5R+aMOBf5wmZQul8eHR/nEbLmxk7SXxXanv7EXCRmY8bgNyAsnWu7ZmCAYlMN6lww2mpTEJqvi5XbCjbSiw==",
			"requires": {
				"@material/animation": "^6.0.0",
				"@material/base": "^6.0.0",
				"@material/dom": "^6.0.0",
				"@material/elevation": "^6.0.0",
				"@material/feature-targeting": "^6.0.0",
				"@material/list": "^6.0.0",
				"@material/ripple": "^6.0.0",
				"@material/rtl": "^6.0.0",
				"@material/shape": "^6.0.0",
				"@material/theme": "^6.0.0",
				"@material/typography": "^6.0.0",
				"tslib": "^1.9.3"
			}
		},
		"@material/elevation": {
			"version": "6.0.0",
			"resolved": "https://registry.npmjs.org/@material/elevation/-/elevation-6.0.0.tgz",
			"integrity": "sha512-9WNBu/MKTQX40Ev3ayq5V8Pf/E/DqUPRQO8F0YA99jRWuYScpX2zeJlpRe+wLI6zIxtfFcVvRW9D4O1s1Bmbdg==",
			"requires": {
				"@material/animation": "^6.0.0",
				"@material/base": "^6.0.0",
				"@material/feature-targeting": "^6.0.0",
				"@material/theme": "^6.0.0"
			}
		},
		"@material/feature-targeting": {
			"version": "6.0.0",
			"resolved": "https://registry.npmjs.org/@material/feature-targeting/-/feature-targeting-6.0.0.tgz",
			"integrity": "sha512-REj9VJnqkGwpngffc/iHGPt8WTF27QFPWDD8VBNXaP+MmnpIu7V5q5JMoozKzG5uk+hVryzam1i2PJHztizDXg=="
		},
		"@material/list": {
			"version": "6.0.0",
			"resolved": "https://registry.npmjs.org/@material/list/-/list-6.0.0.tgz",
			"integrity": "sha512-HTsASEUTCVST4lLT7hzum+ru5MQs04S6rCWLngYSEFuzhKjcTg+kJL1FNzkqlQIpEcMgaaa7CAKMl69ZrwyLrA==",
			"requires": {
				"@material/base": "^6.0.0",
				"@material/density": "^6.0.0",
				"@material/dom": "^6.0.0",
				"@material/feature-targeting": "^6.0.0",
				"@material/ripple": "^6.0.0",
				"@material/rtl": "^6.0.0",
				"@material/shape": "^6.0.0",
				"@material/theme": "^6.0.0",
				"@material/typography": "^6.0.0",
				"tslib": "^1.9.3"
			}
		},
		"@material/ripple": {
			"version": "6.0.0",
			"resolved": "https://registry.npmjs.org/@material/ripple/-/ripple-6.0.0.tgz",
			"integrity": "sha512-z+ARpjBVkRZBhiX20aAxAMrgBcfpcCRqIcI/E3Esfyo7M+q/mm8t92ZumcahxWnOBJkHM55kkpUqHlfkYlfyZQ==",
			"requires": {
				"@material/animation": "^6.0.0",
				"@material/base": "^6.0.0",
				"@material/dom": "^6.0.0",
				"@material/feature-targeting": "^6.0.0",
				"@material/theme": "^6.0.0",
				"tslib": "^1.9.3"
			}
		},
		"@material/rtl": {
			"version": "6.0.0",
			"resolved": "https://registry.npmjs.org/@material/rtl/-/rtl-6.0.0.tgz",
			"integrity": "sha512-/WkzlUm3qylWMqv7Lw7ColZ8DYvEvTXtevxxz7PKM1hT9FNlbO1/Qywvda4VUtXivEeynXEqeT1T/ZYHV9yDVw=="
		},
		"@material/shape": {
			"version": "6.0.0",
			"resolved": "https://registry.npmjs.org/@material/shape/-/shape-6.0.0.tgz",
			"integrity": "sha512-tZT9GGWI3QcOtyfJ07Hc3noP2b5Bvx2npx/aj+k7gEIkE06mzr08dVnVOup8z8HbHWIenxRJgdeF5+lAfBE3vw==",
			"requires": {
				"@material/feature-targeting": "^6.0.0",
				"@material/rtl": "^6.0.0"
			}
		},
		"@material/theme": {
			"version": "6.0.0",
			"resolved": "https://registry.npmjs.org/@material/theme/-/theme-6.0.0.tgz",
			"integrity": "sha512-dViBx1lsidoQhVi/MYksTmDs8aUPj3mPVQIaBPtDRtqpIuWSwG7bCHoY8rG8FHRduPLpq3b1A4OwKHBd0RWVJw==",
			"requires": {
				"@material/feature-targeting": "^6.0.0"
			}
		},
		"@material/typography": {
			"version": "6.0.0",
			"resolved": "https://registry.npmjs.org/@material/typography/-/typography-6.0.0.tgz",
			"integrity": "sha512-+4UUEYOxINMRUdyAltd1HFydjAy+MeXqUkFUXXNVsi5nFlpGTpMrxriwVaeL++XlGgvziJjDzaOe6S7zkwYxOQ==",
			"requires": {
				"@material/feature-targeting": "^6.0.0",
				"@material/theme": "^6.0.0"
			}
		},
		"tslib": {
			"version": "1.13.0",
			"resolved": "https://registry.npmjs.org/tslib/-/tslib-1.13.0.tgz",
			"integrity": "sha512-i/6DQjL8Xf3be4K/E6Wgpekn5Qasl1usyw++dAA35Ue5orEn65VIxOA+YvNNl9HV3qv70T7CNwjODHZrLwvd1Q=="
		}
	}
}
