{
	"name": "@mcwv/drawer",
	"version": "0.5.0",
	"lockfileVersion": 1,
	"requires": true,
	"dependencies": {
		"@material/animation": {
			"version": "1.0.0",
			"resolved": "https://registry.npmjs.org/@material/animation/-/animation-1.0.0.tgz",
			"integrity": "sha512-Ed5/vggn6ZhSJ87yn3ZS1d826VJNFz73jHF2bSsgRtHDoB8KCuOwQMfdgAgDa4lKDF6CDIPCKBZPKrs2ubehdw==",
			"requires": {
				"tslib": "^1.9.3"
			}
		},
		"@material/base": {
			"version": "1.0.0",
			"resolved": "https://registry.npmjs.org/@material/base/-/base-1.0.0.tgz",
			"integrity": "sha512-5dxFp46x5FA+Epg6YHLzN+5zRt9S2wR84UdvVAEJ1egea94m9UHUg7y9tAnNSN16aexRSywmzyLwPr+i8PGEYA==",
			"requires": {
				"tslib": "^1.9.3"
			}
		},
		"@material/dom": {
			"version": "1.1.0",
			"resolved": "https://registry.npmjs.org/@material/dom/-/dom-1.1.0.tgz",
			"integrity": "sha512-+HWW38ZaM2UBPu4+7QCusLDSf4tFT31rsEXHkTkxYSg/QpDivfPx6YDz4OmYtafmhPR1d1YjqB3MYysUHdodyw==",
			"requires": {
				"tslib": "^1.9.3"
			}
		},
		"@material/drawer": {
			"version": "2.0.0",
			"resolved": "https://registry.npmjs.org/@material/drawer/-/drawer-2.0.0.tgz",
			"integrity": "sha512-1ZJFKYtxsB5ZLr5w3Q0joTz6Q9LM89fIiVl4ciMU3sdUN2UL2+T77wPekKFxycE7ll2n2JNzBKlmZHHI2NIA0g==",
			"requires": {
				"@material/animation": "^1.0.0",
				"@material/base": "^1.0.0",
				"@material/elevation": "^1.1.0",
				"@material/list": "^2.0.0",
				"@material/ripple": "^2.0.0",
				"@material/rtl": "^0.42.0",
				"@material/shape": "^1.1.1",
				"@material/theme": "^1.1.0",
				"@material/typography": "^1.0.0",
				"focus-trap": "^5.0.0",
				"tslib": "^1.9.3"
			}
		},
		"@material/elevation": {
			"version": "1.1.0",
			"resolved": "https://registry.npmjs.org/@material/elevation/-/elevation-1.1.0.tgz",
			"integrity": "sha512-m4eATJvDhWK1BT+yA1iHz5mhAk8cV9olC4mjVzm4PTAqhDH2yya4WzjN1HPVHE/a65ObyZ7V4qopxu9MRocm3A==",
			"requires": {
				"@material/animation": "^1.0.0",
				"@material/feature-targeting": "^0.44.1",
				"@material/theme": "^1.1.0"
			}
		},
		"@material/feature-targeting": {
			"version": "0.44.1",
			"resolved": "https://registry.npmjs.org/@material/feature-targeting/-/feature-targeting-0.44.1.tgz",
			"integrity": "sha512-90cc7njn4aHbH9UxY8qgZth1W5JgOgcEdWdubH1t7sFkwqFxS5g3zgxSBt46TygFBVIXNZNq35Xmg80wgqO7Pg=="
		},
		"@material/list": {
			"version": "2.0.0",
			"resolved": "https://registry.npmjs.org/@material/list/-/list-2.0.0.tgz",
			"integrity": "sha512-HwwfQehlRCftnYvcb9DX/vHDbH8Q+ofL3IkKNi5hUBPLW1gAzszE5yOkAgxVFCENushdKqNKPAlCgjAiXMSDyA==",
			"requires": {
				"@material/base": "^1.0.0",
				"@material/dom": "^1.1.0",
				"@material/feature-targeting": "^0.44.1",
				"@material/ripple": "^2.0.0",
				"@material/rtl": "^0.42.0",
				"@material/shape": "^1.1.1",
				"@material/theme": "^1.1.0",
				"@material/typography": "^1.0.0",
				"tslib": "^1.9.3"
			}
		},
		"@material/ripple": {
			"version": "2.0.0",
			"resolved": "https://registry.npmjs.org/@material/ripple/-/ripple-2.0.0.tgz",
			"integrity": "sha512-VSWhYeJDvBU5WextcC/WH5t92UzxhErIB+xaSfDIU3bViK2s8/qi9pWcd52FkDoLZuLQFsXU22eYJkDav4p+pw==",
			"requires": {
				"@material/animation": "^1.0.0",
				"@material/base": "^1.0.0",
				"@material/dom": "^1.1.0",
				"@material/feature-targeting": "^0.44.1",
				"@material/theme": "^1.1.0",
				"tslib": "^1.9.3"
			}
		},
		"@material/rtl": {
			"version": "0.42.0",
			"resolved": "https://registry.npmjs.org/@material/rtl/-/rtl-0.42.0.tgz",
			"integrity": "sha512-VrnrKJzhmspsN8WXHuxxBZ69yM5IwhCUqWr1t1eNfw3ZEvEj7i1g3P31HGowKThIN1dc1Wh4LE14rCISWCtv5w=="
		},
		"@material/shape": {
			"version": "1.1.1",
			"resolved": "https://registry.npmjs.org/@material/shape/-/shape-1.1.1.tgz",
			"integrity": "sha512-Jge/h1XBLjdLlam4QMSzVgM99e/N8+elQROPkltqVP7eyLc17BwM3aP5cLVfZDgrJgvsjUxbgAP1H1j8sqmUyg==",
			"requires": {
				"@material/feature-targeting": "^0.44.1"
			}
		},
		"@material/theme": {
			"version": "1.1.0",
			"resolved": "https://registry.npmjs.org/@material/theme/-/theme-1.1.0.tgz",
			"integrity": "sha512-YYUV9Rhbx4r/EMb/zoOYJUWjhXChNaLlH1rqt3vpNVyxRcxGqoVMGp5u1XALBCFiD9dACPKLIkKyRYa928nmPQ==",
			"requires": {
				"@material/feature-targeting": "^0.44.1"
			}
		},
		"@material/typography": {
			"version": "1.0.0",
			"resolved": "https://registry.npmjs.org/@material/typography/-/typography-1.0.0.tgz",
			"integrity": "sha512-Oeqbjci1cC7jTE8/n3dwnkqKe9ZeWiaE+rgMtRYtRFw1HvAw14SpGA5EEAS/Li2Hu2KZ50FYCe3HYqShfxtChA==",
			"requires": {
				"@material/feature-targeting": "^0.44.1"
			}
		},
		"@mcwv/base": {
			"version": "0.5.0",
			"resolved": "https://registry.npmjs.org/@mcwv/base/-/base-0.5.0.tgz",
			"integrity": "sha512-J+1ziKjMHPmxXPV01WXVuDQ8eCW1z5bGD+DdraIGm2nandak6ZWrywXMN5XQZI0NJ9wzvBCVMaS59p94VLmbTQ=="
		},
		"@mcwv/ripple": {
			"version": "0.5.0",
			"resolved": "https://registry.npmjs.org/@mcwv/ripple/-/ripple-0.5.0.tgz",
			"integrity": "sha512-1k8UVr1q/bf9hi/HKoNlqWVIVFa0tm1+i/b3mRKuYg4Nq12zLZZqAu8AJuvuDoibBcx8w7FAhFaf8C1R/qCJrQ==",
			"requires": {
				"@material/ripple": "^1.1.0",
				"@mcwv/base": "^0.5.0"
			},
			"dependencies": {
				"@material/ripple": {
					"version": "1.1.0",
					"resolved": "https://registry.npmjs.org/@material/ripple/-/ripple-1.1.0.tgz",
					"integrity": "sha512-mkfDBZAmxjpRG7V9TrfOmLxt1g/wvGHCXtYPgvH7W8ozjf53edqxLOFENEdvHbie27y9nyixzXn0gzU0HnxSeA==",
					"requires": {
						"@material/animation": "^1.0.0",
						"@material/base": "^1.0.0",
						"@material/dom": "^1.1.0",
						"@material/feature-targeting": "^0.44.1",
						"@material/theme": "^1.1.0",
						"tslib": "^1.9.3"
					}
				}
			}
		},
		"focus-trap": {
			"version": "5.0.0",
			"resolved": "https://registry.npmjs.org/focus-trap/-/focus-trap-5.0.0.tgz",
			"integrity": "sha512-ECigB+4yoFBIpzQ0uO+ReM1yU4I4pVxuRSe2W24ElcWo4nJLRCb6amo2wLYEaPXgZ/mt0sSAW0ZNYkgiMrz4fQ==",
			"requires": {
				"tabbable": "^4.0.0",
				"xtend": "^4.0.1"
			}
		},
		"tabbable": {
			"version": "4.0.0",
			"resolved": "https://registry.npmjs.org/tabbable/-/tabbable-4.0.0.tgz",
			"integrity": "sha512-H1XoH1URcBOa/rZZWxLxHCtOdVUEev+9vo5YdYhC9tCY4wnybX+VQrCYuy9ubkg69fCBxCONJOSLGfw0DWMffQ=="
		},
		"tslib": {
			"version": "1.9.3",
			"resolved": "https://registry.npmjs.org/tslib/-/tslib-1.9.3.tgz",
			"integrity": "sha512-4krF8scpejhaOgqzBEcGM7yDIEfi0/8+8zDRZhNZZ2kjmHJ4hv3zCbQWxoJGz1iw5U0Jl0nma13xzHXcncMavQ=="
		},
		"xtend": {
			"version": "4.0.1",
			"resolved": "https://registry.npmjs.org/xtend/-/xtend-4.0.1.tgz",
			"integrity": "sha1-pcbVMr5lbiPbgg77lDofBJmNY68="
		}
	}
}
