{
	"name": "@mcwv/textfield",
	"version": "0.12.0",
	"lockfileVersion": 1,
	"requires": true,
	"dependencies": {
		"@material/animation": {
			"version": "4.0.0",
			"resolved": "https://registry.npmjs.org/@material/animation/-/animation-4.0.0.tgz",
			"integrity": "sha512-IfzXzstWdtKQcsNWu+s2Hpz5dBwkTHtgtzoesr+FC7TqENH+SJdsF1ntnZI1XVi2C9ZlBf7f4BSmXpWHD0MIlw==",
			"requires": {
				"tslib": "^1.9.3"
			}
		},
		"@material/base": {
			"version": "4.0.0",
			"resolved": "https://registry.npmjs.org/@material/base/-/base-4.0.0.tgz",
			"integrity": "sha512-vHm7fkqXzjdfxifXvlmaZColoIfKuWmO+1rvdzDORTWP+A8Dq70cgKd2I1SBqxzDGjOasMzHbQI6f9MISQf2vQ==",
			"requires": {
				"tslib": "^1.9.3"
			}
		},
		"@material/density": {
			"version": "4.0.0",
			"resolved": "https://registry.npmjs.org/@material/density/-/density-4.0.0.tgz",
			"integrity": "sha512-PuOCPCXlWjimTq+OuCS8biAb1JE9aXCZwT1dRG9REAIAK7bN8KeeTzkeJp6jTj+ggZjWphwKF0lKeX6Gv+e/lw=="
		},
		"@material/dom": {
			"version": "4.0.0",
			"resolved": "https://registry.npmjs.org/@material/dom/-/dom-4.0.0.tgz",
			"integrity": "sha512-GRCJT9+PGWqygZwGf1XLTrbmzP35YWG7+T0hpfhoIJO8VDiMTeyfvhJXFuA2wh9pD0noEjte0lmbdBlykrbWZw==",
			"requires": {
				"tslib": "^1.9.3"
			}
		},
		"@material/feature-targeting": {
			"version": "4.0.0",
			"resolved": "https://registry.npmjs.org/@material/feature-targeting/-/feature-targeting-4.0.0.tgz",
			"integrity": "sha512-0gk+f151vqmEdWkrQ9ocPlQRU9aUtSGsVBhletqIbsthLUsZIz9qk25FHjV1wHd/bGHknd9NH+T8ENprv3KLFg=="
		},
		"@material/floating-label": {
			"version": "4.0.0",
			"resolved": "https://registry.npmjs.org/@material/floating-label/-/floating-label-4.0.0.tgz",
			"integrity": "sha512-ovuZKhH7U+YmZk8kXftYCdEaU9InJdkBsPe4TP+dg4HiO1lWmd7ZxVsMo6iTl4yaFofkBPj3VDkbE1fLnHxKPA==",
			"requires": {
				"@material/animation": "^4.0.0",
				"@material/base": "^4.0.0",
				"@material/rtl": "^4.0.0",
				"@material/theme": "^4.0.0",
				"@material/typography": "^4.0.0",
				"tslib": "^1.9.3"
			}
		},
		"@material/line-ripple": {
			"version": "4.0.0",
			"resolved": "https://registry.npmjs.org/@material/line-ripple/-/line-ripple-4.0.0.tgz",
			"integrity": "sha512-+vrgKlb2gUBIKxlzVKLn/tX76qJ0Z19RkH2i7mh4IdH8KxeEai8NQQYWqeOOKtyp8JbH0ObGyqJCwPo2VbHDmw==",
			"requires": {
				"@material/animation": "^4.0.0",
				"@material/base": "^4.0.0",
				"@material/theme": "^4.0.0",
				"tslib": "^1.9.3"
			}
		},
		"@material/notched-outline": {
			"version": "4.0.0",
			"resolved": "https://registry.npmjs.org/@material/notched-outline/-/notched-outline-4.0.0.tgz",
			"integrity": "sha512-9WNG7dZS83nu72kmoknA3XyvZQIxx8QBjEB2Q2KGyRp4Q8zrzWxfcvTYgiOsYgvz013JnTqaqe4g0wjl6v789g==",
			"requires": {
				"@material/base": "^4.0.0",
				"@material/floating-label": "^4.0.0",
				"@material/rtl": "^4.0.0",
				"@material/shape": "^4.0.0",
				"@material/theme": "^4.0.0",
				"tslib": "^1.9.3"
			}
		},
		"@material/ripple": {
			"version": "4.0.0",
			"resolved": "https://registry.npmjs.org/@material/ripple/-/ripple-4.0.0.tgz",
			"integrity": "sha512-9BLIOvyCP5sM+fQpLlcJZWyrHguusJq8E5A1pxg0wQwputOyaPBM7recHhYkJmVjzRpTcPgf1PkvkpN6DKGcNg==",
			"requires": {
				"@material/animation": "^4.0.0",
				"@material/base": "^4.0.0",
				"@material/dom": "^4.0.0",
				"@material/feature-targeting": "^4.0.0",
				"@material/theme": "^4.0.0",
				"tslib": "^1.9.3"
			}
		},
		"@material/rtl": {
			"version": "4.0.0",
			"resolved": "https://registry.npmjs.org/@material/rtl/-/rtl-4.0.0.tgz",
			"integrity": "sha512-AP8zByVDEWAJVJoxByVccUbH+BX24IeG7ol+L6Qd8JjzPpz1fzPVJ4BeDNaF0a6sXtHsRmj2zN5dsx/BGC3IHg=="
		},
		"@material/shape": {
			"version": "4.0.0",
			"resolved": "https://registry.npmjs.org/@material/shape/-/shape-4.0.0.tgz",
			"integrity": "sha512-wmr05YBrEL462QPiJ+t9xh5RqxzylXYo/8DVZnb/1WA9GZ6m38UK/8Awtip1cZAN34pzD/9p5AydyywlQVoI+g==",
			"requires": {
				"@material/feature-targeting": "^4.0.0"
			}
		},
		"@material/textfield": {
			"version": "4.0.0",
			"resolved": "https://registry.npmjs.org/@material/textfield/-/textfield-4.0.0.tgz",
			"integrity": "sha512-1Xg+nriTqFB8+5k8sGkR8LBeD3dRgNuhvwyU8XrUeAs5l/HMfn4CWgbEyZTaJ2EEtFPxnKGedAYqCEwXngwGWg==",
			"requires": {
				"@material/animation": "^4.0.0",
				"@material/base": "^4.0.0",
				"@material/density": "^4.0.0",
				"@material/dom": "^4.0.0",
				"@material/floating-label": "^4.0.0",
				"@material/line-ripple": "^4.0.0",
				"@material/notched-outline": "^4.0.0",
				"@material/ripple": "^4.0.0",
				"@material/rtl": "^4.0.0",
				"@material/shape": "^4.0.0",
				"@material/theme": "^4.0.0",
				"@material/typography": "^4.0.0",
				"tslib": "^1.9.3"
			}
		},
		"@material/theme": {
			"version": "4.0.0",
			"resolved": "https://registry.npmjs.org/@material/theme/-/theme-4.0.0.tgz",
			"integrity": "sha512-vS4G4rusJTatTH50kSYO1U3UGN8EY9kGRvPaFsEFKikJBOqcR6KWK9H9/wCLqqd6nDNifEj9H2sdWw1AV4NA6Q==",
			"requires": {
				"@material/feature-targeting": "^4.0.0"
			}
		},
		"@material/typography": {
			"version": "4.0.0",
			"resolved": "https://registry.npmjs.org/@material/typography/-/typography-4.0.0.tgz",
			"integrity": "sha512-lUG4yjG9fl1ryNX4OVnOmi+EjhiV4WsWcYt4yzffHrFg1RfKuCAV59j7TtmlMfZIkNDwqK5jvk3oOpTRDFpL8Q==",
			"requires": {
				"@material/feature-targeting": "^4.0.0"
			}
		},
		"@mcwv/base": {
			"version": "0.12.0",
			"resolved": "https://registry.npmjs.org/@mcwv/base/-/base-0.12.0.tgz",
			"integrity": "sha512-lFTbsTauFBW42Fu+xd8QBLZ0Fda3hnzq2haNS2AH2k2AoeJtMnP53TNBcMGYxuFsvoxPMcYjw2XIoyF1qaoDSA=="
		},
		"@mcwv/floating-label": {
			"version": "0.12.0",
			"resolved": "https://registry.npmjs.org/@mcwv/floating-label/-/floating-label-0.12.0.tgz",
			"integrity": "sha512-RVB0p7lSEXU9pCNFtHBuQg/6+N5NDAofJqTzNSMbNbjECphmXsDxxM4HlteRvFIJexnA+DzvM/S35SEjT3K0Fg==",
			"requires": {
				"@material/floating-label": "^3.2.0",
				"@mcwv/base": "^0.12.0"
			},
			"dependencies": {
				"@material/animation": {
					"version": "3.1.0",
					"resolved": "https://registry.npmjs.org/@material/animation/-/animation-3.1.0.tgz",
					"integrity": "sha512-ZfP95awrPBLhpaCTPNx+xKYPp2D88fzf5p5YNVp6diUAGRpq3g12Aq7qJfIHDXAFo5CtrYhgOKRqIKxUVcFisQ==",
					"requires": {
						"tslib": "^1.9.3"
					}
				},
				"@material/base": {
					"version": "3.1.0",
					"resolved": "https://registry.npmjs.org/@material/base/-/base-3.1.0.tgz",
					"integrity": "sha512-pWEBHyPrMV3rdnjqWWH96h5t3MxQI6V1J9jOor+UBG7bXQtr6InTabTqhz5CLY7r+qZU8YvNh2OKIy8heP0cyQ==",
					"requires": {
						"tslib": "^1.9.3"
					}
				},
				"@material/feature-targeting": {
					"version": "3.1.0",
					"resolved": "https://registry.npmjs.org/@material/feature-targeting/-/feature-targeting-3.1.0.tgz",
					"integrity": "sha512-aXAa1Pv6w32URacE9LfMsl9zI6hFwx1K0Lp3Xpyf4rAkmaAB6z0gOkhicOrVFc0f64YheJgHjE7hJFieVenQdw=="
				},
				"@material/floating-label": {
					"version": "3.2.0",
					"resolved": "https://registry.npmjs.org/@material/floating-label/-/floating-label-3.2.0.tgz",
					"integrity": "sha512-szzsSou+xXj3E6InEuOCr8E28IE5EdcBfKRaHoR5EBkzgcRxLuZkFSqD19zsUgVErdTCcRSbeU9mYa6cP8+Nzw==",
					"requires": {
						"@material/animation": "^3.1.0",
						"@material/base": "^3.1.0",
						"@material/rtl": "^3.2.0",
						"@material/theme": "^3.1.0",
						"@material/typography": "^3.1.0",
						"tslib": "^1.9.3"
					}
				},
				"@material/rtl": {
					"version": "3.2.0",
					"resolved": "https://registry.npmjs.org/@material/rtl/-/rtl-3.2.0.tgz",
					"integrity": "sha512-L/w9m9Yx1ceOw/VjEfeJoqD4rW9QP3IBb9MamXAg3qUi/zsztoXD/FUw179pxkLn4huFFNlVYZ4Y1y6BpM0PMA=="
				},
				"@material/theme": {
					"version": "3.1.0",
					"resolved": "https://registry.npmjs.org/@material/theme/-/theme-3.1.0.tgz",
					"integrity": "sha512-N4JX+akOwg1faAvFvIEhDcwW4cZfUpwEn8lct6Vs3WczjLF6/KdIoLVaYh+eVl1bzfsoIuWvx56j0B1PjXZw9g==",
					"requires": {
						"@material/feature-targeting": "^3.1.0"
					}
				},
				"@material/typography": {
					"version": "3.1.0",
					"resolved": "https://registry.npmjs.org/@material/typography/-/typography-3.1.0.tgz",
					"integrity": "sha512-aSNBQvVxIH1kORSYdLGuSTivx6oJ1MSOSTUAsUwhXPQLQlvbdFeZaqUp7xgn+EvRsHGRFhWk5YGuiBds9+7zQg==",
					"requires": {
						"@material/feature-targeting": "^3.1.0"
					}
				}
			}
		},
		"@mcwv/line-ripple": {
			"version": "0.12.0",
			"resolved": "https://registry.npmjs.org/@mcwv/line-ripple/-/line-ripple-0.12.0.tgz",
			"integrity": "sha512-Oat9irN5F+HDgw64ljwqabvvmewPo3STNs+6a49A95BxU8EbKIs9ltAKZKv4IuiKxFPX278692mdtUrsgejwLg==",
			"requires": {
				"@material/line-ripple": "^3.1.0",
				"@mcwv/base": "^0.12.0"
			},
			"dependencies": {
				"@material/animation": {
					"version": "3.1.0",
					"resolved": "https://registry.npmjs.org/@material/animation/-/animation-3.1.0.tgz",
					"integrity": "sha512-ZfP95awrPBLhpaCTPNx+xKYPp2D88fzf5p5YNVp6diUAGRpq3g12Aq7qJfIHDXAFo5CtrYhgOKRqIKxUVcFisQ==",
					"requires": {
						"tslib": "^1.9.3"
					}
				},
				"@material/base": {
					"version": "3.1.0",
					"resolved": "https://registry.npmjs.org/@material/base/-/base-3.1.0.tgz",
					"integrity": "sha512-pWEBHyPrMV3rdnjqWWH96h5t3MxQI6V1J9jOor+UBG7bXQtr6InTabTqhz5CLY7r+qZU8YvNh2OKIy8heP0cyQ==",
					"requires": {
						"tslib": "^1.9.3"
					}
				},
				"@material/feature-targeting": {
					"version": "3.1.0",
					"resolved": "https://registry.npmjs.org/@material/feature-targeting/-/feature-targeting-3.1.0.tgz",
					"integrity": "sha512-aXAa1Pv6w32URacE9LfMsl9zI6hFwx1K0Lp3Xpyf4rAkmaAB6z0gOkhicOrVFc0f64YheJgHjE7hJFieVenQdw=="
				},
				"@material/line-ripple": {
					"version": "3.1.0",
					"resolved": "https://registry.npmjs.org/@material/line-ripple/-/line-ripple-3.1.0.tgz",
					"integrity": "sha512-o6E6wrDqoOK4esCnM1MQ9t7DC/JQrzSrwYsYdqtOpGnr3G5Jx7WWVt6GEVh2eNXy8OnVYkJdQbMjyPVEVJb/Dg==",
					"requires": {
						"@material/animation": "^3.1.0",
						"@material/base": "^3.1.0",
						"@material/theme": "^3.1.0",
						"tslib": "^1.9.3"
					}
				},
				"@material/theme": {
					"version": "3.1.0",
					"resolved": "https://registry.npmjs.org/@material/theme/-/theme-3.1.0.tgz",
					"integrity": "sha512-N4JX+akOwg1faAvFvIEhDcwW4cZfUpwEn8lct6Vs3WczjLF6/KdIoLVaYh+eVl1bzfsoIuWvx56j0B1PjXZw9g==",
					"requires": {
						"@material/feature-targeting": "^3.1.0"
					}
				}
			}
		},
		"@mcwv/notched-outline": {
			"version": "0.12.0",
			"resolved": "https://registry.npmjs.org/@mcwv/notched-outline/-/notched-outline-0.12.0.tgz",
			"integrity": "sha512-WTPg10gP7D5z7JFbw6rWaXHwnOBt11SSKLqoOPHPPbkMX6U0Q3hlXNz83TYDK6GHWR4ZzC0k372Dn9Vg5rnnVA==",
			"requires": {
				"@material/notched-outline": "^3.2.0",
				"@mcwv/base": "^0.12.0",
				"@mcwv/floating-label": "^0.12.0"
			},
			"dependencies": {
				"@material/animation": {
					"version": "3.1.0",
					"resolved": "https://registry.npmjs.org/@material/animation/-/animation-3.1.0.tgz",
					"integrity": "sha512-ZfP95awrPBLhpaCTPNx+xKYPp2D88fzf5p5YNVp6diUAGRpq3g12Aq7qJfIHDXAFo5CtrYhgOKRqIKxUVcFisQ==",
					"requires": {
						"tslib": "^1.9.3"
					}
				},
				"@material/base": {
					"version": "3.1.0",
					"resolved": "https://registry.npmjs.org/@material/base/-/base-3.1.0.tgz",
					"integrity": "sha512-pWEBHyPrMV3rdnjqWWH96h5t3MxQI6V1J9jOor+UBG7bXQtr6InTabTqhz5CLY7r+qZU8YvNh2OKIy8heP0cyQ==",
					"requires": {
						"tslib": "^1.9.3"
					}
				},
				"@material/feature-targeting": {
					"version": "3.1.0",
					"resolved": "https://registry.npmjs.org/@material/feature-targeting/-/feature-targeting-3.1.0.tgz",
					"integrity": "sha512-aXAa1Pv6w32URacE9LfMsl9zI6hFwx1K0Lp3Xpyf4rAkmaAB6z0gOkhicOrVFc0f64YheJgHjE7hJFieVenQdw=="
				},
				"@material/floating-label": {
					"version": "3.2.0",
					"resolved": "https://registry.npmjs.org/@material/floating-label/-/floating-label-3.2.0.tgz",
					"integrity": "sha512-szzsSou+xXj3E6InEuOCr8E28IE5EdcBfKRaHoR5EBkzgcRxLuZkFSqD19zsUgVErdTCcRSbeU9mYa6cP8+Nzw==",
					"requires": {
						"@material/animation": "^3.1.0",
						"@material/base": "^3.1.0",
						"@material/rtl": "^3.2.0",
						"@material/theme": "^3.1.0",
						"@material/typography": "^3.1.0",
						"tslib": "^1.9.3"
					}
				},
				"@material/notched-outline": {
					"version": "3.2.0",
					"resolved": "https://registry.npmjs.org/@material/notched-outline/-/notched-outline-3.2.0.tgz",
					"integrity": "sha512-IFuxVoQqlOy/WSSawI2Fglh/U1hS0QtVUiGsc8GUoVUd1pifn7RXidHP3vQrMDEo8M/RwA9p6uveQKjPwW41RA==",
					"requires": {
						"@material/animation": "^3.1.0",
						"@material/base": "^3.1.0",
						"@material/floating-label": "^3.2.0",
						"@material/rtl": "^3.2.0",
						"@material/shape": "^3.1.0",
						"@material/theme": "^3.1.0",
						"tslib": "^1.9.3"
					}
				},
				"@material/rtl": {
					"version": "3.2.0",
					"resolved": "https://registry.npmjs.org/@material/rtl/-/rtl-3.2.0.tgz",
					"integrity": "sha512-L/w9m9Yx1ceOw/VjEfeJoqD4rW9QP3IBb9MamXAg3qUi/zsztoXD/FUw179pxkLn4huFFNlVYZ4Y1y6BpM0PMA=="
				},
				"@material/shape": {
					"version": "3.1.0",
					"resolved": "https://registry.npmjs.org/@material/shape/-/shape-3.1.0.tgz",
					"integrity": "sha512-Oyvs7YjHfByA0e9IVVp7ojAlPwgSu3Bl0cioiE0OdkidkAaNu0izM2ryRzMBDH5o8+lRD0kpZoT+9CVVCdaYIg==",
					"requires": {
						"@material/feature-targeting": "^3.1.0"
					}
				},
				"@material/theme": {
					"version": "3.1.0",
					"resolved": "https://registry.npmjs.org/@material/theme/-/theme-3.1.0.tgz",
					"integrity": "sha512-N4JX+akOwg1faAvFvIEhDcwW4cZfUpwEn8lct6Vs3WczjLF6/KdIoLVaYh+eVl1bzfsoIuWvx56j0B1PjXZw9g==",
					"requires": {
						"@material/feature-targeting": "^3.1.0"
					}
				},
				"@material/typography": {
					"version": "3.1.0",
					"resolved": "https://registry.npmjs.org/@material/typography/-/typography-3.1.0.tgz",
					"integrity": "sha512-aSNBQvVxIH1kORSYdLGuSTivx6oJ1MSOSTUAsUwhXPQLQlvbdFeZaqUp7xgn+EvRsHGRFhWk5YGuiBds9+7zQg==",
					"requires": {
						"@material/feature-targeting": "^3.1.0"
					}
				}
			}
		},
		"@mcwv/ripple": {
			"version": "0.12.0",
			"resolved": "https://registry.npmjs.org/@mcwv/ripple/-/ripple-0.12.0.tgz",
			"integrity": "sha512-ASoFJqKzgSE//1Kfe1ha7AaLteEbsShwoUaJw2tx3sPJxpGs5+8DdtvmWwCrEiKS+3cdRi/uVSSggMzPiTTBQg==",
			"requires": {
				"@material/dom": "^3.1.0",
				"@material/ripple": "^3.2.0",
				"@mcwv/base": "^0.12.0"
			},
			"dependencies": {
				"@material/animation": {
					"version": "3.1.0",
					"resolved": "https://registry.npmjs.org/@material/animation/-/animation-3.1.0.tgz",
					"integrity": "sha512-ZfP95awrPBLhpaCTPNx+xKYPp2D88fzf5p5YNVp6diUAGRpq3g12Aq7qJfIHDXAFo5CtrYhgOKRqIKxUVcFisQ==",
					"requires": {
						"tslib": "^1.9.3"
					}
				},
				"@material/base": {
					"version": "3.1.0",
					"resolved": "https://registry.npmjs.org/@material/base/-/base-3.1.0.tgz",
					"integrity": "sha512-pWEBHyPrMV3rdnjqWWH96h5t3MxQI6V1J9jOor+UBG7bXQtr6InTabTqhz5CLY7r+qZU8YvNh2OKIy8heP0cyQ==",
					"requires": {
						"tslib": "^1.9.3"
					}
				},
				"@material/dom": {
					"version": "3.1.0",
					"resolved": "https://registry.npmjs.org/@material/dom/-/dom-3.1.0.tgz",
					"integrity": "sha512-RtBLSkrBjMfHwknaGBifAIC8cBWF9pXjz2IYqfI2braB6SfQI4vhdJviwyiA5BmA/psn3cKpBUZbHI0ym0O0SQ==",
					"requires": {
						"tslib": "^1.9.3"
					}
				},
				"@material/feature-targeting": {
					"version": "3.1.0",
					"resolved": "https://registry.npmjs.org/@material/feature-targeting/-/feature-targeting-3.1.0.tgz",
					"integrity": "sha512-aXAa1Pv6w32URacE9LfMsl9zI6hFwx1K0Lp3Xpyf4rAkmaAB6z0gOkhicOrVFc0f64YheJgHjE7hJFieVenQdw=="
				},
				"@material/ripple": {
					"version": "3.2.0",
					"resolved": "https://registry.npmjs.org/@material/ripple/-/ripple-3.2.0.tgz",
					"integrity": "sha512-GtwkfNakALmfGLs6TpdFIVeAWjRqbyT7WfEw9aU7elUokABfHES+O0KoSKQSMQiSQ8Vjl90MONzNsN1Evi/1YQ==",
					"requires": {
						"@material/animation": "^3.1.0",
						"@material/base": "^3.1.0",
						"@material/dom": "^3.1.0",
						"@material/feature-targeting": "^3.1.0",
						"@material/theme": "^3.1.0",
						"tslib": "^1.9.3"
					}
				},
				"@material/theme": {
					"version": "3.1.0",
					"resolved": "https://registry.npmjs.org/@material/theme/-/theme-3.1.0.tgz",
					"integrity": "sha512-N4JX+akOwg1faAvFvIEhDcwW4cZfUpwEn8lct6Vs3WczjLF6/KdIoLVaYh+eVl1bzfsoIuWvx56j0B1PjXZw9g==",
					"requires": {
						"@material/feature-targeting": "^3.1.0"
					}
				}
			}
		},
		"tslib": {
			"version": "1.10.0",
			"resolved": "https://registry.npmjs.org/tslib/-/tslib-1.10.0.tgz",
			"integrity": "sha512-qOebF53frne81cf0S9B41ByenJ3/IuH8yJKngAX35CmiZySA0khhkovshKK+jGCaMnVomla7gVlIcc3EvKPbTQ=="
		}
	}
}
