{
	"name": "@mcwv/textfield",
	"version": "0.7.0",
	"lockfileVersion": 1,
	"requires": true,
	"dependencies": {
		"@material/animation": {
			"version": "1.0.0",
			"resolved": "https://registry.npmjs.org/@material/animation/-/animation-1.0.0.tgz",
			"integrity": "sha512-Ed5/vggn6ZhSJ87yn3ZS1d826VJNFz73jHF2bSsgRtHDoB8KCuOwQMfdgAgDa4lKDF6CDIPCKBZPKrs2ubehdw==",
			"requires": {
				"tslib": "^1.9.3"
			}
		},
		"@material/base": {
			"version": "1.0.0",
			"resolved": "https://registry.npmjs.org/@material/base/-/base-1.0.0.tgz",
			"integrity": "sha512-5dxFp46x5FA+Epg6YHLzN+5zRt9S2wR84UdvVAEJ1egea94m9UHUg7y9tAnNSN16aexRSywmzyLwPr+i8PGEYA==",
			"requires": {
				"tslib": "^1.9.3"
			}
		},
		"@material/dom": {
			"version": "1.1.0",
			"resolved": "https://registry.npmjs.org/@material/dom/-/dom-1.1.0.tgz",
			"integrity": "sha512-+HWW38ZaM2UBPu4+7QCusLDSf4tFT31rsEXHkTkxYSg/QpDivfPx6YDz4OmYtafmhPR1d1YjqB3MYysUHdodyw==",
			"requires": {
				"tslib": "^1.9.3"
			}
		},
		"@material/feature-targeting": {
			"version": "0.44.1",
			"resolved": "https://registry.npmjs.org/@material/feature-targeting/-/feature-targeting-0.44.1.tgz",
			"integrity": "sha512-90cc7njn4aHbH9UxY8qgZth1W5JgOgcEdWdubH1t7sFkwqFxS5g3zgxSBt46TygFBVIXNZNq35Xmg80wgqO7Pg=="
		},
		"@material/floating-label": {
			"version": "1.1.0",
			"resolved": "https://registry.npmjs.org/@material/floating-label/-/floating-label-1.1.0.tgz",
			"integrity": "sha512-7q7V+9o9XesgMnK11up9z+BcRFwtLIAIqVTCL3liKRARNHuzw9FGrGMKhTJUKvLZ3z0bM1+FmmVlA3q9FJWehQ==",
			"requires": {
				"@material/animation": "^1.0.0",
				"@material/base": "^1.0.0",
				"@material/rtl": "^0.42.0",
				"@material/theme": "^1.1.0",
				"@material/typography": "^1.0.0",
				"tslib": "^1.9.3"
			}
		},
		"@material/line-ripple": {
			"version": "1.1.0",
			"resolved": "https://registry.npmjs.org/@material/line-ripple/-/line-ripple-1.1.0.tgz",
			"integrity": "sha512-XqCxDNfgkh9zq0IVlTEFVjmQV8hx8m4vxLFM5qwHDDqcKPlX/Lfc8M43fmm9uE1CaJBC6whMGPvOt/dIla+RUg==",
			"requires": {
				"@material/animation": "^1.0.0",
				"@material/base": "^1.0.0",
				"@material/theme": "^1.1.0",
				"tslib": "^1.9.3"
			}
		},
		"@material/notched-outline": {
			"version": "1.1.1",
			"resolved": "https://registry.npmjs.org/@material/notched-outline/-/notched-outline-1.1.1.tgz",
			"integrity": "sha512-HekxMWgIEGlmmdiCATfEJPjAWz2jlyXnfGUiBOkAzI25/OyOgcCd3rLzcMT5DUqItbKoNk1M/9kOmzTSNSt/CA==",
			"requires": {
				"@material/animation": "^1.0.0",
				"@material/base": "^1.0.0",
				"@material/floating-label": "^1.1.0",
				"@material/rtl": "^0.42.0",
				"@material/shape": "^1.1.1",
				"@material/theme": "^1.1.0",
				"tslib": "^1.9.3"
			}
		},
		"@material/ripple": {
			"version": "2.1.1",
			"resolved": "https://registry.npmjs.org/@material/ripple/-/ripple-2.1.1.tgz",
			"integrity": "sha512-/WIOBen3OLasJrr2ZXo9wpVJo6Z+1qFxnOvC61iXWqnDctq1fgTAQQbiMaRtsbfU68jDfhgLFJlwjgzvqAvFWQ==",
			"requires": {
				"@material/animation": "^1.0.0",
				"@material/base": "^1.0.0",
				"@material/dom": "^1.1.0",
				"@material/feature-targeting": "^0.44.1",
				"@material/theme": "^1.1.0",
				"tslib": "^1.9.3"
			}
		},
		"@material/rtl": {
			"version": "0.42.0",
			"resolved": "https://registry.npmjs.org/@material/rtl/-/rtl-0.42.0.tgz",
			"integrity": "sha512-VrnrKJzhmspsN8WXHuxxBZ69yM5IwhCUqWr1t1eNfw3ZEvEj7i1g3P31HGowKThIN1dc1Wh4LE14rCISWCtv5w=="
		},
		"@material/shape": {
			"version": "1.1.1",
			"resolved": "https://registry.npmjs.org/@material/shape/-/shape-1.1.1.tgz",
			"integrity": "sha512-Jge/h1XBLjdLlam4QMSzVgM99e/N8+elQROPkltqVP7eyLc17BwM3aP5cLVfZDgrJgvsjUxbgAP1H1j8sqmUyg==",
			"requires": {
				"@material/feature-targeting": "^0.44.1"
			}
		},
		"@material/textfield": {
			"version": "2.3.0",
			"resolved": "https://registry.npmjs.org/@material/textfield/-/textfield-2.3.0.tgz",
			"integrity": "sha512-6Tc0XZDEcU7tQgASNDNQPSxVzkmR7iO5zGynemXydYsmXzrcoisId2nyD2OWW+XBw+TUkJs93REd38Ij8l9LKw==",
			"requires": {
				"@material/animation": "^1.0.0",
				"@material/base": "^1.0.0",
				"@material/dom": "^1.1.0",
				"@material/floating-label": "^2.3.0",
				"@material/line-ripple": "^2.3.0",
				"@material/notched-outline": "^2.3.0",
				"@material/ripple": "^2.3.0",
				"@material/rtl": "^0.42.0",
				"@material/shape": "^1.1.1",
				"@material/theme": "^1.1.0",
				"@material/typography": "^2.3.0",
				"tslib": "^1.9.3"
			},
			"dependencies": {
				"@material/floating-label": {
					"version": "2.3.0",
					"resolved": "https://registry.npmjs.org/@material/floating-label/-/floating-label-2.3.0.tgz",
					"integrity": "sha512-OYcNmf+mVzW+rphDgVkyWES+SbivA6Y2+0amVDD9E9X6hLjO+L1dtIP3rC7lp0Y2Ey9rkuRORsUoriFvN7xQQw==",
					"requires": {
						"@material/animation": "^1.0.0",
						"@material/base": "^1.0.0",
						"@material/rtl": "^0.42.0",
						"@material/theme": "^1.1.0",
						"@material/typography": "^2.3.0",
						"tslib": "^1.9.3"
					}
				},
				"@material/line-ripple": {
					"version": "2.3.0",
					"resolved": "https://registry.npmjs.org/@material/line-ripple/-/line-ripple-2.3.0.tgz",
					"integrity": "sha512-gDjUlrM6P182ldY4CYiBMcdcUtch1DWd1osgp5STJXxth6ukRCNIdDigrKCHtyJKB8eXeNORwWs39xWZOGihbA==",
					"requires": {
						"@material/animation": "^1.0.0",
						"@material/base": "^1.0.0",
						"@material/theme": "^1.1.0",
						"tslib": "^1.9.3"
					}
				},
				"@material/notched-outline": {
					"version": "2.3.0",
					"resolved": "https://registry.npmjs.org/@material/notched-outline/-/notched-outline-2.3.0.tgz",
					"integrity": "sha512-EDhpCGcMi1gW12qzXsdKHr6aYxa80s94tn9/G1r7eJu/BOVTYt20qjqoYQJE6i8XxcD1t5xcNdQ7StgGpk2MGA==",
					"requires": {
						"@material/animation": "^1.0.0",
						"@material/base": "^1.0.0",
						"@material/floating-label": "^2.3.0",
						"@material/rtl": "^0.42.0",
						"@material/shape": "^1.1.1",
						"@material/theme": "^1.1.0",
						"tslib": "^1.9.3"
					}
				},
				"@material/ripple": {
					"version": "2.3.0",
					"resolved": "https://registry.npmjs.org/@material/ripple/-/ripple-2.3.0.tgz",
					"integrity": "sha512-ejXR0nstERofFhssRyFlwOLgebwm2uGbarHtWZ2/+7QY2Th/Z1wOqNb2h/WRoShsJXK11RUsochb6BJrg30u7w==",
					"requires": {
						"@material/animation": "^1.0.0",
						"@material/base": "^1.0.0",
						"@material/dom": "^1.1.0",
						"@material/feature-targeting": "^0.44.1",
						"@material/theme": "^1.1.0",
						"tslib": "^1.9.3"
					}
				},
				"@material/typography": {
					"version": "2.3.0",
					"resolved": "https://registry.npmjs.org/@material/typography/-/typography-2.3.0.tgz",
					"integrity": "sha512-NtWVVvwG9Te6/kuIl4fEwDcXGCS7mfPgo5CKPyxcK6y0hJHv6yRHpipJT9D4ZlXw0sQx9B33doOK7iYJtwBBZw==",
					"requires": {
						"@material/feature-targeting": "^0.44.1"
					}
				}
			}
		},
		"@material/theme": {
			"version": "1.1.0",
			"resolved": "https://registry.npmjs.org/@material/theme/-/theme-1.1.0.tgz",
			"integrity": "sha512-YYUV9Rhbx4r/EMb/zoOYJUWjhXChNaLlH1rqt3vpNVyxRcxGqoVMGp5u1XALBCFiD9dACPKLIkKyRYa928nmPQ==",
			"requires": {
				"@material/feature-targeting": "^0.44.1"
			}
		},
		"@material/typography": {
			"version": "1.0.0",
			"resolved": "https://registry.npmjs.org/@material/typography/-/typography-1.0.0.tgz",
			"integrity": "sha512-Oeqbjci1cC7jTE8/n3dwnkqKe9ZeWiaE+rgMtRYtRFw1HvAw14SpGA5EEAS/Li2Hu2KZ50FYCe3HYqShfxtChA==",
			"requires": {
				"@material/feature-targeting": "^0.44.1"
			}
		},
		"@mcwv/base": {
			"version": "0.7.0",
			"resolved": "https://registry.npmjs.org/@mcwv/base/-/base-0.7.0.tgz",
			"integrity": "sha512-ay1ar3aIV+kdIJERfyoEvHt2qaG2ErGauLlxuN8CLpnbqGjbMgxKMtOMqKGn7GijSgvEU2V6ANNeLv6/g4+3SQ=="
		},
		"@mcwv/floating-label": {
			"version": "0.7.0",
			"resolved": "https://registry.npmjs.org/@mcwv/floating-label/-/floating-label-0.7.0.tgz",
			"integrity": "sha512-VEZ3UqZxOAwqRX16P4EesFFa+Vla/tjEWmPCyEQyjR5Plc2NT95aMslLRgGFykznp8IQBFZSMJjqBabo2DkiTg==",
			"requires": {
				"@material/floating-label": "^1.1.0",
				"@mcwv/base": "^0.7.0"
			}
		},
		"@mcwv/line-ripple": {
			"version": "0.7.0",
			"resolved": "https://registry.npmjs.org/@mcwv/line-ripple/-/line-ripple-0.7.0.tgz",
			"integrity": "sha512-ScAfZhkT6rt5IgBODEpKeWJhNu8OIh0mvKkf218imULbtdsQtc7S4WBSXsId3DIi6ScaavdVGfQWK2ERB6MItw==",
			"requires": {
				"@material/line-ripple": "^1.1.0",
				"@mcwv/base": "^0.7.0"
			}
		},
		"@mcwv/notched-outline": {
			"version": "0.7.0",
			"resolved": "https://registry.npmjs.org/@mcwv/notched-outline/-/notched-outline-0.7.0.tgz",
			"integrity": "sha512-jRBlGBP0iXS2MbEeUvMRHsoh+hujR2n7jMQgr6zrBf1r4TsVzqAyyCrh+rmWIBQkJtRSRVJgUnirKaZQ3utVyA==",
			"requires": {
				"@material/notched-outline": "^1.1.1",
				"@mcwv/base": "^0.7.0",
				"@mcwv/floating-label": "^0.7.0"
			}
		},
		"@mcwv/ripple": {
			"version": "0.7.0",
			"resolved": "https://registry.npmjs.org/@mcwv/ripple/-/ripple-0.7.0.tgz",
			"integrity": "sha512-YCLlRgh/cH/jIacbAmxF/vkq7Yn0Z2GvnDc++t34DJW9c1rIUT1rqyI8bH5jwkwB70vc4I+jsBhvzZ/vjhdv6w==",
			"requires": {
				"@material/ripple": "^2.1.1",
				"@mcwv/base": "^0.7.0"
			}
		},
		"tslib": {
			"version": "1.9.3",
			"resolved": "https://registry.npmjs.org/tslib/-/tslib-1.9.3.tgz",
			"integrity": "sha512-4krF8scpejhaOgqzBEcGM7yDIEfi0/8+8zDRZhNZZ2kjmHJ4hv3zCbQWxoJGz1iw5U0Jl0nma13xzHXcncMavQ=="
		}
	}
}
