{
	"name": "@mcwv/textfield",
	"version": "0.15.0",
	"lockfileVersion": 1,
	"requires": true,
	"dependencies": {
		"@material/animation": {
			"version": "6.0.0",
			"resolved": "https://registry.npmjs.org/@material/animation/-/animation-6.0.0.tgz",
			"integrity": "sha512-BxlzXzQ5W2WtaEVV4/PqkTpKB5PfOUvPmr1EK8+xQ0ouMV4qiWuwBfnu7DgXF+cglpFP3T71uHVYmh6lMdi4vg==",
			"requires": {
				"tslib": "^1.9.3"
			}
		},
		"@material/base": {
			"version": "6.0.0",
			"resolved": "https://registry.npmjs.org/@material/base/-/base-6.0.0.tgz",
			"integrity": "sha512-S3rT7B9xa9IfHXIvYXYqbo6YVu9FWbFqTt1tMUCniizTRlpmHu9b5pmQ20f6mm3K3wAFD+crqsrtie2Y8h8r5g==",
			"requires": {
				"tslib": "^1.9.3"
			}
		},
		"@material/density": {
			"version": "6.0.0",
			"resolved": "https://registry.npmjs.org/@material/density/-/density-6.0.0.tgz",
			"integrity": "sha512-svKiq7XtUg89hf08XGFF46NdiQAZfey5CiatmNxD3WX7LUoCb5zc8K9BqPL63P1Sh6kty9R0AHj+6w4ASFetPA=="
		},
		"@material/dom": {
			"version": "6.0.0",
			"resolved": "https://registry.npmjs.org/@material/dom/-/dom-6.0.0.tgz",
			"integrity": "sha512-9hvoi3MxR25dmyv15xJGRS+Ezlr0oD+Y6k4UyAbLpExFP2OakTZc8Xj0Fd7Nwav3I5aIXyC5jJ2gvhZcy1cI9A==",
			"requires": {
				"@material/feature-targeting": "^6.0.0",
				"tslib": "^1.9.3"
			}
		},
		"@material/feature-targeting": {
			"version": "6.0.0",
			"resolved": "https://registry.npmjs.org/@material/feature-targeting/-/feature-targeting-6.0.0.tgz",
			"integrity": "sha512-REj9VJnqkGwpngffc/iHGPt8WTF27QFPWDD8VBNXaP+MmnpIu7V5q5JMoozKzG5uk+hVryzam1i2PJHztizDXg=="
		},
		"@material/floating-label": {
			"version": "6.0.0",
			"resolved": "https://registry.npmjs.org/@material/floating-label/-/floating-label-6.0.0.tgz",
			"integrity": "sha512-hLCsJKAJtVUUcxTbphqn6JZTbkOa3TW5nLgcwcgWqTbjOWOafppnplKELeM+6oDvwg/YDcGSsvuPUOsCMRiXvw==",
			"requires": {
				"@material/animation": "^6.0.0",
				"@material/base": "^6.0.0",
				"@material/dom": "^6.0.0",
				"@material/feature-targeting": "^6.0.0",
				"@material/rtl": "^6.0.0",
				"@material/theme": "^6.0.0",
				"@material/typography": "^6.0.0",
				"tslib": "^1.9.3"
			}
		},
		"@material/line-ripple": {
			"version": "6.0.0",
			"resolved": "https://registry.npmjs.org/@material/line-ripple/-/line-ripple-6.0.0.tgz",
			"integrity": "sha512-LppQy+bnkAD+tyGOA6/GzE4/xBGRzvJNGJZe0OvClerBxM9yOtxd8Xa8VJ+ul1hTNR/OCB2HSTWNQq5fyqTQHg==",
			"requires": {
				"@material/animation": "^6.0.0",
				"@material/base": "^6.0.0",
				"@material/feature-targeting": "^6.0.0",
				"@material/theme": "^6.0.0",
				"tslib": "^1.9.3"
			}
		},
		"@material/notched-outline": {
			"version": "6.0.0",
			"resolved": "https://registry.npmjs.org/@material/notched-outline/-/notched-outline-6.0.0.tgz",
			"integrity": "sha512-fSn/3rQblUmFny3qeCnWgXkQyV+nfpuXmPhf41cjUlu28TnTKA2YayL+vg8Ebi97l6osAFaT/1dEaebvpwebaQ==",
			"requires": {
				"@material/base": "^6.0.0",
				"@material/feature-targeting": "^6.0.0",
				"@material/floating-label": "^6.0.0",
				"@material/rtl": "^6.0.0",
				"@material/shape": "^6.0.0",
				"@material/theme": "^6.0.0",
				"tslib": "^1.9.3"
			}
		},
		"@material/ripple": {
			"version": "6.0.0",
			"resolved": "https://registry.npmjs.org/@material/ripple/-/ripple-6.0.0.tgz",
			"integrity": "sha512-z+ARpjBVkRZBhiX20aAxAMrgBcfpcCRqIcI/E3Esfyo7M+q/mm8t92ZumcahxWnOBJkHM55kkpUqHlfkYlfyZQ==",
			"requires": {
				"@material/animation": "^6.0.0",
				"@material/base": "^6.0.0",
				"@material/dom": "^6.0.0",
				"@material/feature-targeting": "^6.0.0",
				"@material/theme": "^6.0.0",
				"tslib": "^1.9.3"
			}
		},
		"@material/rtl": {
			"version": "6.0.0",
			"resolved": "https://registry.npmjs.org/@material/rtl/-/rtl-6.0.0.tgz",
			"integrity": "sha512-/WkzlUm3qylWMqv7Lw7ColZ8DYvEvTXtevxxz7PKM1hT9FNlbO1/Qywvda4VUtXivEeynXEqeT1T/ZYHV9yDVw=="
		},
		"@material/shape": {
			"version": "6.0.0",
			"resolved": "https://registry.npmjs.org/@material/shape/-/shape-6.0.0.tgz",
			"integrity": "sha512-tZT9GGWI3QcOtyfJ07Hc3noP2b5Bvx2npx/aj+k7gEIkE06mzr08dVnVOup8z8HbHWIenxRJgdeF5+lAfBE3vw==",
			"requires": {
				"@material/feature-targeting": "^6.0.0",
				"@material/rtl": "^6.0.0"
			}
		},
		"@material/textfield": {
			"version": "6.0.0",
			"resolved": "https://registry.npmjs.org/@material/textfield/-/textfield-6.0.0.tgz",
			"integrity": "sha512-BZAdsVYilstY4rvHxb0n/Vgs4/IcAO7U5dpcLDRWJlvOtbtfxNl4C5HuSaVUz7Mxr7+HhZAZfz3GkC1YY9XeEQ==",
			"requires": {
				"@material/animation": "^6.0.0",
				"@material/base": "^6.0.0",
				"@material/density": "^6.0.0",
				"@material/dom": "^6.0.0",
				"@material/feature-targeting": "^6.0.0",
				"@material/floating-label": "^6.0.0",
				"@material/line-ripple": "^6.0.0",
				"@material/notched-outline": "^6.0.0",
				"@material/ripple": "^6.0.0",
				"@material/rtl": "^6.0.0",
				"@material/shape": "^6.0.0",
				"@material/theme": "^6.0.0",
				"@material/typography": "^6.0.0",
				"tslib": "^1.9.3"
			}
		},
		"@material/theme": {
			"version": "6.0.0",
			"resolved": "https://registry.npmjs.org/@material/theme/-/theme-6.0.0.tgz",
			"integrity": "sha512-dViBx1lsidoQhVi/MYksTmDs8aUPj3mPVQIaBPtDRtqpIuWSwG7bCHoY8rG8FHRduPLpq3b1A4OwKHBd0RWVJw==",
			"requires": {
				"@material/feature-targeting": "^6.0.0"
			}
		},
		"@material/typography": {
			"version": "6.0.0",
			"resolved": "https://registry.npmjs.org/@material/typography/-/typography-6.0.0.tgz",
			"integrity": "sha512-+4UUEYOxINMRUdyAltd1HFydjAy+MeXqUkFUXXNVsi5nFlpGTpMrxriwVaeL++XlGgvziJjDzaOe6S7zkwYxOQ==",
			"requires": {
				"@material/feature-targeting": "^6.0.0",
				"@material/theme": "^6.0.0"
			}
		},
		"@mcwv/base": {
			"version": "0.15.0",
			"resolved": "https://registry.npmjs.org/@mcwv/base/-/base-0.15.0.tgz",
			"integrity": "sha512-MzXT5TMxOYGCIgYGtVE7DANogYab8/aFtqR8uSaeG6ggxc/pJwqrOuqs43gcO5uoHUujOmYdGygK1Q0/yYPKZg=="
		},
		"@mcwv/floating-label": {
			"version": "0.15.0",
			"resolved": "https://registry.npmjs.org/@mcwv/floating-label/-/floating-label-0.15.0.tgz",
			"integrity": "sha512-ZME7mQu0xmz5Kt5VrVae47+s/Il7SmkGGOy4K48/PWSGDabO7RgeJjAl0Gjz7tN7xbsDu5XhwxJWF3QAOcs7vQ==",
			"requires": {
				"@material/floating-label": "^5.1.0",
				"@mcwv/base": "^0.15.0"
			},
			"dependencies": {
				"@material/animation": {
					"version": "5.1.0",
					"resolved": "https://registry.npmjs.org/@material/animation/-/animation-5.1.0.tgz",
					"integrity": "sha512-qZuPCZkTsCQCzx5EtY2eNBcmYOMGMbFVq6VTmvQztDCYDykT8JfP8Hpk55Y5bGORHvBbIasUXzoAhfQs6w/Bdg==",
					"requires": {
						"tslib": "^1.9.3"
					}
				},
				"@material/base": {
					"version": "5.1.0",
					"resolved": "https://registry.npmjs.org/@material/base/-/base-5.1.0.tgz",
					"integrity": "sha512-UxVFKpSNaoKqd7hHxy9hrvwANp0WJy/BZqu8Rj/aRvKnBZnuHehFuOysI9WqdeTqgveJaQoj6EEkVEqLurR5Sg==",
					"requires": {
						"tslib": "^1.9.3"
					}
				},
				"@material/dom": {
					"version": "5.1.0",
					"resolved": "https://registry.npmjs.org/@material/dom/-/dom-5.1.0.tgz",
					"integrity": "sha512-tBbl3hG34Auv+2sboWhtstXeZ9rx3G7hb/jEXs5xZ5KIfZHwY4mbo0KqR/fSJZKaUsvk2Nc/UEOVcUx2mTNmYg==",
					"requires": {
						"tslib": "^1.9.3"
					}
				},
				"@material/feature-targeting": {
					"version": "5.1.0",
					"resolved": "https://registry.npmjs.org/@material/feature-targeting/-/feature-targeting-5.1.0.tgz",
					"integrity": "sha512-z3JNWF7lP9WOzw1xBwul/HAOu4qC6EpK/8MkhjLNI9APvdYML82PWS1V0k0MiqA6Jk6uxm8DiVAk9VUqBa9/YA=="
				},
				"@material/floating-label": {
					"version": "5.1.0",
					"resolved": "https://registry.npmjs.org/@material/floating-label/-/floating-label-5.1.0.tgz",
					"integrity": "sha512-5EwPiBa5A4Q678tNWdkkBGDdSCDzudhVgBtRiA/7xRo4dHXiBxX5bhE+RHrF3ZQyEf6fsShspqwAFkTA1EaplQ==",
					"requires": {
						"@material/animation": "^5.1.0",
						"@material/base": "^5.1.0",
						"@material/dom": "^5.1.0",
						"@material/feature-targeting": "^5.1.0",
						"@material/rtl": "^5.1.0",
						"@material/theme": "^5.1.0",
						"@material/typography": "^5.1.0",
						"tslib": "^1.9.3"
					}
				},
				"@material/rtl": {
					"version": "5.1.0",
					"resolved": "https://registry.npmjs.org/@material/rtl/-/rtl-5.1.0.tgz",
					"integrity": "sha512-Hij4KJIfjK63HArdQ3K1INMo0MbigDgL0JhjO1VDk5c+iYmYpjDI7wgPLmV5ISCBtenXRWpo1xbBO3uEmtCd4Q=="
				},
				"@material/theme": {
					"version": "5.1.0",
					"resolved": "https://registry.npmjs.org/@material/theme/-/theme-5.1.0.tgz",
					"integrity": "sha512-VoaCYAubn/oEG1/fu/yP4nxAw8sLEphFOGGBJxcPGQoLgQ9qcvibsV3G5H9S6AtmhJxgSGU0JnO9TaiuhQq5zA==",
					"requires": {
						"@material/feature-targeting": "^5.1.0"
					}
				},
				"@material/typography": {
					"version": "5.1.0",
					"resolved": "https://registry.npmjs.org/@material/typography/-/typography-5.1.0.tgz",
					"integrity": "sha512-yh02koa6JLyPT5u7Zb31kyqhoZoppL0n9FmZK+eHXZcfeDF7ROL0UmtRsEjQxfnCNZRR+FIhAgrzdYxClwH05g==",
					"requires": {
						"@material/feature-targeting": "^5.1.0",
						"@material/theme": "^5.1.0"
					}
				}
			}
		},
		"@mcwv/line-ripple": {
			"version": "0.15.0",
			"resolved": "https://registry.npmjs.org/@mcwv/line-ripple/-/line-ripple-0.15.0.tgz",
			"integrity": "sha512-QGbbUFhW4/g/hI+u+eKRU1WmKBBI8FRrk25I/UGE1JizogCEQAK575zConQ7YRI6U6y1415yf9tdHXgzkIUh8g==",
			"requires": {
				"@material/line-ripple": "^5.1.0",
				"@mcwv/base": "^0.15.0"
			},
			"dependencies": {
				"@material/animation": {
					"version": "5.1.0",
					"resolved": "https://registry.npmjs.org/@material/animation/-/animation-5.1.0.tgz",
					"integrity": "sha512-qZuPCZkTsCQCzx5EtY2eNBcmYOMGMbFVq6VTmvQztDCYDykT8JfP8Hpk55Y5bGORHvBbIasUXzoAhfQs6w/Bdg==",
					"requires": {
						"tslib": "^1.9.3"
					}
				},
				"@material/base": {
					"version": "5.1.0",
					"resolved": "https://registry.npmjs.org/@material/base/-/base-5.1.0.tgz",
					"integrity": "sha512-UxVFKpSNaoKqd7hHxy9hrvwANp0WJy/BZqu8Rj/aRvKnBZnuHehFuOysI9WqdeTqgveJaQoj6EEkVEqLurR5Sg==",
					"requires": {
						"tslib": "^1.9.3"
					}
				},
				"@material/feature-targeting": {
					"version": "5.1.0",
					"resolved": "https://registry.npmjs.org/@material/feature-targeting/-/feature-targeting-5.1.0.tgz",
					"integrity": "sha512-z3JNWF7lP9WOzw1xBwul/HAOu4qC6EpK/8MkhjLNI9APvdYML82PWS1V0k0MiqA6Jk6uxm8DiVAk9VUqBa9/YA=="
				},
				"@material/line-ripple": {
					"version": "5.1.0",
					"resolved": "https://registry.npmjs.org/@material/line-ripple/-/line-ripple-5.1.0.tgz",
					"integrity": "sha512-esf2/ROZl1eVpyGCWPvxMSGVkuIOG5Fm6qufOLp7XIx5IL1O0bsm+bV6cVC4JCCtmNOag4GOBgkKKbkOvp/R6g==",
					"requires": {
						"@material/animation": "^5.1.0",
						"@material/base": "^5.1.0",
						"@material/feature-targeting": "^5.1.0",
						"@material/theme": "^5.1.0",
						"tslib": "^1.9.3"
					}
				},
				"@material/theme": {
					"version": "5.1.0",
					"resolved": "https://registry.npmjs.org/@material/theme/-/theme-5.1.0.tgz",
					"integrity": "sha512-VoaCYAubn/oEG1/fu/yP4nxAw8sLEphFOGGBJxcPGQoLgQ9qcvibsV3G5H9S6AtmhJxgSGU0JnO9TaiuhQq5zA==",
					"requires": {
						"@material/feature-targeting": "^5.1.0"
					}
				}
			}
		},
		"@mcwv/notched-outline": {
			"version": "0.15.0",
			"resolved": "https://registry.npmjs.org/@mcwv/notched-outline/-/notched-outline-0.15.0.tgz",
			"integrity": "sha512-zj91RouoBaKR7xaWPE+kqHvIlkckeS03roGVkA0jrBXcpd/aLDBMR7jsqpHAmj1FaWBHFH5BQnO+YxMM5EZpAg==",
			"requires": {
				"@material/notched-outline": "^5.1.0",
				"@mcwv/base": "^0.15.0",
				"@mcwv/floating-label": "^0.15.0"
			},
			"dependencies": {
				"@material/animation": {
					"version": "5.1.0",
					"resolved": "https://registry.npmjs.org/@material/animation/-/animation-5.1.0.tgz",
					"integrity": "sha512-qZuPCZkTsCQCzx5EtY2eNBcmYOMGMbFVq6VTmvQztDCYDykT8JfP8Hpk55Y5bGORHvBbIasUXzoAhfQs6w/Bdg==",
					"requires": {
						"tslib": "^1.9.3"
					}
				},
				"@material/base": {
					"version": "5.1.0",
					"resolved": "https://registry.npmjs.org/@material/base/-/base-5.1.0.tgz",
					"integrity": "sha512-UxVFKpSNaoKqd7hHxy9hrvwANp0WJy/BZqu8Rj/aRvKnBZnuHehFuOysI9WqdeTqgveJaQoj6EEkVEqLurR5Sg==",
					"requires": {
						"tslib": "^1.9.3"
					}
				},
				"@material/dom": {
					"version": "5.1.0",
					"resolved": "https://registry.npmjs.org/@material/dom/-/dom-5.1.0.tgz",
					"integrity": "sha512-tBbl3hG34Auv+2sboWhtstXeZ9rx3G7hb/jEXs5xZ5KIfZHwY4mbo0KqR/fSJZKaUsvk2Nc/UEOVcUx2mTNmYg==",
					"requires": {
						"tslib": "^1.9.3"
					}
				},
				"@material/feature-targeting": {
					"version": "5.1.0",
					"resolved": "https://registry.npmjs.org/@material/feature-targeting/-/feature-targeting-5.1.0.tgz",
					"integrity": "sha512-z3JNWF7lP9WOzw1xBwul/HAOu4qC6EpK/8MkhjLNI9APvdYML82PWS1V0k0MiqA6Jk6uxm8DiVAk9VUqBa9/YA=="
				},
				"@material/floating-label": {
					"version": "5.1.0",
					"resolved": "https://registry.npmjs.org/@material/floating-label/-/floating-label-5.1.0.tgz",
					"integrity": "sha512-5EwPiBa5A4Q678tNWdkkBGDdSCDzudhVgBtRiA/7xRo4dHXiBxX5bhE+RHrF3ZQyEf6fsShspqwAFkTA1EaplQ==",
					"requires": {
						"@material/animation": "^5.1.0",
						"@material/base": "^5.1.0",
						"@material/dom": "^5.1.0",
						"@material/feature-targeting": "^5.1.0",
						"@material/rtl": "^5.1.0",
						"@material/theme": "^5.1.0",
						"@material/typography": "^5.1.0",
						"tslib": "^1.9.3"
					}
				},
				"@material/notched-outline": {
					"version": "5.1.0",
					"resolved": "https://registry.npmjs.org/@material/notched-outline/-/notched-outline-5.1.0.tgz",
					"integrity": "sha512-mQ3NjJR1jLXnJi6jhs20ftTf0yU1gWpYlyx1GizU0f7pLEqcIrFnw6G+pavcnKqP+JXNkzAQeGbmZvYBQnxokA==",
					"requires": {
						"@material/base": "^5.1.0",
						"@material/feature-targeting": "^5.1.0",
						"@material/floating-label": "^5.1.0",
						"@material/rtl": "^5.1.0",
						"@material/shape": "^5.1.0",
						"@material/theme": "^5.1.0",
						"tslib": "^1.9.3"
					}
				},
				"@material/rtl": {
					"version": "5.1.0",
					"resolved": "https://registry.npmjs.org/@material/rtl/-/rtl-5.1.0.tgz",
					"integrity": "sha512-Hij4KJIfjK63HArdQ3K1INMo0MbigDgL0JhjO1VDk5c+iYmYpjDI7wgPLmV5ISCBtenXRWpo1xbBO3uEmtCd4Q=="
				},
				"@material/shape": {
					"version": "5.1.0",
					"resolved": "https://registry.npmjs.org/@material/shape/-/shape-5.1.0.tgz",
					"integrity": "sha512-/k27T9fhQ1zj7VCsS26nv0TzsOi142ncik2mycEXq8753PDBotob7Y19pbwivwt9QxkglhMGH0EaWdZPzBoQXw==",
					"requires": {
						"@material/feature-targeting": "^5.1.0",
						"@material/rtl": "^5.1.0"
					}
				},
				"@material/theme": {
					"version": "5.1.0",
					"resolved": "https://registry.npmjs.org/@material/theme/-/theme-5.1.0.tgz",
					"integrity": "sha512-VoaCYAubn/oEG1/fu/yP4nxAw8sLEphFOGGBJxcPGQoLgQ9qcvibsV3G5H9S6AtmhJxgSGU0JnO9TaiuhQq5zA==",
					"requires": {
						"@material/feature-targeting": "^5.1.0"
					}
				},
				"@material/typography": {
					"version": "5.1.0",
					"resolved": "https://registry.npmjs.org/@material/typography/-/typography-5.1.0.tgz",
					"integrity": "sha512-yh02koa6JLyPT5u7Zb31kyqhoZoppL0n9FmZK+eHXZcfeDF7ROL0UmtRsEjQxfnCNZRR+FIhAgrzdYxClwH05g==",
					"requires": {
						"@material/feature-targeting": "^5.1.0",
						"@material/theme": "^5.1.0"
					}
				}
			}
		},
		"@mcwv/ripple": {
			"version": "0.15.0",
			"resolved": "https://registry.npmjs.org/@mcwv/ripple/-/ripple-0.15.0.tgz",
			"integrity": "sha512-6mfqDMArIIGbKS2zjuhfnjmLou26iK1EjXQ7V52InzhNSUKoEqSB/r2N0SZ04R0adecRWMJ7cP+1U3Zy1mzrgQ==",
			"requires": {
				"@material/dom": "^5.1.0",
				"@material/ripple": "^5.1.0",
				"@mcwv/base": "^0.15.0"
			},
			"dependencies": {
				"@material/animation": {
					"version": "5.1.0",
					"resolved": "https://registry.npmjs.org/@material/animation/-/animation-5.1.0.tgz",
					"integrity": "sha512-qZuPCZkTsCQCzx5EtY2eNBcmYOMGMbFVq6VTmvQztDCYDykT8JfP8Hpk55Y5bGORHvBbIasUXzoAhfQs6w/Bdg==",
					"requires": {
						"tslib": "^1.9.3"
					}
				},
				"@material/base": {
					"version": "5.1.0",
					"resolved": "https://registry.npmjs.org/@material/base/-/base-5.1.0.tgz",
					"integrity": "sha512-UxVFKpSNaoKqd7hHxy9hrvwANp0WJy/BZqu8Rj/aRvKnBZnuHehFuOysI9WqdeTqgveJaQoj6EEkVEqLurR5Sg==",
					"requires": {
						"tslib": "^1.9.3"
					}
				},
				"@material/dom": {
					"version": "5.1.0",
					"resolved": "https://registry.npmjs.org/@material/dom/-/dom-5.1.0.tgz",
					"integrity": "sha512-tBbl3hG34Auv+2sboWhtstXeZ9rx3G7hb/jEXs5xZ5KIfZHwY4mbo0KqR/fSJZKaUsvk2Nc/UEOVcUx2mTNmYg==",
					"requires": {
						"tslib": "^1.9.3"
					}
				},
				"@material/feature-targeting": {
					"version": "5.1.0",
					"resolved": "https://registry.npmjs.org/@material/feature-targeting/-/feature-targeting-5.1.0.tgz",
					"integrity": "sha512-z3JNWF7lP9WOzw1xBwul/HAOu4qC6EpK/8MkhjLNI9APvdYML82PWS1V0k0MiqA6Jk6uxm8DiVAk9VUqBa9/YA=="
				},
				"@material/ripple": {
					"version": "5.1.0",
					"resolved": "https://registry.npmjs.org/@material/ripple/-/ripple-5.1.0.tgz",
					"integrity": "sha512-mluIf+HaaCplszp9/MAl178FpfIJWi5hSyQOpF7w8RTzRSaH8J0uwgmn8VeNnwe1TAWio0vQzHrz4iEg2r7Ngw==",
					"requires": {
						"@material/animation": "^5.1.0",
						"@material/base": "^5.1.0",
						"@material/dom": "^5.1.0",
						"@material/feature-targeting": "^5.1.0",
						"@material/theme": "^5.1.0",
						"tslib": "^1.9.3"
					}
				},
				"@material/theme": {
					"version": "5.1.0",
					"resolved": "https://registry.npmjs.org/@material/theme/-/theme-5.1.0.tgz",
					"integrity": "sha512-VoaCYAubn/oEG1/fu/yP4nxAw8sLEphFOGGBJxcPGQoLgQ9qcvibsV3G5H9S6AtmhJxgSGU0JnO9TaiuhQq5zA==",
					"requires": {
						"@material/feature-targeting": "^5.1.0"
					}
				}
			}
		},
		"tslib": {
			"version": "1.11.1",
			"resolved": "https://registry.npmjs.org/tslib/-/tslib-1.11.1.tgz",
			"integrity": "sha512-aZW88SY8kQbU7gpV19lN24LtXh/yD4ZZg6qieAJDDg+YBsJcSmLGK9QpnUjAKVG/xefmvJGd1WUmfpT/g6AJGA=="
		}
	}
}
