{
	"name": "@mcwv/menu",
	"version": "0.14.0",
	"lockfileVersion": 1,
	"requires": true,
	"dependencies": {
		"@material/animation": {
			"version": "5.0.0",
			"resolved": "https://registry.npmjs.org/@material/animation/-/animation-5.0.0.tgz",
			"integrity": "sha512-z/l0i8eElEj9FJ/2UVqgSmwhvfbu+im64lDi3M5Giu3mhGAkN1A0galOTmckP9VudAvY75PUDFDCGealy3U7DQ==",
			"requires": {
				"tslib": "^1.9.3"
			}
		},
		"@material/base": {
			"version": "5.0.0",
			"resolved": "https://registry.npmjs.org/@material/base/-/base-5.0.0.tgz",
			"integrity": "sha512-1GO2xEBwpAZtXh5BhCIKsYSmpCbh2RZ7YEF3mD/2cPkoveqvlpwiqzLT9iiTtHawj2dbVp0IlAxkLQxgdwSMFQ==",
			"requires": {
				"tslib": "^1.9.3"
			}
		},
		"@material/density": {
			"version": "5.0.0",
			"resolved": "https://registry.npmjs.org/@material/density/-/density-5.0.0.tgz",
			"integrity": "sha512-K2TnVrSjS7muxcy3gxKsYsCFlZI3qGbG39jPziqHUcnJKCpilspBHRiUvRDyLeUPO/0KbWHJmVjdVsQbgY61hg=="
		},
		"@material/dom": {
			"version": "5.0.0",
			"resolved": "https://registry.npmjs.org/@material/dom/-/dom-5.0.0.tgz",
			"integrity": "sha512-Mhpt3Ib5l5pYEUjmKQ/sXIcdVdJPhM+uhcqbXha4UgXmD+qc/GrmnDE9GDTQq/WJ3nBjs9O4nIFuqwQTmUQjmQ==",
			"requires": {
				"tslib": "^1.9.3"
			}
		},
		"@material/elevation": {
			"version": "5.0.0",
			"resolved": "https://registry.npmjs.org/@material/elevation/-/elevation-5.0.0.tgz",
			"integrity": "sha512-56TEn4L4mku8LN408PJfYpSW22RfyrtZbGwJDVXX+HXKg5Ubm7Y01E9xn+XXQHgSgJqww6IumGOncMwtsJ+MuA==",
			"requires": {
				"@material/animation": "^5.0.0",
				"@material/base": "^5.0.0",
				"@material/feature-targeting": "^5.0.0",
				"@material/theme": "^5.0.0"
			}
		},
		"@material/feature-targeting": {
			"version": "5.0.0",
			"resolved": "https://registry.npmjs.org/@material/feature-targeting/-/feature-targeting-5.0.0.tgz",
			"integrity": "sha512-6XSuTdrjA7XNqEChpDI4+9aSNzoxvuaTFIAMykH7B9wpykvlINI972m9keVF5GW2+pIGmSIAtwv9z5L+sjnS1g=="
		},
		"@material/list": {
			"version": "5.0.0",
			"resolved": "https://registry.npmjs.org/@material/list/-/list-5.0.0.tgz",
			"integrity": "sha512-LYNBuaRG1tfMRY2D0uu/rVLGhyXFRvSgpit5VZQPdHJzwk0Vu9CactYN/N26eS4TlHgCmJf3Jztt22TvWmab1g==",
			"requires": {
				"@material/base": "^5.0.0",
				"@material/density": "^5.0.0",
				"@material/dom": "^5.0.0",
				"@material/feature-targeting": "^5.0.0",
				"@material/ripple": "^5.0.0",
				"@material/rtl": "^5.0.0",
				"@material/shape": "^5.0.0",
				"@material/theme": "^5.0.0",
				"@material/typography": "^5.0.0",
				"tslib": "^1.9.3"
			}
		},
		"@material/menu": {
			"version": "5.0.0",
			"resolved": "https://registry.npmjs.org/@material/menu/-/menu-5.0.0.tgz",
			"integrity": "sha512-6P9Pw8VY3753AmoX74cx04XIldD04MD1dUO9LQd5uTSw1y7SxcF71Ajmo9iedZiJA4VglYhqror2HTOwYq4fIg==",
			"requires": {
				"@material/base": "^5.0.0",
				"@material/dom": "^5.0.0",
				"@material/elevation": "^5.0.0",
				"@material/feature-targeting": "^5.0.0",
				"@material/list": "^5.0.0",
				"@material/menu-surface": "^5.0.0",
				"@material/ripple": "^5.0.0",
				"@material/rtl": "^5.0.0",
				"@material/theme": "^5.0.0",
				"tslib": "^1.9.3"
			}
		},
		"@material/menu-surface": {
			"version": "5.0.0",
			"resolved": "https://registry.npmjs.org/@material/menu-surface/-/menu-surface-5.0.0.tgz",
			"integrity": "sha512-STS6nug41vpD4hG385FuGP0VWygTKlEUZyjGx5rdX02OC8sdVvROoNzSk6EzURVZA/Dxl86uqQcumryveUxhwQ==",
			"requires": {
				"@material/animation": "^5.0.0",
				"@material/base": "^5.0.0",
				"@material/elevation": "^5.0.0",
				"@material/feature-targeting": "^5.0.0",
				"@material/rtl": "^5.0.0",
				"@material/shape": "^5.0.0",
				"@material/theme": "^5.0.0",
				"tslib": "^1.9.3"
			}
		},
		"@material/ripple": {
			"version": "5.0.0",
			"resolved": "https://registry.npmjs.org/@material/ripple/-/ripple-5.0.0.tgz",
			"integrity": "sha512-92kMA2FeXm/bX0vY/SH3DLtE88ARelxtjqZq01whzsqo3ngEiZDUqr0+tJ1WvsXSiJ50VI5mtz3wxjnd0hzhwA==",
			"requires": {
				"@material/animation": "^5.0.0",
				"@material/base": "^5.0.0",
				"@material/dom": "^5.0.0",
				"@material/feature-targeting": "^5.0.0",
				"@material/theme": "^5.0.0",
				"tslib": "^1.9.3"
			}
		},
		"@material/rtl": {
			"version": "5.0.0",
			"resolved": "https://registry.npmjs.org/@material/rtl/-/rtl-5.0.0.tgz",
			"integrity": "sha512-TyZWiQc7wNWWCSl56rGSbkzxXGYq76gjtDA95P6SgEGxge6Pqe1d1o5Dl2dRaszESGGGSC/XTuMZaAYu7fk4Eg=="
		},
		"@material/shape": {
			"version": "5.0.0",
			"resolved": "https://registry.npmjs.org/@material/shape/-/shape-5.0.0.tgz",
			"integrity": "sha512-Qo3nzYfPtEBiU3ijseRDypbhMQroxws4OxwKiyyTeu8K/z1iGPNH2323S/LSmyUuLtkhLFvwAQM2N4ZPAxofRw==",
			"requires": {
				"@material/feature-targeting": "^5.0.0",
				"@material/rtl": "^5.0.0"
			}
		},
		"@material/theme": {
			"version": "5.0.0",
			"resolved": "https://registry.npmjs.org/@material/theme/-/theme-5.0.0.tgz",
			"integrity": "sha512-YBHxiAvT2ACIQ2VM6zeZ4mhq+lgYFAxB0CUX54o7/mqO4E/uZzyzPsyU85KtCeNuEJCP+a0cxN/aqIgLF9/BRA==",
			"requires": {
				"@material/feature-targeting": "^5.0.0"
			}
		},
		"@material/typography": {
			"version": "5.0.0",
			"resolved": "https://registry.npmjs.org/@material/typography/-/typography-5.0.0.tgz",
			"integrity": "sha512-8lBDc8LNjhN5NwRIpOHUNpNhMtWXYThb8FS8z477Omv1i2EbMeGWxg+nXHLFIQM4daym2qeeRc2YlfMVkBdd1w==",
			"requires": {
				"@material/feature-targeting": "^5.0.0"
			}
		},
		"@mcwv/base": {
			"version": "0.14.0",
			"resolved": "https://registry.npmjs.org/@mcwv/base/-/base-0.14.0.tgz",
			"integrity": "sha512-arUFpPlbRrmO/TDAA4FZK8CiyuSatGUWJj9ObnFFGBdtCNUQOZmQ/UYhTnaddjD+mT4MRWHAI0ldPLTXEnAdbw=="
		},
		"@mcwv/list": {
			"version": "0.14.0",
			"resolved": "https://registry.npmjs.org/@mcwv/list/-/list-0.14.0.tgz",
			"integrity": "sha512-bbwmTSHOou7VFBdN7yDLiP9dCfSSxwj5PmHubQWWPXWDNnqBI2J8AIDoet7CgV4LmwCPI9XwOwiGHhDqnkpSxg==",
			"requires": {
				"@material/list": "^4.0.0",
				"@mcwv/base": "^0.14.0",
				"@mcwv/ripple": "^0.14.0"
			},
			"dependencies": {
				"@material/animation": {
					"version": "4.0.0",
					"resolved": "https://registry.npmjs.org/@material/animation/-/animation-4.0.0.tgz",
					"integrity": "sha512-IfzXzstWdtKQcsNWu+s2Hpz5dBwkTHtgtzoesr+FC7TqENH+SJdsF1ntnZI1XVi2C9ZlBf7f4BSmXpWHD0MIlw==",
					"requires": {
						"tslib": "^1.9.3"
					}
				},
				"@material/base": {
					"version": "4.0.0",
					"resolved": "https://registry.npmjs.org/@material/base/-/base-4.0.0.tgz",
					"integrity": "sha512-vHm7fkqXzjdfxifXvlmaZColoIfKuWmO+1rvdzDORTWP+A8Dq70cgKd2I1SBqxzDGjOasMzHbQI6f9MISQf2vQ==",
					"requires": {
						"tslib": "^1.9.3"
					}
				},
				"@material/density": {
					"version": "4.0.0",
					"resolved": "https://registry.npmjs.org/@material/density/-/density-4.0.0.tgz",
					"integrity": "sha512-PuOCPCXlWjimTq+OuCS8biAb1JE9aXCZwT1dRG9REAIAK7bN8KeeTzkeJp6jTj+ggZjWphwKF0lKeX6Gv+e/lw=="
				},
				"@material/dom": {
					"version": "4.0.0",
					"resolved": "https://registry.npmjs.org/@material/dom/-/dom-4.0.0.tgz",
					"integrity": "sha512-GRCJT9+PGWqygZwGf1XLTrbmzP35YWG7+T0hpfhoIJO8VDiMTeyfvhJXFuA2wh9pD0noEjte0lmbdBlykrbWZw==",
					"requires": {
						"tslib": "^1.9.3"
					}
				},
				"@material/feature-targeting": {
					"version": "4.0.0",
					"resolved": "https://registry.npmjs.org/@material/feature-targeting/-/feature-targeting-4.0.0.tgz",
					"integrity": "sha512-0gk+f151vqmEdWkrQ9ocPlQRU9aUtSGsVBhletqIbsthLUsZIz9qk25FHjV1wHd/bGHknd9NH+T8ENprv3KLFg=="
				},
				"@material/list": {
					"version": "4.0.0",
					"resolved": "https://registry.npmjs.org/@material/list/-/list-4.0.0.tgz",
					"integrity": "sha512-ximtqMQzi+bnnFy1jrdzMUH7jq169XVexCykumxoLI1PbVx4imQ0G3R6LIfJiafbxbBYawfwySZfMXTJkDML7g==",
					"requires": {
						"@material/base": "^4.0.0",
						"@material/density": "^4.0.0",
						"@material/dom": "^4.0.0",
						"@material/feature-targeting": "^4.0.0",
						"@material/ripple": "^4.0.0",
						"@material/rtl": "^4.0.0",
						"@material/shape": "^4.0.0",
						"@material/theme": "^4.0.0",
						"@material/typography": "^4.0.0",
						"tslib": "^1.9.3"
					}
				},
				"@material/ripple": {
					"version": "4.0.0",
					"resolved": "https://registry.npmjs.org/@material/ripple/-/ripple-4.0.0.tgz",
					"integrity": "sha512-9BLIOvyCP5sM+fQpLlcJZWyrHguusJq8E5A1pxg0wQwputOyaPBM7recHhYkJmVjzRpTcPgf1PkvkpN6DKGcNg==",
					"requires": {
						"@material/animation": "^4.0.0",
						"@material/base": "^4.0.0",
						"@material/dom": "^4.0.0",
						"@material/feature-targeting": "^4.0.0",
						"@material/theme": "^4.0.0",
						"tslib": "^1.9.3"
					}
				},
				"@material/rtl": {
					"version": "4.0.0",
					"resolved": "https://registry.npmjs.org/@material/rtl/-/rtl-4.0.0.tgz",
					"integrity": "sha512-AP8zByVDEWAJVJoxByVccUbH+BX24IeG7ol+L6Qd8JjzPpz1fzPVJ4BeDNaF0a6sXtHsRmj2zN5dsx/BGC3IHg=="
				},
				"@material/shape": {
					"version": "4.0.0",
					"resolved": "https://registry.npmjs.org/@material/shape/-/shape-4.0.0.tgz",
					"integrity": "sha512-wmr05YBrEL462QPiJ+t9xh5RqxzylXYo/8DVZnb/1WA9GZ6m38UK/8Awtip1cZAN34pzD/9p5AydyywlQVoI+g==",
					"requires": {
						"@material/feature-targeting": "^4.0.0"
					}
				},
				"@material/theme": {
					"version": "4.0.0",
					"resolved": "https://registry.npmjs.org/@material/theme/-/theme-4.0.0.tgz",
					"integrity": "sha512-vS4G4rusJTatTH50kSYO1U3UGN8EY9kGRvPaFsEFKikJBOqcR6KWK9H9/wCLqqd6nDNifEj9H2sdWw1AV4NA6Q==",
					"requires": {
						"@material/feature-targeting": "^4.0.0"
					}
				},
				"@material/typography": {
					"version": "4.0.0",
					"resolved": "https://registry.npmjs.org/@material/typography/-/typography-4.0.0.tgz",
					"integrity": "sha512-lUG4yjG9fl1ryNX4OVnOmi+EjhiV4WsWcYt4yzffHrFg1RfKuCAV59j7TtmlMfZIkNDwqK5jvk3oOpTRDFpL8Q==",
					"requires": {
						"@material/feature-targeting": "^4.0.0"
					}
				}
			}
		},
		"@mcwv/ripple": {
			"version": "0.14.0",
			"resolved": "https://registry.npmjs.org/@mcwv/ripple/-/ripple-0.14.0.tgz",
			"integrity": "sha512-OfsR1u90wyCYfeAZYQULBL/fRt02nw/+KNiIXGo1u2603ApZqaZHhvYh/6sdbi4eTu8Epo9uB5PpapOuh37/tQ==",
			"requires": {
				"@material/dom": "^4.0.0",
				"@material/ripple": "^4.0.0",
				"@mcwv/base": "^0.14.0"
			},
			"dependencies": {
				"@material/animation": {
					"version": "4.0.0",
					"resolved": "https://registry.npmjs.org/@material/animation/-/animation-4.0.0.tgz",
					"integrity": "sha512-IfzXzstWdtKQcsNWu+s2Hpz5dBwkTHtgtzoesr+FC7TqENH+SJdsF1ntnZI1XVi2C9ZlBf7f4BSmXpWHD0MIlw==",
					"requires": {
						"tslib": "^1.9.3"
					}
				},
				"@material/base": {
					"version": "4.0.0",
					"resolved": "https://registry.npmjs.org/@material/base/-/base-4.0.0.tgz",
					"integrity": "sha512-vHm7fkqXzjdfxifXvlmaZColoIfKuWmO+1rvdzDORTWP+A8Dq70cgKd2I1SBqxzDGjOasMzHbQI6f9MISQf2vQ==",
					"requires": {
						"tslib": "^1.9.3"
					}
				},
				"@material/dom": {
					"version": "4.0.0",
					"resolved": "https://registry.npmjs.org/@material/dom/-/dom-4.0.0.tgz",
					"integrity": "sha512-GRCJT9+PGWqygZwGf1XLTrbmzP35YWG7+T0hpfhoIJO8VDiMTeyfvhJXFuA2wh9pD0noEjte0lmbdBlykrbWZw==",
					"requires": {
						"tslib": "^1.9.3"
					}
				},
				"@material/feature-targeting": {
					"version": "4.0.0",
					"resolved": "https://registry.npmjs.org/@material/feature-targeting/-/feature-targeting-4.0.0.tgz",
					"integrity": "sha512-0gk+f151vqmEdWkrQ9ocPlQRU9aUtSGsVBhletqIbsthLUsZIz9qk25FHjV1wHd/bGHknd9NH+T8ENprv3KLFg=="
				},
				"@material/ripple": {
					"version": "4.0.0",
					"resolved": "https://registry.npmjs.org/@material/ripple/-/ripple-4.0.0.tgz",
					"integrity": "sha512-9BLIOvyCP5sM+fQpLlcJZWyrHguusJq8E5A1pxg0wQwputOyaPBM7recHhYkJmVjzRpTcPgf1PkvkpN6DKGcNg==",
					"requires": {
						"@material/animation": "^4.0.0",
						"@material/base": "^4.0.0",
						"@material/dom": "^4.0.0",
						"@material/feature-targeting": "^4.0.0",
						"@material/theme": "^4.0.0",
						"tslib": "^1.9.3"
					}
				},
				"@material/theme": {
					"version": "4.0.0",
					"resolved": "https://registry.npmjs.org/@material/theme/-/theme-4.0.0.tgz",
					"integrity": "sha512-vS4G4rusJTatTH50kSYO1U3UGN8EY9kGRvPaFsEFKikJBOqcR6KWK9H9/wCLqqd6nDNifEj9H2sdWw1AV4NA6Q==",
					"requires": {
						"@material/feature-targeting": "^4.0.0"
					}
				}
			}
		},
		"tslib": {
			"version": "1.10.0",
			"resolved": "https://registry.npmjs.org/tslib/-/tslib-1.10.0.tgz",
			"integrity": "sha512-qOebF53frne81cf0S9B41ByenJ3/IuH8yJKngAX35CmiZySA0khhkovshKK+jGCaMnVomla7gVlIcc3EvKPbTQ=="
		}
	}
}
